<?xml version="1.0" encoding="UTF-8"?>
<Scheme
   LastUpgradeVersion = "2600"
   version = "1.7">
   <BuildAction
      parallelizeBuildables = "YES"
      buildImplicitDependencies = "YES"
      buildArchitectures = "Automatic">
      <BuildActionEntries>
         <BuildActionEntry
            buildForTesting = "YES"
            buildForRunning = "YES"
            buildForProfiling = "YES"
            buildForArchiving = "YES"
            buildForAnalyzing = "YES">
            <BuildableReference
               BuildableIdentifier = "primary"
               BlueprintIdentifier = "F5A13C4A2E890146002C0F7A"
               BuildableName = "Molten.app"
               BlueprintName = "Molten"
               ReferencedContainer = "container:Molten.xcodeproj">
            </BuildableReference>
         </BuildActionEntry>
      </BuildActionEntries>
   </BuildAction>
   <TestAction
      buildConfiguration = "Debug"
      selectedDebuggerIdentifier = "Xcode.DebuggerFoundation.Debugger.LLDB"
      selectedLauncherIdentifier = "Xcode.DebuggerFoundation.Launcher.LLDB"
      shouldUseLaunchSchemeArgsEnv = "YES">
      <TestPlans>
         <TestPlanReference
            reference = "container:Flameworker.xctestplan">
         </TestPlanReference>
         <TestPlanReference
            reference = "container:UnitTestsOnly.xctestplan"
            default = "YES">
         </TestPlanReference>
         <TestPlanReference
            reference = "container:UITests.xctestplan">
         </TestPlanReference>
         <TestPlanReference
            reference = "container:RepositoryTests.xctestplan">
         </TestPlanReference>
         <TestPlanReference
            reference = "container:AppTests.xctestplan">
         </TestPlanReference>
      </TestPlans>
      <Testables>
         <TestableReference
            skipped = "NO"
            parallelizable = "YES">
            <BuildableReference
               BuildableIdentifier = "primary"
               BlueprintIdentifier = "F55B2F442E8F335D00C8059F"
               BuildableName = "MoltenTests.xctest"
               BlueprintName = "MoltenTests"
               ReferencedContainer = "container:Molten.xcodeproj">
            </BuildableReference>
         </TestableReference>
         <TestableReference
            skipped = "NO"
            parallelizable = "YES">
            <BuildableReference
               BuildableIdentifier = "primary"
               BlueprintIdentifier = "F551A4262E9DAA1A00C9C2F1"
               BuildableName = "MoltenUITests.xctest"
               BlueprintName = "MoltenUITests"
               ReferencedContainer = "container:Molten.xcodeproj">
            </BuildableReference>
         </TestableReference>
         <TestableReference
            skipped = "NO"
            parallelizable = "YES">
            <BuildableReference
               BuildableIdentifier = "primary"
               BlueprintIdentifier = "F5D3D6362E9DCB0100DAA195"
               BuildableName = "PerformanceTests.xctest"
               BlueprintName = "PerformanceTests"
               ReferencedContainer = "container:Molten.xcodeproj">
            </BuildableReference>
         </TestableReference>
         <TestableReference
            skipped = "NO"
            parallelizable = "YES">
            <BuildableReference
               BuildableIdentifier = "primary"
               BlueprintIdentifier = "F5FACB0A2EA0B4830084A6D0"
               BuildableName = "RepositoryTests.xctest"
               BlueprintName = "RepositoryTests"
               ReferencedContainer = "container:Molten.xcodeproj">
            </BuildableReference>
         </TestableReference>
         <TestableReference
            skipped = "NO"
            parallelizable = "YES">
            <BuildableReference
               BuildableIdentifier = "primary"
               BlueprintIdentifier = "F53C0BB02EA7FB020020E1AB"
               BuildableName = "ScreenshotAutomation.xctest"
               BlueprintName = "ScreenshotAutomation"
               ReferencedContainer = "container:Molten.xcodeproj">
            </BuildableReference>
         </TestableReference>
      </Testables>
   </TestAction>
   <LaunchAction
      buildConfiguration = "Debug"
      selectedDebuggerIdentifier = "Xcode.DebuggerFoundation.Debugger.LLDB"
      selectedLauncherIdentifier = "Xcode.DebuggerFoundation.Launcher.LLDB"
      launchStyle = "0"
      useCustomWorkingDirectory = "NO"
      ignoresPersistentStateOnLaunch = "NO"
      debugDocumentVersioning = "YES"
      debugServiceExtension = "internal"
      allowLocationSimulation = "YES">
      <BuildableProductRunnable
         runnableDebuggingMode = "0">
         <BuildableReference
            BuildableIdentifier = "primary"
            BlueprintIdentifier = "F5A13C4A2E890146002C0F7A"
            BuildableName = "Molten.app"
            BlueprintName = "Molten"
            ReferencedContainer = "container:Molten.xcodeproj">
         </BuildableReference>
      </BuildableProductRunnable>
   </LaunchAction>
   <ProfileAction
      buildConfiguration = "Release"
      shouldUseLaunchSchemeArgsEnv = "YES"
      savedToolIdentifier = ""
      useCustomWorkingDirectory = "NO"
      debugDocumentVersioning = "YES">
      <BuildableProductRunnable
         runnableDebuggingMode = "0">
         <BuildableReference
            BuildableIdentifier = "primary"
            BlueprintIdentifier = "F5A13C4A2E890146002C0F7A"
            BuildableName = "Molten.app"
            BlueprintName = "Molten"
            ReferencedContainer = "container:Molten.xcodeproj">
         </BuildableReference>
      </BuildableProductRunnable>
   </ProfileAction>
   <AnalyzeAction
      buildConfiguration = "Debug">
   </AnalyzeAction>
   <ArchiveAction
      buildConfiguration = "Release"
      revealArchiveInOrganizer = "YES">
   </ArchiveAction>
</Scheme>
