// !$*UTF8*$!
{
	archiveVersion = 1;
	classes = {
	};
	objectVersion = 77;
	objects = {

/* Begin PBXBuildFile section */
		F50466F82EA4333C00375368 /* DESIGN_PROJECT_ENTITIES.md in Resources */ = {isa = PBXBuildFile; fileRef = F50466F72EA4333C00375368 /* DESIGN_PROJECT_ENTITIES.md */; };
		F53C0BD32EA81F980020E1AB /* Screenshots.xctestplan in Resources */ = {isa = PBXBuildFile; fileRef = F53C0BD22EA81F980020E1AB /* Screenshots.xctestplan */; };
		F5D3D6A82E9DCDE600DAA195 /* UnitTestsOnly.xctestplan in Resources */ = {isa = PBXBuildFile; fileRef = F5D3D6A72E9DCDE600DAA195 /* UnitTestsOnly.xctestplan */; };
		F5D3D6CD2E9DE21600DAA195 /* UITests.xctestplan in Resources */ = {isa = PBXBuildFile; fileRef = F5D3D6CC2E9DE21600DAA195 /* UITests.xctestplan */; };
		F5D3E3522E9EAB2000DAA195 /* core-data-verification.md in Resources */ = {isa = PBXBuildFile; fileRef = F5D3E3512E9EAB2000DAA195 /* core-data-verification.md */; };
		F5EA2FB92E9F4ACA00DB21AD /* AppTests.xctestplan in Resources */ = {isa = PBXBuildFile; fileRef = F5EA291C2E9F4ACA00DB21AD /* AppTests.xctestplan */; };
		F5EA3BDB2E9FF29700DB21AD /* DELETED_TESTS.md in Resources */ = {isa = PBXBuildFile; fileRef = F5EA3BDA2E9FF29700DB21AD /* DELETED_TESTS.md */; };
		F5FACAF92EA0AE170084A6D0 /* TEST_FIXES_SUMMARY.md in Resources */ = {isa = PBXBuildFile; fileRef = F5FACAF82EA0AE170084A6D0 /* TEST_FIXES_SUMMARY.md */; };
		F5FACB432EA0BE410084A6D0 /* MockRepositoryDebugTest.swift in Sources */ = {isa = PBXBuildFile; fileRef = F5FACB412EA0BE1E0084A6D0 /* MockRepositoryDebugTest.swift */; };
/* End PBXBuildFile section */

/* Begin PBXContainerItemProxy section */
		F53C0BB72EA7FB020020E1AB /* PBXContainerItemProxy */ = {
			isa = PBXContainerItemProxy;
			containerPortal = F5A13C432E890146002C0F7A /* Project object */;
			proxyType = 1;
			remoteGlobalIDString = F5A13C4A2E890146002C0F7A;
			remoteInfo = Molten;
		};
		F551A42D2E9DAA1A00C9C2F1 /* PBXContainerItemProxy */ = {
			isa = PBXContainerItemProxy;
			containerPortal = F5A13C432E890146002C0F7A /* Project object */;
			proxyType = 1;
			remoteGlobalIDString = F5A13C4A2E890146002C0F7A;
			remoteInfo = Flameworker;
		};
		F55B2F492E8F335D00C8059F /* PBXContainerItemProxy */ = {
			isa = PBXContainerItemProxy;
			containerPortal = F5A13C432E890146002C0F7A /* Project object */;
			proxyType = 1;
			remoteGlobalIDString = F5A13C4A2E890146002C0F7A;
			remoteInfo = Flameworker;
		};
		F5D3D63B2E9DCB0100DAA195 /* PBXContainerItemProxy */ = {
			isa = PBXContainerItemProxy;
			containerPortal = F5A13C432E890146002C0F7A /* Project object */;
			proxyType = 1;
			remoteGlobalIDString = F5A13C4A2E890146002C0F7A;
			remoteInfo = Flameworker;
		};
		F5FACB0F2EA0B4830084A6D0 /* PBXContainerItemProxy */ = {
			isa = PBXContainerItemProxy;
			containerPortal = F5A13C432E890146002C0F7A /* Project object */;
			proxyType = 1;
			remoteGlobalIDString = F5A13C4A2E890146002C0F7A;
			remoteInfo = Flameworker;
		};
/* End PBXContainerItemProxy section */

/* Begin PBXFileReference section */
		F5044B4C2EA1A47E00375368 /* AppTests.xctestplan */ = {isa = PBXFileReference; lastKnownFileType = text; path = AppTests.xctestplan; sourceTree = "<group>"; };
		F50466F72EA4333C00375368 /* DESIGN_PROJECT_ENTITIES.md */ = {isa = PBXFileReference; lastKnownFileType = net.daringfireball.markdown; path = DESIGN_PROJECT_ENTITIES.md; sourceTree = "<group>"; };
		F50904ED2E8B5D30003C65AB /* Testing.framework */ = {isa = PBXFileReference; lastKnownFileType = wrapper.framework; name = Testing.framework; path = Platforms/MacOSX.platform/Developer/Library/Frameworks/Testing.framework; sourceTree = DEVELOPER_DIR; };
		F53C0BB12EA7FB020020E1AB /* ScreenshotAutomation.xctest */ = {isa = PBXFileReference; explicitFileType = wrapper.cfbundle; includeInIndex = 0; path = ScreenshotAutomation.xctest; sourceTree = BUILT_PRODUCTS_DIR; };
		F53C0BD22EA81F980020E1AB /* Screenshots.xctestplan */ = {isa = PBXFileReference; lastKnownFileType = text; path = Screenshots.xctestplan; sourceTree = "<group>"; };
		F551A4272E9DAA1A00C9C2F1 /* MoltenUITests.xctest */ = {isa = PBXFileReference; explicitFileType = wrapper.cfbundle; includeInIndex = 0; path = MoltenUITests.xctest; sourceTree = BUILT_PRODUCTS_DIR; };
		F55B2F452E8F335D00C8059F /* MoltenTests.xctest */ = {isa = PBXFileReference; explicitFileType = wrapper.cfbundle; includeInIndex = 0; path = MoltenTests.xctest; sourceTree = BUILT_PRODUCTS_DIR; };
		F565A1BF2E906F6A00A7F490 /* Flameworker.xctestplan */ = {isa = PBXFileReference; lastKnownFileType = text; path = Flameworker.xctestplan; sourceTree = "<group>"; };
		F5A13C4B2E890146002C0F7A /* Molten.app */ = {isa = PBXFileReference; explicitFileType = wrapper.application; includeInIndex = 0; path = Molten.app; sourceTree = BUILT_PRODUCTS_DIR; };
		F5D3D6372E9DCB0100DAA195 /* PerformanceTests.xctest */ = {isa = PBXFileReference; explicitFileType = wrapper.cfbundle; includeInIndex = 0; path = PerformanceTests.xctest; sourceTree = BUILT_PRODUCTS_DIR; };
		F5D3D6A72E9DCDE600DAA195 /* UnitTestsOnly.xctestplan */ = {isa = PBXFileReference; lastKnownFileType = text; path = UnitTestsOnly.xctestplan; sourceTree = "<group>"; };
		F5D3D6CC2E9DE21600DAA195 /* UITests.xctestplan */ = {isa = PBXFileReference; lastKnownFileType = text; path = UITests.xctestplan; sourceTree = "<group>"; };
		F5D3E3512E9EAB2000DAA195 /* core-data-verification.md */ = {isa = PBXFileReference; lastKnownFileType = net.daringfireball.markdown; path = "core-data-verification.md"; sourceTree = "<group>"; };
		F5EA291C2E9F4ACA00DB21AD /* AppTests.xctestplan */ = {isa = PBXFileReference; lastKnownFileType = text; path = AppTests.xctestplan; sourceTree = "<group>"; };
		F5EA3BDA2E9FF29700DB21AD /* DELETED_TESTS.md */ = {isa = PBXFileReference; lastKnownFileType = net.daringfireball.markdown; path = DELETED_TESTS.md; sourceTree = "<group>"; };
		F5FACAF82EA0AE170084A6D0 /* TEST_FIXES_SUMMARY.md */ = {isa = PBXFileReference; lastKnownFileType = net.daringfireball.markdown; path = TEST_FIXES_SUMMARY.md; sourceTree = "<group>"; };
		F5FACB0B2EA0B4830084A6D0 /* RepositoryTests.xctest */ = {isa = PBXFileReference; explicitFileType = wrapper.cfbundle; includeInIndex = 0; path = RepositoryTests.xctest; sourceTree = BUILT_PRODUCTS_DIR; };
		F5FACB412EA0BE1E0084A6D0 /* MockRepositoryDebugTest.swift */ = {isa = PBXFileReference; lastKnownFileType = sourcecode.swift; path = MockRepositoryDebugTest.swift; sourceTree = "<group>"; };
		F5FACB512EA0C9590084A6D0 /* RepositoryTests.xctestplan */ = {isa = PBXFileReference; lastKnownFileType = text; path = RepositoryTests.xctestplan; sourceTree = "<group>"; };
/* End PBXFileReference section */

/* Begin PBXFileSystemSynchronizedBuildFileExceptionSet section */
		F58C7A602E90AE620052C821 /* Exceptions for "Molten" folder in "MoltenTests" target */ = {
			isa = PBXFileSystemSynchronizedBuildFileExceptionSet;
			membershipExceptions = (
				README.md,
				Sources/Tests/MoltenTests/AuthorModelTests.swift,
				Sources/Tests/MoltenTests/CatalogItemDataTests.swift,
				Sources/Tests/MoltenTests/GlassItemModelTests.swift,
				Sources/Tests/MoltenTests/MockProjectImageRepositoryTests.swift,
				Sources/Tests/RepositoryTests/CoreDataGlassItemRepositoryStableIdTests.swift,
				Sources/Utilities/AdvancedTestingUtilities.swift,
				Sources/Utilities/CollectionSafetyUtilities.swift,
				Sources/Utilities/NetworkSimulationUtilities.swift,
				Sources/Utilities/StringValidationUtilities.swift,
				Sources/Views/Shared/Helpers/UIStateManagers.swift,
				Tests/MoltenTests/AddInventoryItemViewTests.swift,
				Tests/MoltenTests/AddLogbookEntryViewTests.swift,
				Tests/MoltenTests/AdvancedTestingTests.swift,
				Tests/MoltenTests/BasicFunctionalityTests.swift,
				Tests/MoltenTests/CatalogBuildModelTests.swift,
				Tests/MoltenTests/CatalogBundleDebugViewTests.swift,
				Tests/MoltenTests/CatalogItemEntityTests.swift,
				Tests/MoltenTests/CatalogItemHelpersTests.swift,
				Tests/MoltenTests/CatalogItemModelPhase1Tests.swift,
				Tests/MoltenTests/CatalogItemParentModelTests.swift,
				Tests/MoltenTests/CatalogServiceAdvancedTests.swift,
				Tests/MoltenTests/CatalogViewDataInitializationTests.swift,
				Tests/MoltenTests/CoreDataLeakDiagnostic.swift,
				Tests/MoltenTests/CoreDataPreventionSystem.swift,
				Tests/MoltenTests/CoreFunctionalityTests.swift,
				Tests/MoltenTests/CrossEntityIntegrationTests.swift,
				Tests/MoltenTests/DataInitializationServiceTests.swift,
				Tests/MoltenTests/DataLoadingServiceTests.swift,
				Tests/MoltenTests/DataModelValidationTests.swift,
				Tests/MoltenTests/DiagnosticTests.swift,
				Tests/MoltenTests/EndToEndWorkflowTests.swift,
				Tests/MoltenTests/ErrorBoundaryTests.swift,
				Tests/MoltenTests/ErrorHandlingTests.swift,
				Tests/MoltenTests/FilterUtilitiesTests.swift,
				Tests/MoltenTests/FixedBasicTests.swift,
				Tests/MoltenTests/GlassItemDataLoadingServiceTests.swift,
				Tests/MoltenTests/GlassItemSearchSelectorTests.swift,
				Tests/MoltenTests/GlassItemSpecificTests.swift,
				Tests/MoltenTests/ImageHelpersTests.swift,
				Tests/MoltenTests/ImageLoadingTests.swift,
				Tests/MoltenTests/ImagePermissionTests.swift,
				Tests/MoltenTests/ImageTextExtractionTests.swift,
				Tests/MoltenTests/IntegrationTests.swift,
				Tests/MoltenTests/InventoryDetailViewTests.swift,
				Tests/MoltenTests/InventoryDetailViewUserNotesTests.swift,
				Tests/MoltenTests/InventoryImportServiceTests.swift,
				Tests/MoltenTests/InventoryItemDetailViewTests.swift,
				Tests/MoltenTests/InventorySearchSuggestionsTests.swift,
				Tests/MoltenTests/InventoryServiceTests.swift,
				Tests/MoltenTests/InventoryTrackingServiceTests.swift,
				Tests/MoltenTests/InventoryViewComponentsTests.swift,
				Tests/MoltenTests/InventoryViewModelTests.swift,
				Tests/MoltenTests/ItemShoppingModelTests.swift,
				Tests/MoltenTests/JSONDataLoaderTests.swift,
				Tests/MoltenTests/LocationAutoCompleteFieldTests.swift,
				Tests/MoltenTests/LocationServiceTests.swift,
				Tests/MoltenTests/LogbookModelTests.swift,
				Tests/MoltenTests/LogbookViewTests.swift,
				Tests/MoltenTests/MainTabViewTests.swift,
				Tests/MoltenTests/MockLogbookRepositoryTests.swift,
				Tests/MoltenTests/MockUserImageRepositoryTests.swift,
				Tests/MoltenTests/MultiUserScenarioTests.swift,
				Tests/MoltenTests/NetworkSimulationTests.swift,
				Tests/MoltenTests/NewTestTemplate.swift,
				Tests/MoltenTests/ProjectExportServiceTests.swift,
				Tests/MoltenTests/ProjectGlassItemTests.swift,
				Tests/MoltenTests/ProjectImportServiceTests.swift,
				Tests/MoltenTests/ProjectModelTests.swift,
				Tests/MoltenTests/ProjectReferenceUrlTests.swift,
				Tests/MoltenTests/ProjectServiceTests.swift,
				Tests/MoltenTests/RepositoryIdentityTest.swift,
				Tests/MoltenTests/SearchTextParserTests.swift,
				Tests/MoltenTests/SearchUtilitiesConfigurationTests.swift,
				Tests/MoltenTests/SearchUtilitiesTests.swift,
				Tests/MoltenTests/ServiceCoordinationTests.swift,
				Tests/MoltenTests/ShoppingListItemCreationTests.swift,
				Tests/MoltenTests/ShoppingListOptionsViewTests.swift,
				Tests/MoltenTests/ShoppingListRepositoryTests.swift,
				Tests/MoltenTests/ShoppingListServiceTests.swift,
				Tests/MoltenTests/ShoppingListViewTests.swift,
				Tests/MoltenTests/ShoppingModeCheckoutTests.swift,
				Tests/MoltenTests/ShoppingModeStateTests.swift,
				Tests/MoltenTests/SimpleIsolatedTest.swift,
				Tests/MoltenTests/SortUtilitiesTests.swift,
				Tests/MoltenTests/StoreAutoCompleteFieldTests.swift,
				Tests/MoltenTests/TabConfigurationTests.swift,
				Tests/MoltenTests/TechniqueTypeTests.swift,
				Tests/MoltenTests/TestConfiguration.swift,
				Tests/MoltenTests/TestDataSetup.swift,
				Tests/MoltenTests/UIStateManagementTests.swift,
				Tests/MoltenTests/UserImageRepositoryTests.swift,
				Tests/MoltenTests/UserNotesEditorTests.swift,
				Tests/MoltenTests/UserSettingsTests.swift,
				Tests/MoltenTests/UserTagsIntegrationTests.swift,
				Tests/MoltenTests/ValidationUtilitiesTests.swift,
				Tests/MoltenTests/ViewRepositoryIntegrationTests.swift,
				Tests/MoltenTests/ViewUtilitiesTests.swift,
				Tests/MoltenTests/WeightUnitTests.swift,
				Tests/RepositoryTests/CoreDataLocationRepositoryTests.swift,
				Tools/Documentation/check_core_data_violations.sh,
				Tools/Documentation/CORE_DATA_CLEANUP_SUMMARY.md,
				Tools/Documentation/CORE_DATA_PREVENTION_GUIDE.md,
				Tools/Documentation/detect_all_coredata.sh,
				Tools/Documentation/RELEASE_STRATEGY_UPDATED.md,
			);
			target = F55B2F442E8F335D00C8059F /* MoltenTests */;
		};
		F58D50C22E8B91F1005B18B3 /* Exceptions for "Molten" folder in "Molten" target */ = {
			isa = PBXFileSystemSynchronizedBuildFileExceptionSet;
			membershipExceptions = (
				Info.plist,
				README.md,
				Sources/Tests/MoltenTests/AuthorModelTests.swift,
				Sources/Tests/MoltenTests/CatalogItemDataTests.swift,
				Sources/Tests/MoltenTests/GlassItemModelTests.swift,
				Sources/Tests/MoltenTests/MockProjectImageRepositoryTests.swift,
				Sources/Tests/RepositoryTests/CoreDataGlassItemRepositoryStableIdTests.swift,
				Sources/Tests/RepositoryTests/CoreDataProjectImageRepositoryTests.swift,
				Sources/Utilities/AdvancedTestingUtilities.swift,
				Sources/Utilities/CollectionSafetyUtilities.swift,
				Sources/Utilities/NetworkSimulationUtilities.swift,
				Sources/Utilities/StringValidationUtilities.swift,
				Sources/Views/Shared/Helpers/UIStateManagers.swift,
				Tests/MoltenTests/AddInventoryItemViewTests.swift,
				Tests/MoltenTests/AddLogbookEntryViewTests.swift,
				Tests/MoltenTests/AdvancedTestingTests.swift,
				Tests/MoltenTests/BasicFunctionalityTests.swift,
				Tests/MoltenTests/CatalogBuildModelTests.swift,
				Tests/MoltenTests/CatalogBundleDebugViewTests.swift,
				Tests/MoltenTests/CatalogItemEntityTests.swift,
				Tests/MoltenTests/CatalogItemHelpersTests.swift,
				Tests/MoltenTests/CatalogItemModelPhase1Tests.swift,
				Tests/MoltenTests/CatalogItemParentModelTests.swift,
				Tests/MoltenTests/CatalogServiceAdvancedTests.swift,
				Tests/MoltenTests/CatalogViewDataInitializationTests.swift,
				Tests/MoltenTests/CoreDataLeakDiagnostic.swift,
				Tests/MoltenTests/CoreDataPreventionSystem.swift,
				Tests/MoltenTests/CoreFunctionalityTests.swift,
				Tests/MoltenTests/CrossEntityIntegrationTests.swift,
				Tests/MoltenTests/DataInitializationServiceTests.swift,
				Tests/MoltenTests/DataLoadingServiceTests.swift,
				Tests/MoltenTests/DataModelValidationTests.swift,
				Tests/MoltenTests/DiagnosticTests.swift,
				Tests/MoltenTests/EndToEndWorkflowTests.swift,
				Tests/MoltenTests/ErrorBoundaryTests.swift,
				Tests/MoltenTests/ErrorHandlingTests.swift,
				Tests/MoltenTests/FilterUtilitiesTests.swift,
				Tests/MoltenTests/FixedBasicTests.swift,
				Tests/MoltenTests/GlassItemDataLoadingServiceTests.swift,
				Tests/MoltenTests/GlassItemSearchSelectorTests.swift,
				Tests/MoltenTests/GlassItemSpecificTests.swift,
				Tests/MoltenTests/ImageHelpersTests.swift,
				Tests/MoltenTests/ImageLoadingTests.swift,
				Tests/MoltenTests/ImagePermissionTests.swift,
				Tests/MoltenTests/ImageTextExtractionTests.swift,
				Tests/MoltenTests/IntegrationTests.swift,
				Tests/MoltenTests/InventoryDetailViewTests.swift,
				Tests/MoltenTests/InventoryDetailViewUserNotesTests.swift,
				Tests/MoltenTests/InventoryImportServiceTests.swift,
				Tests/MoltenTests/InventoryItemDetailViewTests.swift,
				Tests/MoltenTests/InventorySearchSuggestionsTests.swift,
				Tests/MoltenTests/InventoryServiceTests.swift,
				Tests/MoltenTests/InventoryTrackingServiceTests.swift,
				Tests/MoltenTests/InventoryViewComponentsTests.swift,
				Tests/MoltenTests/InventoryViewModelTests.swift,
				Tests/MoltenTests/ItemShoppingModelTests.swift,
				Tests/MoltenTests/JSONDataLoaderTests.swift,
				Tests/MoltenTests/LocationAutoCompleteFieldTests.swift,
				Tests/MoltenTests/LocationServiceTests.swift,
				Tests/MoltenTests/LogbookModelTests.swift,
				Tests/MoltenTests/LogbookViewTests.swift,
				Tests/MoltenTests/MainTabViewTests.swift,
				Tests/MoltenTests/MockLogbookRepositoryTests.swift,
				Tests/MoltenTests/MockUserImageRepositoryTests.swift,
				Tests/MoltenTests/MultiUserScenarioTests.swift,
				Tests/MoltenTests/NetworkSimulationTests.swift,
				Tests/MoltenTests/NewTestTemplate.swift,
				Tests/MoltenTests/ProjectExportServiceTests.swift,
				Tests/MoltenTests/ProjectGlassItemTests.swift,
				Tests/MoltenTests/ProjectImportServiceTests.swift,
				Tests/MoltenTests/ProjectModelTests.swift,
				Tests/MoltenTests/ProjectReferenceUrlTests.swift,
				Tests/MoltenTests/ProjectServiceTests.swift,
				Tests/MoltenTests/RepositoryIdentityTest.swift,
				Tests/MoltenTests/SearchTextParserTests.swift,
				Tests/MoltenTests/SearchUtilitiesConfigurationTests.swift,
				Tests/MoltenTests/SearchUtilitiesTests.swift,
				Tests/MoltenTests/ServiceCoordinationTests.swift,
				Tests/MoltenTests/ShoppingListItemCreationTests.swift,
				Tests/MoltenTests/ShoppingListOptionsViewTests.swift,
				Tests/MoltenTests/ShoppingListRepositoryTests.swift,
				Tests/MoltenTests/ShoppingListServiceTests.swift,
				Tests/MoltenTests/ShoppingListViewTests.swift,
				Tests/MoltenTests/ShoppingModeCheckoutTests.swift,
				Tests/MoltenTests/ShoppingModeStateTests.swift,
				Tests/MoltenTests/SimpleIsolatedTest.swift,
				Tests/MoltenTests/SortUtilitiesTests.swift,
				Tests/MoltenTests/StoreAutoCompleteFieldTests.swift,
				Tests/MoltenTests/TabConfigurationTests.swift,
				Tests/MoltenTests/TechniqueTypeTests.swift,
				Tests/MoltenTests/TestConfiguration.swift,
				Tests/MoltenTests/TestDataSetup.swift,
				Tests/MoltenTests/UIStateManagementTests.swift,
				Tests/MoltenTests/UserImageRepositoryTests.swift,
				Tests/MoltenTests/UserNotesEditorTests.swift,
				Tests/MoltenTests/UserSettingsTests.swift,
				Tests/MoltenTests/UserTagsIntegrationTests.swift,
				Tests/MoltenTests/ValidationUtilitiesTests.swift,
				Tests/MoltenTests/ViewRepositoryIntegrationTests.swift,
				Tests/MoltenTests/ViewUtilitiesTests.swift,
				Tests/MoltenTests/WeightUnitTests.swift,
				Tests/MoltenUITests/AppLaunchUITests.swift,
				Tests/MoltenUITests/FlameworkerUITests.swift,
				Tests/MoltenUITests/FlameworkerUITestsLaunchTests.swift,
				Tests/MoltenUITests/ProjectsUITests.swift,
				Tests/PerformanceTests/PerformanceTests.swift,
				Tests/PerformanceTests/RealisticLoadTests.swift,
				Tests/PerformanceTests/ResourceManagementTests.swift,
				Tests/RepositoryTests/CatalogRepositoryTests.swift,
				Tests/RepositoryTests/CatalogViewDataLoadingTests.swift,
				Tests/RepositoryTests/CoreDataDiagnosticTest.swift,
				Tests/RepositoryTests/CoreDataHelpersTests.swift,
				Tests/RepositoryTests/CoreDataInventoryRepositoryTests.swift,
				Tests/RepositoryTests/CoreDataItemTagsRepositoryTests.swift,
				Tests/RepositoryTests/CoreDataLocationRepositoryTests.swift,
				Tests/RepositoryTests/CoreDataLogbookRepositoryTests.swift,
				Tests/RepositoryTests/CoreDataRecoveryUtilityTests.swift,
				Tests/RepositoryTests/CoreDataRepositoryTests.swift,
				Tests/RepositoryTests/CoreDataUserImageRepositoryTests.swift,
				Tests/RepositoryTests/CoreDataUserTagsRepositoryTests.swift,
				Tests/RepositoryTests/FileSystemUserImageRepositoryTests.swift,
				Tests/RepositoryTests/GlassItemDataLoadingServiceTests.swift,
				Tests/RepositoryTests/GlassItemRepositoryTests.swift,
				Tests/RepositoryTests/InventoryRepositoryTests.swift,
				Tests/RepositoryTests/ItemMinimumRepositoryIntegrationTests.swift,
				Tests/RepositoryTests/JSONDataLoaderCoreDataTests.swift,
				Tests/RepositoryTests/LocationRepositoryCompilationTest.swift,
				Tests/RepositoryTests/PurchaseRecordRepositoryTests.swift,
				Tests/RepositoryTests/RepositoryFactoryDataLoadingTests.swift,
				Tests/RepositoryTests/RepositoryFactoryTests.swift,
				Tests/RepositoryTests/RepositoryTests.swift,
				Tests/RepositoryTests/TransformableMigrationHelperTests.swift,
				Tests/RepositoryTests/UserImageRepositoryTests.swift,
				Tests/RepositoryTests/UserNotesRepositoryTests.swift,
				Tools/Documentation/check_core_data_violations.sh,
				Tools/Documentation/CORE_DATA_CLEANUP_SUMMARY.md,
				Tools/Documentation/CORE_DATA_PREVENTION_GUIDE.md,
				Tools/Documentation/detect_all_coredata.sh,
				Tools/Documentation/RELEASE_STRATEGY_UPDATED.md,
				Tools/Documentation/TODO.txt,
				"Tools/Scraping Tools/boro_batch_scraper.py",
				"Tools/Scraping Tools/cim_scraper.py",
				"Tools/Scraping Tools/color_extractor.py",
				"Tools/Scraping Tools/csv_to_json_converter.py",
				"Tools/Scraping Tools/double_helix_scraper.py",
				"Tools/Scraping Tools/effetre_vetrofond.py",
				"Tools/Scraping Tools/glass_alchemy_scraper.py",
				"Tools/Scraping Tools/glass_scraper.py",
				"Tools/Scraping Tools/image_downloader.py",
				"Tools/Scraping Tools/tag_scraper.py",
			);
			target = F5A13C4A2E890146002C0F7A /* Molten */;
		};
		F5D352FB2E9F3D5300EE1EDF /* Exceptions for "Molten" folder in "PerformanceTests" target */ = {
			isa = PBXFileSystemSynchronizedBuildFileExceptionSet;
			membershipExceptions = (
				Tests/PerformanceTests/PerformanceTests.swift,
				Tests/PerformanceTests/RealisticLoadTests.swift,
			);
			target = F5D3D6362E9DCB0100DAA195 /* PerformanceTests */;
		};
		F5D3D6A42E9DCCC200DAA195 /* Exceptions for "Molten" folder in "MoltenUITests" target */ = {
			isa = PBXFileSystemSynchronizedBuildFileExceptionSet;
			membershipExceptions = (
				Tests/MoltenUITests/AppLaunchUITests.swift,
				Tests/MoltenUITests/FlameworkerUITests.swift,
				Tests/MoltenUITests/FlameworkerUITestsLaunchTests.swift,
				Tests/MoltenUITests/ProjectsUITests.swift,
			);
			target = F551A4262E9DAA1A00C9C2F1 /* MoltenUITests */;
		};
		F5FACB172EA0B4A10084A6D0 /* Exceptions for "Molten" folder in "RepositoryTests" target */ = {
			isa = PBXFileSystemSynchronizedBuildFileExceptionSet;
			membershipExceptions = (
				Sources/Tests/RepositoryTests/CoreDataGlassItemRepositoryStableIdTests.swift,
				Sources/Tests/RepositoryTests/CoreDataProjectImageRepositoryTests.swift,
				Tests/RepositoryTests/CatalogRepositoryTests.swift,
				Tests/RepositoryTests/CatalogViewDataLoadingTests.swift,
				Tests/RepositoryTests/CoreDataDiagnosticTest.swift,
				Tests/RepositoryTests/CoreDataHelpersTests.swift,
				Tests/RepositoryTests/CoreDataInventoryRepositoryTests.swift,
				Tests/RepositoryTests/CoreDataItemTagsRepositoryTests.swift,
				Tests/RepositoryTests/CoreDataLogbookRepositoryTests.swift,
				Tests/RepositoryTests/CoreDataRecoveryUtilityTests.swift,
				Tests/RepositoryTests/CoreDataRepositoryTests.swift,
				Tests/RepositoryTests/CoreDataUserImageRepositoryTests.swift,
				Tests/RepositoryTests/CoreDataUserTagsRepositoryTests.swift,
				Tests/RepositoryTests/FileSystemUserImageRepositoryTests.swift,
				Tests/RepositoryTests/GlassItemDataLoadingServiceTests.swift,
				Tests/RepositoryTests/GlassItemRepositoryTests.swift,
				Tests/RepositoryTests/InventoryRepositoryTests.swift,
				Tests/RepositoryTests/ItemMinimumRepositoryIntegrationTests.swift,
				Tests/RepositoryTests/JSONDataLoaderCoreDataTests.swift,
				Tests/RepositoryTests/LocationRepositoryCompilationTest.swift,
				Tests/RepositoryTests/PurchaseRecordRepositoryTests.swift,
				Tests/RepositoryTests/RepositoryFactoryDataLoadingTests.swift,
				Tests/RepositoryTests/RepositoryFactoryTests.swift,
				Tests/RepositoryTests/RepositoryTests.swift,
				Tests/RepositoryTests/TransformableMigrationHelperTests.swift,
				Tests/RepositoryTests/UserImageRepositoryTests.swift,
				Tests/RepositoryTests/UserNotesRepositoryTests.swift,
			);
			target = F5FACB0A2EA0B4830084A6D0 /* RepositoryTests */;
		};
/* End PBXFileSystemSynchronizedBuildFileExceptionSet section */

/* Begin PBXFileSystemSynchronizedRootGroup section */
		F53C0BB22EA7FB020020E1AB /* ScreenshotAutomation */ = {
			isa = PBXFileSystemSynchronizedRootGroup;
			path = ScreenshotAutomation;
			sourceTree = "<group>";
		};
		F5A13C4D2E890146002C0F7A /* Molten */ = {
			isa = PBXFileSystemSynchronizedRootGroup;
			exceptions = (
				F58D50C22E8B91F1005B18B3 /* Exceptions for "Molten" folder in "Molten" target */,
				F58C7A602E90AE620052C821 /* Exceptions for "Molten" folder in "MoltenTests" target */,
				F5D3D6A42E9DCCC200DAA195 /* Exceptions for "Molten" folder in "MoltenUITests" target */,
				F5D352FB2E9F3D5300EE1EDF /* Exceptions for "Molten" folder in "PerformanceTests" target */,
				F5FACB172EA0B4A10084A6D0 /* Exceptions for "Molten" folder in "RepositoryTests" target */,
			);
			path = Molten;
			sourceTree = "<group>";
		};
/* End PBXFileSystemSynchronizedRootGroup section */

/* Begin PBXFrameworksBuildPhase section */
		F53C0BAE2EA7FB020020E1AB /* Frameworks */ = {
			isa = PBXFrameworksBuildPhase;
			buildActionMask = 2147483647;
			files = (
			);
			runOnlyForDeploymentPostprocessing = 0;
		};
		F551A4242E9DAA1A00C9C2F1 /* Frameworks */ = {
			isa = PBXFrameworksBuildPhase;
			buildActionMask = 2147483647;
			files = (
			);
			runOnlyForDeploymentPostprocessing = 0;
		};
		F55B2F422E8F335D00C8059F /* Frameworks */ = {
			isa = PBXFrameworksBuildPhase;
			buildActionMask = 2147483647;
			files = (
			);
			runOnlyForDeploymentPostprocessing = 0;
		};
		F5A13C482E890146002C0F7A /* Frameworks */ = {
			isa = PBXFrameworksBuildPhase;
			buildActionMask = 2147483647;
			files = (
			);
			runOnlyForDeploymentPostprocessing = 0;
		};
		F5D3D6342E9DCB0100DAA195 /* Frameworks */ = {
			isa = PBXFrameworksBuildPhase;
			buildActionMask = 2147483647;
			files = (
			);
			runOnlyForDeploymentPostprocessing = 0;
		};
		F5FACB082EA0B4830084A6D0 /* Frameworks */ = {
			isa = PBXFrameworksBuildPhase;
			buildActionMask = 2147483647;
			files = (
			);
			runOnlyForDeploymentPostprocessing = 0;
		};
/* End PBXFrameworksBuildPhase section */

/* Begin PBXGroup section */
		F50904EC2E8B5D30003C65AB /* Frameworks */ = {
			isa = PBXGroup;
			children = (
				F50904ED2E8B5D30003C65AB /* Testing.framework */,
			);
			name = Frameworks;
			sourceTree = "<group>";
		};
		F5A13C422E890146002C0F7A = {
			isa = PBXGroup;
			children = (
				F53C0BD22EA81F980020E1AB /* Screenshots.xctestplan */,
				F5044B4C2EA1A47E00375368 /* AppTests.xctestplan */,
				F5FACB512EA0C9590084A6D0 /* RepositoryTests.xctestplan */,
				F5D3D6CC2E9DE21600DAA195 /* UITests.xctestplan */,
				F5EA291C2E9F4ACA00DB21AD /* AppTests.xctestplan */,
				F565A1BF2E906F6A00A7F490 /* Flameworker.xctestplan */,
				F5D3D6A72E9DCDE600DAA195 /* UnitTestsOnly.xctestplan */,
				F5A13C4D2E890146002C0F7A /* Molten */,
				F53C0BB22EA7FB020020E1AB /* ScreenshotAutomation */,
				F5A13C4C2E890146002C0F7A /* Products */,
				F50904EC2E8B5D30003C65AB /* Frameworks */,
				F5D3E3512E9EAB2000DAA195 /* core-data-verification.md */,
				F5EA3BDA2E9FF29700DB21AD /* DELETED_TESTS.md */,
				F5FACAF82EA0AE170084A6D0 /* TEST_FIXES_SUMMARY.md */,
				F5FACB412EA0BE1E0084A6D0 /* MockRepositoryDebugTest.swift */,
				F50466F72EA4333C00375368 /* DESIGN_PROJECT_ENTITIES.md */,
			);
			sourceTree = "<group>";
		};
		F5A13C4C2E890146002C0F7A /* Products */ = {
			isa = PBXGroup;
			children = (
				F5A13C4B2E890146002C0F7A /* Molten.app */,
				F55B2F452E8F335D00C8059F /* MoltenTests.xctest */,
				F551A4272E9DAA1A00C9C2F1 /* MoltenUITests.xctest */,
				F5D3D6372E9DCB0100DAA195 /* PerformanceTests.xctest */,
				F5FACB0B2EA0B4830084A6D0 /* RepositoryTests.xctest */,
				F53C0BB12EA7FB020020E1AB /* ScreenshotAutomation.xctest */,
			);
			name = Products;
			sourceTree = "<group>";
		};
/* End PBXGroup section */

/* Begin PBXNativeTarget section */
		F53C0BB02EA7FB020020E1AB /* ScreenshotAutomation */ = {
			isa = PBXNativeTarget;
			buildConfigurationList = F53C0BB92EA7FB020020E1AB /* Build configuration list for PBXNativeTarget "ScreenshotAutomation" */;
			buildPhases = (
				F53C0BAD2EA7FB020020E1AB /* Sources */,
				F53C0BAE2EA7FB020020E1AB /* Frameworks */,
				F53C0BAF2EA7FB020020E1AB /* Resources */,
			);
			buildRules = (
			);
			dependencies = (
				F53C0BB82EA7FB020020E1AB /* PBXTargetDependency */,
			);
			fileSystemSynchronizedGroups = (
				F53C0BB22EA7FB020020E1AB /* ScreenshotAutomation */,
			);
			name = ScreenshotAutomation;
			packageProductDependencies = (
			);
			productName = ScreenshotAutomation;
			productReference = F53C0BB12EA7FB020020E1AB /* ScreenshotAutomation.xctest */;
			productType = "com.apple.product-type.bundle.ui-testing";
		};
		F551A4262E9DAA1A00C9C2F1 /* MoltenUITests */ = {
			isa = PBXNativeTarget;
			buildConfigurationList = F551A42F2E9DAA1A00C9C2F1 /* Build configuration list for PBXNativeTarget "MoltenUITests" */;
			buildPhases = (
				F551A4232E9DAA1A00C9C2F1 /* Sources */,
				F551A4242E9DAA1A00C9C2F1 /* Frameworks */,
				F551A4252E9DAA1A00C9C2F1 /* Resources */,
			);
			buildRules = (
			);
			dependencies = (
				F551A42E2E9DAA1A00C9C2F1 /* PBXTargetDependency */,
			);
			name = MoltenUITests;
			packageProductDependencies = (
			);
			productName = FlameworkerUITests;
			productReference = F551A4272E9DAA1A00C9C2F1 /* MoltenUITests.xctest */;
			productType = "com.apple.product-type.bundle.ui-testing";
		};
		F55B2F442E8F335D00C8059F /* MoltenTests */ = {
			isa = PBXNativeTarget;
			buildConfigurationList = F55B2F4B2E8F335D00C8059F /* Build configuration list for PBXNativeTarget "MoltenTests" */;
			buildPhases = (
				F55B2F412E8F335D00C8059F /* Sources */,
				F55B2F422E8F335D00C8059F /* Frameworks */,
				F55B2F432E8F335D00C8059F /* Resources */,
			);
			buildRules = (
			);
			dependencies = (
				F55B2F4A2E8F335D00C8059F /* PBXTargetDependency */,
			);
			name = MoltenTests;
			packageProductDependencies = (
			);
			productName = FlameworkerTests;
			productReference = F55B2F452E8F335D00C8059F /* MoltenTests.xctest */;
			productType = "com.apple.product-type.bundle.unit-test";
		};
		F5A13C4A2E890146002C0F7A /* Molten */ = {
			isa = PBXNativeTarget;
			buildConfigurationList = F5A13C722E890147002C0F7A /* Build configuration list for PBXNativeTarget "Molten" */;
			buildPhases = (
				F5A13C472E890146002C0F7A /* Sources */,
				F5A13C482E890146002C0F7A /* Frameworks */,
				F5A13C492E890146002C0F7A /* Resources */,
			);
			buildRules = (
			);
			dependencies = (
			);
			fileSystemSynchronizedGroups = (
				F5A13C4D2E890146002C0F7A /* Molten */,
			);
			name = Molten;
			packageProductDependencies = (
			);
			productName = Flameworker;
			productReference = F5A13C4B2E890146002C0F7A /* Molten.app */;
			productType = "com.apple.product-type.application";
		};
		F5D3D6362E9DCB0100DAA195 /* PerformanceTests */ = {
			isa = PBXNativeTarget;
			buildConfigurationList = F5D3D63D2E9DCB0100DAA195 /* Build configuration list for PBXNativeTarget "PerformanceTests" */;
			buildPhases = (
				F5D3D6332E9DCB0100DAA195 /* Sources */,
				F5D3D6342E9DCB0100DAA195 /* Frameworks */,
				F5D3D6352E9DCB0100DAA195 /* Resources */,
			);
			buildRules = (
			);
			dependencies = (
				F5D3D63C2E9DCB0100DAA195 /* PBXTargetDependency */,
			);
			name = PerformanceTests;
			packageProductDependencies = (
			);
			productName = PerformanceTests;
			productReference = F5D3D6372E9DCB0100DAA195 /* PerformanceTests.xctest */;
			productType = "com.apple.product-type.bundle.unit-test";
		};
		F5FACB0A2EA0B4830084A6D0 /* RepositoryTests */ = {
			isa = PBXNativeTarget;
			buildConfigurationList = F5FACB112EA0B4830084A6D0 /* Build configuration list for PBXNativeTarget "RepositoryTests" */;
			buildPhases = (
				F5FACB072EA0B4830084A6D0 /* Sources */,
				F5FACB082EA0B4830084A6D0 /* Frameworks */,
				F5FACB092EA0B4830084A6D0 /* Resources */,
			);
			buildRules = (
			);
			dependencies = (
				F5FACB102EA0B4830084A6D0 /* PBXTargetDependency */,
			);
			name = RepositoryTests;
			packageProductDependencies = (
			);
			productName = RepositoryTests;
			productReference = F5FACB0B2EA0B4830084A6D0 /* RepositoryTests.xctest */;
			productType = "com.apple.product-type.bundle.unit-test";
		};
/* End PBXNativeTarget section */

/* Begin PBXProject section */
		F5A13C432E890146002C0F7A /* Project object */ = {
			isa = PBXProject;
			attributes = {
				BuildIndependentTargetsInParallel = 1;
				LastSwiftUpdateCheck = 2600;
				LastUpgradeCheck = 2600;
				ORGANIZATIONNAME = "Motley Woods";
				TargetAttributes = {
					F53C0BB02EA7FB020020E1AB = {
						CreatedOnToolsVersion = 26.0.1;
						TestTargetID = F5A13C4A2E890146002C0F7A;
					};
					F551A4262E9DAA1A00C9C2F1 = {
						CreatedOnToolsVersion = 26.0.1;
						TestTargetID = F5A13C4A2E890146002C0F7A;
					};
					F55B2F442E8F335D00C8059F = {
						CreatedOnToolsVersion = 26.0.1;
						TestTargetID = F5A13C4A2E890146002C0F7A;
					};
					F5A13C4A2E890146002C0F7A = {
						CreatedOnToolsVersion = 26.0.1;
					};
					F5D3D6362E9DCB0100DAA195 = {
						CreatedOnToolsVersion = 26.0.1;
						TestTargetID = F5A13C4A2E890146002C0F7A;
					};
					F5FACB0A2EA0B4830084A6D0 = {
						CreatedOnToolsVersion = 26.0.1;
						TestTargetID = F5A13C4A2E890146002C0F7A;
					};
				};
			};
			buildConfigurationList = F5A13C462E890146002C0F7A /* Build configuration list for PBXProject "Molten" */;
			developmentRegion = en;
			hasScannedForEncodings = 0;
			knownRegions = (
				en,
				Base,
			);
			mainGroup = F5A13C422E890146002C0F7A;
			minimizedProjectReferenceProxies = 1;
			preferredProjectObjectVersion = 77;
			productRefGroup = F5A13C4C2E890146002C0F7A /* Products */;
			projectDirPath = "";
			projectRoot = "";
			targets = (
				F5A13C4A2E890146002C0F7A /* Molten */,
				F55B2F442E8F335D00C8059F /* MoltenTests */,
				F551A4262E9DAA1A00C9C2F1 /* MoltenUITests */,
				F5D3D6362E9DCB0100DAA195 /* PerformanceTests */,
				F5FACB0A2EA0B4830084A6D0 /* RepositoryTests */,
				F53C0BB02EA7FB020020E1AB /* ScreenshotAutomation */,
			);
		};
/* End PBXProject section */

/* Begin PBXResourcesBuildPhase section */
		F53C0BAF2EA7FB020020E1AB /* Resources */ = {
			isa = PBXResourcesBuildPhase;
			buildActionMask = 2147483647;
			files = (
			);
			runOnlyForDeploymentPostprocessing = 0;
		};
		F551A4252E9DAA1A00C9C2F1 /* Resources */ = {
			isa = PBXResourcesBuildPhase;
			buildActionMask = 2147483647;
			files = (
			);
			runOnlyForDeploymentPostprocessing = 0;
		};
		F55B2F432E8F335D00C8059F /* Resources */ = {
			isa = PBXResourcesBuildPhase;
			buildActionMask = 2147483647;
			files = (
				F5EA2FB92E9F4ACA00DB21AD /* AppTests.xctestplan in Resources */,
			);
			runOnlyForDeploymentPostprocessing = 0;
		};
		F5A13C492E890146002C0F7A /* Resources */ = {
			isa = PBXResourcesBuildPhase;
			buildActionMask = 2147483647;
			files = (
				F5EA3BDB2E9FF29700DB21AD /* DELETED_TESTS.md in Resources */,
				F53C0BD32EA81F980020E1AB /* Screenshots.xctestplan in Resources */,
				F5D3E3522E9EAB2000DAA195 /* core-data-verification.md in Resources */,
				F50466F82EA4333C00375368 /* DESIGN_PROJECT_ENTITIES.md in Resources */,
				F5D3D6A82E9DCDE600DAA195 /* UnitTestsOnly.xctestplan in Resources */,
				F5FACAF92EA0AE170084A6D0 /* TEST_FIXES_SUMMARY.md in Resources */,
				F5D3D6CD2E9DE21600DAA195 /* UITests.xctestplan in Resources */,
			);
			runOnlyForDeploymentPostprocessing = 0;
		};
		F5D3D6352E9DCB0100DAA195 /* Resources */ = {
			isa = PBXResourcesBuildPhase;
			buildActionMask = 2147483647;
			files = (
			);
			runOnlyForDeploymentPostprocessing = 0;
		};
		F5FACB092EA0B4830084A6D0 /* Resources */ = {
			isa = PBXResourcesBuildPhase;
			buildActionMask = 2147483647;
			files = (
			);
			runOnlyForDeploymentPostprocessing = 0;
		};
/* End PBXResourcesBuildPhase section */

/* Begin PBXSourcesBuildPhase section */
		F53C0BAD2EA7FB020020E1AB /* Sources */ = {
			isa = PBXSourcesBuildPhase;
			buildActionMask = 2147483647;
			files = (
			);
			runOnlyForDeploymentPostprocessing = 0;
		};
		F551A4232E9DAA1A00C9C2F1 /* Sources */ = {
			isa = PBXSourcesBuildPhase;
			buildActionMask = 2147483647;
			files = (
			);
			runOnlyForDeploymentPostprocessing = 0;
		};
		F55B2F412E8F335D00C8059F /* Sources */ = {
			isa = PBXSourcesBuildPhase;
			buildActionMask = 2147483647;
			files = (
				F5FACB432EA0BE410084A6D0 /* MockRepositoryDebugTest.swift in Sources */,
			);
			runOnlyForDeploymentPostprocessing = 0;
		};
		F5A13C472E890146002C0F7A /* Sources */ = {
			isa = PBXSourcesBuildPhase;
			buildActionMask = 2147483647;
			files = (
			);
			runOnlyForDeploymentPostprocessing = 0;
		};
		F5D3D6332E9DCB0100DAA195 /* Sources */ = {
			isa = PBXSourcesBuildPhase;
			buildActionMask = 2147483647;
			files = (
			);
			runOnlyForDeploymentPostprocessing = 0;
		};
		F5FACB072EA0B4830084A6D0 /* Sources */ = {
			isa = PBXSourcesBuildPhase;
			buildActionMask = 2147483647;
			files = (
			);
			runOnlyForDeploymentPostprocessing = 0;
		};
/* End PBXSourcesBuildPhase section */

/* Begin PBXTargetDependency section */
		F53C0BB82EA7FB020020E1AB /* PBXTargetDependency */ = {
			isa = PBXTargetDependency;
			target = F5A13C4A2E890146002C0F7A /* Molten */;
			targetProxy = F53C0BB72EA7FB020020E1AB /* PBXContainerItemProxy */;
		};
		F551A42E2E9DAA1A00C9C2F1 /* PBXTargetDependency */ = {
			isa = PBXTargetDependency;
			target = F5A13C4A2E890146002C0F7A /* Molten */;
			targetProxy = F551A42D2E9DAA1A00C9C2F1 /* PBXContainerItemProxy */;
		};
		F55B2F4A2E8F335D00C8059F /* PBXTargetDependency */ = {
			isa = PBXTargetDependency;
			target = F5A13C4A2E890146002C0F7A /* Molten */;
			targetProxy = F55B2F492E8F335D00C8059F /* PBXContainerItemProxy */;
		};
		F5D3D63C2E9DCB0100DAA195 /* PBXTargetDependency */ = {
			isa = PBXTargetDependency;
			target = F5A13C4A2E890146002C0F7A /* Molten */;
			targetProxy = F5D3D63B2E9DCB0100DAA195 /* PBXContainerItemProxy */;
		};
		F5FACB102EA0B4830084A6D0 /* PBXTargetDependency */ = {
			isa = PBXTargetDependency;
			target = F5A13C4A2E890146002C0F7A /* Molten */;
			targetProxy = F5FACB0F2EA0B4830084A6D0 /* PBXContainerItemProxy */;
		};
/* End PBXTargetDependency section */

/* Begin XCBuildConfiguration section */
		F53C0BBA2EA7FB020020E1AB /* Debug */ = {
			isa = XCBuildConfiguration;
			buildSettings = {
				CODE_SIGN_STYLE = Automatic;
				CURRENT_PROJECT_VERSION = 1;
				DEVELOPMENT_TEAM = 755FYD4YJY;
				GENERATE_INFOPLIST_FILE = YES;
				IPHONEOS_DEPLOYMENT_TARGET = 26.0;
				MARKETING_VERSION = 1.0;
				PRODUCT_BUNDLE_IDENTIFIER = motleywoods.ScreenshotAutomation;
				PRODUCT_NAME = "$(TARGET_NAME)";
				SDKROOT = iphoneos;
				STRING_CATALOG_GENERATE_SYMBOLS = NO;
				SWIFT_APPROACHABLE_CONCURRENCY = YES;
				SWIFT_EMIT_LOC_STRINGS = NO;
				SWIFT_UPCOMING_FEATURE_MEMBER_IMPORT_VISIBILITY = YES;
				SWIFT_VERSION = 5.0;
				TARGETED_DEVICE_FAMILY = "1,2";
				TEST_TARGET_NAME = Molten;
			};
			name = Debug;
		};
		F53C0BBB2EA7FB020020E1AB /* Release */ = {
			isa = XCBuildConfiguration;
			buildSettings = {
				CODE_SIGN_STYLE = Automatic;
				CURRENT_PROJECT_VERSION = 1;
				DEVELOPMENT_TEAM = 755FYD4YJY;
				GENERATE_INFOPLIST_FILE = YES;
				IPHONEOS_DEPLOYMENT_TARGET = 26.0;
				MARKETING_VERSION = 1.0;
				PRODUCT_BUNDLE_IDENTIFIER = motleywoods.ScreenshotAutomation;
				PRODUCT_NAME = "$(TARGET_NAME)";
				SDKROOT = iphoneos;
				STRING_CATALOG_GENERATE_SYMBOLS = NO;
				SWIFT_APPROACHABLE_CONCURRENCY = YES;
				SWIFT_EMIT_LOC_STRINGS = NO;
				SWIFT_UPCOMING_FEATURE_MEMBER_IMPORT_VISIBILITY = YES;
				SWIFT_VERSION = 5.0;
				TARGETED_DEVICE_FAMILY = "1,2";
				TEST_TARGET_NAME = Molten;
				VALIDATE_PRODUCT = YES;
			};
			name = Release;
		};
		F551A4302E9DAA1A00C9C2F1 /* Debug */ = {
			isa = XCBuildConfiguration;
			buildSettings = {
				CODE_SIGN_STYLE = Automatic;
				CURRENT_PROJECT_VERSION = 1;
				DEVELOPMENT_TEAM = 755FYD4YJY;
				GENERATE_INFOPLIST_FILE = YES;
				IPHONEOS_DEPLOYMENT_TARGET = 26.0;
				MARKETING_VERSION = 1.0;
				PRODUCT_BUNDLE_IDENTIFIER = motleywoods.MoltenUITests;
				PRODUCT_NAME = "$(TARGET_NAME)";
				SDKROOT = iphoneos;
				STRING_CATALOG_GENERATE_SYMBOLS = NO;
				SWIFT_APPROACHABLE_CONCURRENCY = YES;
				SWIFT_EMIT_LOC_STRINGS = NO;
				SWIFT_UPCOMING_FEATURE_MEMBER_IMPORT_VISIBILITY = YES;
				SWIFT_VERSION = 6.0;
				TARGETED_DEVICE_FAMILY = "1,2";
				TEST_TARGET_NAME = Flameworker;
			};
			name = Debug;
		};
		F551A4312E9DAA1A00C9C2F1 /* Release */ = {
			isa = XCBuildConfiguration;
			buildSettings = {
				CODE_SIGN_STYLE = Automatic;
				CURRENT_PROJECT_VERSION = 1;
				DEVELOPMENT_TEAM = 755FYD4YJY;
				GENERATE_INFOPLIST_FILE = YES;
				IPHONEOS_DEPLOYMENT_TARGET = 26.0;
				MARKETING_VERSION = 1.0;
				PRODUCT_BUNDLE_IDENTIFIER = motleywoods.MoltenUITests;
				PRODUCT_NAME = "$(TARGET_NAME)";
				SDKROOT = iphoneos;
				STRING_CATALOG_GENERATE_SYMBOLS = NO;
				SWIFT_APPROACHABLE_CONCURRENCY = YES;
				SWIFT_EMIT_LOC_STRINGS = NO;
				SWIFT_UPCOMING_FEATURE_MEMBER_IMPORT_VISIBILITY = YES;
				SWIFT_VERSION = 6.0;
				TARGETED_DEVICE_FAMILY = "1,2";
				TEST_TARGET_NAME = Flameworker;
				VALIDATE_PRODUCT = YES;
			};
			name = Release;
		};
		F55B2F4C2E8F335D00C8059F /* Debug */ = {
			isa = XCBuildConfiguration;
			buildSettings = {
				BUNDLE_LOADER = "$(TEST_HOST)";
				CODE_SIGN_STYLE = Automatic;
				CURRENT_PROJECT_VERSION = 1;
				DEVELOPMENT_TEAM = 755FYD4YJY;
				GENERATE_INFOPLIST_FILE = YES;
				IPHONEOS_DEPLOYMENT_TARGET = 26.0;
				MARKETING_VERSION = 1.0;
				PRODUCT_BUNDLE_IDENTIFIER = motleywoods.MoltenTests;
				PRODUCT_NAME = "$(TARGET_NAME)";
				SDKROOT = iphoneos;
				STRING_CATALOG_GENERATE_SYMBOLS = NO;
				SWIFT_APPROACHABLE_CONCURRENCY = YES;
				SWIFT_DEFAULT_ACTOR_ISOLATION = nonisolated;
				SWIFT_EMIT_LOC_STRINGS = NO;
				SWIFT_UPCOMING_FEATURE_MEMBER_IMPORT_VISIBILITY = YES;
				SWIFT_VERSION = 6.0;
				TARGETED_DEVICE_FAMILY = "1,2";
				TEST_HOST = "$(BUILT_PRODUCTS_DIR)/Molten.app/$(BUNDLE_EXECUTABLE_FOLDER_PATH)/Molten";
			};
			name = Debug;
		};
		F55B2F4D2E8F335D00C8059F /* Release */ = {
			isa = XCBuildConfiguration;
			buildSettings = {
				BUNDLE_LOADER = "$(TEST_HOST)";
				CODE_SIGN_STYLE = Automatic;
				CURRENT_PROJECT_VERSION = 1;
				DEVELOPMENT_TEAM = 755FYD4YJY;
				GENERATE_INFOPLIST_FILE = YES;
				IPHONEOS_DEPLOYMENT_TARGET = 26.0;
				MARKETING_VERSION = 1.0;
				PRODUCT_BUNDLE_IDENTIFIER = motleywoods.MoltenTests;
				PRODUCT_NAME = "$(TARGET_NAME)";
				SDKROOT = iphoneos;
				STRING_CATALOG_GENERATE_SYMBOLS = NO;
				SWIFT_APPROACHABLE_CONCURRENCY = YES;
				SWIFT_DEFAULT_ACTOR_ISOLATION = nonisolated;
				SWIFT_EMIT_LOC_STRINGS = NO;
				SWIFT_UPCOMING_FEATURE_MEMBER_IMPORT_VISIBILITY = YES;
				SWIFT_VERSION = 6.0;
				TARGETED_DEVICE_FAMILY = "1,2";
				TEST_HOST = "$(BUILT_PRODUCTS_DIR)/Molten.app/$(BUNDLE_EXECUTABLE_FOLDER_PATH)/Molten";
				VALIDATE_PRODUCT = YES;
			};
			name = Release;
		};
		F5A13C732E890147002C0F7A /* Debug */ = {
			isa = XCBuildConfiguration;
			buildSettings = {
				ASSETCATALOG_COMPILER_APPICON_NAME = AppIcon;
				ASSETCATALOG_COMPILER_GLOBAL_ACCENT_COLOR_NAME = AccentColor;
				"CODE_SIGN_IDENTITY[sdk=macosx*]" = "-";
				CODE_SIGN_STYLE = Automatic;
				CURRENT_PROJECT_VERSION = 0.1;
				DEVELOPMENT_TEAM = 755FYD4YJY;
				ENABLE_APP_SANDBOX = YES;
				ENABLE_PREVIEWS = YES;
				ENABLE_USER_SELECTED_FILES = readonly;
				GENERATE_INFOPLIST_FILE = YES;
				INFOPLIST_FILE = Molten/Info.plist;
				INFOPLIST_KEY_CFBundleDisplayName = Molten;
				INFOPLIST_KEY_NSCameraUsageDescription = "Flameworker needs access to your camera to let you take photos of your glass inventory items.";
				INFOPLIST_KEY_NSPhotoLibraryUsageDescription = "Flameworker needs access to your photo library to let you upload custom images for your glass inventory items.";
				"INFOPLIST_KEY_UIApplicationSceneManifest_Generation[sdk=iphoneos*]" = YES;
				"INFOPLIST_KEY_UIApplicationSceneManifest_Generation[sdk=iphonesimulator*]" = YES;
				"INFOPLIST_KEY_UIApplicationSupportsIndirectInputEvents[sdk=iphoneos*]" = YES;
				"INFOPLIST_KEY_UIApplicationSupportsIndirectInputEvents[sdk=iphonesimulator*]" = YES;
				"INFOPLIST_KEY_UILaunchScreen_Generation[sdk=iphoneos*]" = YES;
				"INFOPLIST_KEY_UILaunchScreen_Generation[sdk=iphonesimulator*]" = YES;
				"INFOPLIST_KEY_UIStatusBarStyle[sdk=iphoneos*]" = UIStatusBarStyleDefault;
				"INFOPLIST_KEY_UIStatusBarStyle[sdk=iphonesimulator*]" = UIStatusBarStyleDefault;
				INFOPLIST_KEY_UISupportedInterfaceOrientations_iPad = "UIInterfaceOrientationPortrait UIInterfaceOrientationPortraitUpsideDown UIInterfaceOrientationLandscapeLeft UIInterfaceOrientationLandscapeRight";
				INFOPLIST_KEY_UISupportedInterfaceOrientations_iPhone = "UIInterfaceOrientationPortrait UIInterfaceOrientationLandscapeLeft UIInterfaceOrientationLandscapeRight";
				IPHONEOS_DEPLOYMENT_TARGET = 26.0;
				LD_RUNPATH_SEARCH_PATHS = "@executable_path/Frameworks";
				"LD_RUNPATH_SEARCH_PATHS[sdk=macosx*]" = "@executable_path/../Frameworks";
				MACOSX_DEPLOYMENT_TARGET = 26.0;
				MARKETING_VERSION = 0.1;
				PRODUCT_BUNDLE_IDENTIFIER = com.MotleyWoods.Molten;
				PRODUCT_NAME = "$(TARGET_NAME)";
				REGISTER_APP_GROUPS = YES;
				SDKROOT = auto;
				STRING_CATALOG_GENERATE_SYMBOLS = YES;
				SUPPORTED_PLATFORMS = "iphoneos iphonesimulator macosx";
				SUPPORTS_MACCATALYST = NO;
				SWIFT_APPROACHABLE_CONCURRENCY = YES;
				SWIFT_DEFAULT_ACTOR_ISOLATION = MainActor;
				SWIFT_EMIT_LOC_STRINGS = YES;
				SWIFT_UPCOMING_FEATURE_MEMBER_IMPORT_VISIBILITY = YES;
				SWIFT_VERSION = 6.0;
				TARGETED_DEVICE_FAMILY = "1,2";
				XROS_DEPLOYMENT_TARGET = 26.0;
			};
			name = Debug;
		};
		F5A13C742E890147002C0F7A /* Release */ = {
			isa = XCBuildConfiguration;
			buildSettings = {
				ASSETCATALOG_COMPILER_APPICON_NAME = AppIcon;
				ASSETCATALOG_COMPILER_GLOBAL_ACCENT_COLOR_NAME = AccentColor;
				"CODE_SIGN_IDENTITY[sdk=macosx*]" = "-";
				CODE_SIGN_STYLE = Automatic;
				CURRENT_PROJECT_VERSION = 0.1;
				DEVELOPMENT_TEAM = 755FYD4YJY;
				ENABLE_APP_SANDBOX = YES;
				ENABLE_PREVIEWS = YES;
				ENABLE_USER_SELECTED_FILES = readonly;
				GENERATE_INFOPLIST_FILE = YES;
				INFOPLIST_FILE = Molten/Info.plist;
				INFOPLIST_KEY_CFBundleDisplayName = Molten;
				INFOPLIST_KEY_NSCameraUsageDescription = "Flameworker needs access to your camera to let you take photos of your glass inventory items.";
				INFOPLIST_KEY_NSPhotoLibraryUsageDescription = "Flameworker needs access to your photo library to let you upload custom images for your glass inventory items.";
				"INFOPLIST_KEY_UIApplicationSceneManifest_Generation[sdk=iphoneos*]" = YES;
				"INFOPLIST_KEY_UIApplicationSceneManifest_Generation[sdk=iphonesimulator*]" = YES;
				"INFOPLIST_KEY_UIApplicationSupportsIndirectInputEvents[sdk=iphoneos*]" = YES;
				"INFOPLIST_KEY_UIApplicationSupportsIndirectInputEvents[sdk=iphonesimulator*]" = YES;
				"INFOPLIST_KEY_UILaunchScreen_Generation[sdk=iphoneos*]" = YES;
				"INFOPLIST_KEY_UILaunchScreen_Generation[sdk=iphonesimulator*]" = YES;
				"INFOPLIST_KEY_UIStatusBarStyle[sdk=iphoneos*]" = UIStatusBarStyleDefault;
				"INFOPLIST_KEY_UIStatusBarStyle[sdk=iphonesimulator*]" = UIStatusBarStyleDefault;
				INFOPLIST_KEY_UISupportedInterfaceOrientations_iPad = "UIInterfaceOrientationPortrait UIInterfaceOrientationPortraitUpsideDown UIInterfaceOrientationLandscapeLeft UIInterfaceOrientationLandscapeRight";
				INFOPLIST_KEY_UISupportedInterfaceOrientations_iPhone = "UIInterfaceOrientationPortrait UIInterfaceOrientationLandscapeLeft UIInterfaceOrientationLandscapeRight";
				IPHONEOS_DEPLOYMENT_TARGET = 26.0;
				LD_RUNPATH_SEARCH_PATHS = "@executable_path/Frameworks";
				"LD_RUNPATH_SEARCH_PATHS[sdk=macosx*]" = "@executable_path/../Frameworks";
				MACOSX_DEPLOYMENT_TARGET = 26.0;
				MARKETING_VERSION = 0.1;
				PRODUCT_BUNDLE_IDENTIFIER = com.MotleyWoods.Molten;
				PRODUCT_NAME = "$(TARGET_NAME)";
				REGISTER_APP_GROUPS = YES;
				SDKROOT = auto;
				STRING_CATALOG_GENERATE_SYMBOLS = YES;
				SUPPORTED_PLATFORMS = "iphoneos iphonesimulator macosx";
				SUPPORTS_MACCATALYST = NO;
				SWIFT_APPROACHABLE_CONCURRENCY = YES;
				SWIFT_DEFAULT_ACTOR_ISOLATION = MainActor;
				SWIFT_EMIT_LOC_STRINGS = YES;
				SWIFT_UPCOMING_FEATURE_MEMBER_IMPORT_VISIBILITY = YES;
				SWIFT_VERSION = 6.0;
				TARGETED_DEVICE_FAMILY = "1,2";
				XROS_DEPLOYMENT_TARGET = 26.0;
			};
			name = Release;
		};
		F5A13C752E890147002C0F7A /* Debug */ = {
			isa = XCBuildConfiguration;
			buildSettings = {
				ALWAYS_SEARCH_USER_PATHS = NO;
				ASSETCATALOG_COMPILER_GENERATE_SWIFT_ASSET_SYMBOL_EXTENSIONS = YES;
				CLANG_ANALYZER_NONNULL = YES;
				CLANG_ANALYZER_NUMBER_OBJECT_CONVERSION = YES_AGGRESSIVE;
				CLANG_CXX_LANGUAGE_STANDARD = "gnu++20";
				CLANG_ENABLE_MODULES = YES;
				CLANG_ENABLE_OBJC_ARC = YES;
				CLANG_ENABLE_OBJC_WEAK = YES;
				CLANG_WARN_BLOCK_CAPTURE_AUTORELEASING = YES;
				CLANG_WARN_BOOL_CONVERSION = YES;
				CLANG_WARN_COMMA = YES;
				CLANG_WARN_CONSTANT_CONVERSION = YES;
				CLANG_WARN_DEPRECATED_OBJC_IMPLEMENTATIONS = YES;
				CLANG_WARN_DIRECT_OBJC_ISA_USAGE = YES_ERROR;
				CLANG_WARN_DOCUMENTATION_COMMENTS = YES;
				CLANG_WARN_EMPTY_BODY = YES;
				CLANG_WARN_ENUM_CONVERSION = YES;
				CLANG_WARN_INFINITE_RECURSION = YES;
				CLANG_WARN_INT_CONVERSION = YES;
				CLANG_WARN_NON_LITERAL_NULL_CONVERSION = YES;
				CLANG_WARN_OBJC_IMPLICIT_RETAIN_SELF = YES;
				CLANG_WARN_OBJC_LITERAL_CONVERSION = YES;
				CLANG_WARN_OBJC_ROOT_CLASS = YES_ERROR;
				CLANG_WARN_QUOTED_INCLUDE_IN_FRAMEWORK_HEADER = YES;
				CLANG_WARN_RANGE_LOOP_ANALYSIS = YES;
				CLANG_WARN_STRICT_PROTOTYPES = YES;
				CLANG_WARN_SUSPICIOUS_MOVE = YES;
				CLANG_WARN_UNGUARDED_AVAILABILITY = YES_AGGRESSIVE;
				CLANG_WARN_UNREACHABLE_CODE = YES;
				CLANG_WARN__DUPLICATE_METHOD_MATCH = YES;
				COPY_PHASE_STRIP = NO;
				DEBUG_INFORMATION_FORMAT = dwarf;
				ENABLE_STRICT_OBJC_MSGSEND = YES;
				ENABLE_TESTABILITY = YES;
				ENABLE_USER_SCRIPT_SANDBOXING = YES;
				GCC_C_LANGUAGE_STANDARD = gnu17;
				GCC_DYNAMIC_NO_PIC = NO;
				GCC_NO_COMMON_BLOCKS = YES;
				GCC_OPTIMIZATION_LEVEL = 0;
				GCC_PREPROCESSOR_DEFINITIONS = (
					"DEBUG=1",
					"$(inherited)",
				);
				GCC_WARN_64_TO_32_BIT_CONVERSION = YES;
				GCC_WARN_ABOUT_RETURN_TYPE = YES_ERROR;
				GCC_WARN_UNDECLARED_SELECTOR = YES;
				GCC_WARN_UNINITIALIZED_AUTOS = YES_AGGRESSIVE;
				GCC_WARN_UNUSED_FUNCTION = YES;
				GCC_WARN_UNUSED_VARIABLE = YES;
				LOCALIZATION_PREFERS_STRING_CATALOGS = YES;
				MTL_ENABLE_DEBUG_INFO = INCLUDE_SOURCE;
				MTL_FAST_MATH = YES;
				ONLY_ACTIVE_ARCH = YES;
				SWIFT_ACTIVE_COMPILATION_CONDITIONS = "DEBUG $(inherited)";
				SWIFT_OPTIMIZATION_LEVEL = "-Onone";
			};
			name = Debug;
		};
		F5A13C762E890147002C0F7A /* Release */ = {
			isa = XCBuildConfiguration;
			buildSettings = {
				ALWAYS_SEARCH_USER_PATHS = NO;
				ASSETCATALOG_COMPILER_GENERATE_SWIFT_ASSET_SYMBOL_EXTENSIONS = YES;
				CLANG_ANALYZER_NONNULL = YES;
				CLANG_ANALYZER_NUMBER_OBJECT_CONVERSION = YES_AGGRESSIVE;
				CLANG_CXX_LANGUAGE_STANDARD = "gnu++20";
				CLANG_ENABLE_MODULES = YES;
				CLANG_ENABLE_OBJC_ARC = YES;
				CLANG_ENABLE_OBJC_WEAK = YES;
				CLANG_WARN_BLOCK_CAPTURE_AUTORELEASING = YES;
				CLANG_WARN_BOOL_CONVERSION = YES;
				CLANG_WARN_COMMA = YES;
				CLANG_WARN_CONSTANT_CONVERSION = YES;
				CLANG_WARN_DEPRECATED_OBJC_IMPLEMENTATIONS = YES;
				CLANG_WARN_DIRECT_OBJC_ISA_USAGE = YES_ERROR;
				CLANG_WARN_DOCUMENTATION_COMMENTS = YES;
				CLANG_WARN_EMPTY_BODY = YES;
				CLANG_WARN_ENUM_CONVERSION = YES;
				CLANG_WARN_INFINITE_RECURSION = YES;
				CLANG_WARN_INT_CONVERSION = YES;
				CLANG_WARN_NON_LITERAL_NULL_CONVERSION = YES;
				CLANG_WARN_OBJC_IMPLICIT_RETAIN_SELF = YES;
				CLANG_WARN_OBJC_LITERAL_CONVERSION = YES;
				CLANG_WARN_OBJC_ROOT_CLASS = YES_ERROR;
				CLANG_WARN_QUOTED_INCLUDE_IN_FRAMEWORK_HEADER = YES;
				CLANG_WARN_RANGE_LOOP_ANALYSIS = YES;
				CLANG_WARN_STRICT_PROTOTYPES = YES;
				CLANG_WARN_SUSPICIOUS_MOVE = YES;
				CLANG_WARN_UNGUARDED_AVAILABILITY = YES_AGGRESSIVE;
				CLANG_WARN_UNREACHABLE_CODE = YES;
				CLANG_WARN__DUPLICATE_METHOD_MATCH = YES;
				COPY_PHASE_STRIP = NO;
				DEBUG_INFORMATION_FORMAT = "dwarf-with-dsym";
				ENABLE_NS_ASSERTIONS = NO;
				ENABLE_STRICT_OBJC_MSGSEND = YES;
				ENABLE_USER_SCRIPT_SANDBOXING = YES;
				GCC_C_LANGUAGE_STANDARD = gnu17;
				GCC_NO_COMMON_BLOCKS = YES;
				GCC_WARN_64_TO_32_BIT_CONVERSION = YES;
				GCC_WARN_ABOUT_RETURN_TYPE = YES_ERROR;
				GCC_WARN_UNDECLARED_SELECTOR = YES;
				GCC_WARN_UNINITIALIZED_AUTOS = YES_AGGRESSIVE;
				GCC_WARN_UNUSED_FUNCTION = YES;
				GCC_WARN_UNUSED_VARIABLE = YES;
				LOCALIZATION_PREFERS_STRING_CATALOGS = YES;
				MTL_ENABLE_DEBUG_INFO = NO;
				MTL_FAST_MATH = YES;
				SWIFT_COMPILATION_MODE = wholemodule;
			};
			name = Release;
		};
		F5D3D63E2E9DCB0100DAA195 /* Debug */ = {
			isa = XCBuildConfiguration;
			buildSettings = {
				BUNDLE_LOADER = "$(TEST_HOST)";
				CODE_SIGN_STYLE = Automatic;
				CURRENT_PROJECT_VERSION = 1;
				DEVELOPMENT_TEAM = 755FYD4YJY;
				GENERATE_INFOPLIST_FILE = YES;
				IPHONEOS_DEPLOYMENT_TARGET = 26.0;
				MARKETING_VERSION = 1.0;
				PRODUCT_BUNDLE_IDENTIFIER = motleywoods.PerformanceTests;
				PRODUCT_NAME = "$(TARGET_NAME)";
				SDKROOT = iphoneos;
				STRING_CATALOG_GENERATE_SYMBOLS = NO;
				SWIFT_APPROACHABLE_CONCURRENCY = YES;
				SWIFT_EMIT_LOC_STRINGS = NO;
				SWIFT_UPCOMING_FEATURE_MEMBER_IMPORT_VISIBILITY = YES;
				SWIFT_VERSION = 6.0;
				TARGETED_DEVICE_FAMILY = "1,2";
				TEST_HOST = "$(BUILT_PRODUCTS_DIR)/Molten.app/$(BUNDLE_EXECUTABLE_FOLDER_PATH)/Molten";
			};
			name = Debug;
		};
		F5D3D63F2E9DCB0100DAA195 /* Release */ = {
			isa = XCBuildConfiguration;
			buildSettings = {
				BUNDLE_LOADER = "$(TEST_HOST)";
				CODE_SIGN_STYLE = Automatic;
				CURRENT_PROJECT_VERSION = 1;
				DEVELOPMENT_TEAM = 755FYD4YJY;
				GENERATE_INFOPLIST_FILE = YES;
				IPHONEOS_DEPLOYMENT_TARGET = 26.0;
				MARKETING_VERSION = 1.0;
				PRODUCT_BUNDLE_IDENTIFIER = motleywoods.PerformanceTests;
				PRODUCT_NAME = "$(TARGET_NAME)";
				SDKROOT = iphoneos;
				STRING_CATALOG_GENERATE_SYMBOLS = NO;
				SWIFT_APPROACHABLE_CONCURRENCY = YES;
				SWIFT_EMIT_LOC_STRINGS = NO;
				SWIFT_UPCOMING_FEATURE_MEMBER_IMPORT_VISIBILITY = YES;
				SWIFT_VERSION = 6.0;
				TARGETED_DEVICE_FAMILY = "1,2";
				TEST_HOST = "$(BUILT_PRODUCTS_DIR)/Molten.app/$(BUNDLE_EXECUTABLE_FOLDER_PATH)/Molten";
				VALIDATE_PRODUCT = YES;
			};
			name = Release;
		};
		F5FACB122EA0B4830084A6D0 /* Debug */ = {
			isa = XCBuildConfiguration;
			buildSettings = {
				BUNDLE_LOADER = "$(TEST_HOST)";
				CODE_SIGN_STYLE = Automatic;
				CURRENT_PROJECT_VERSION = 1;
				DEVELOPMENT_TEAM = 755FYD4YJY;
				GENERATE_INFOPLIST_FILE = YES;
				IPHONEOS_DEPLOYMENT_TARGET = 26.0;
				MARKETING_VERSION = 1.0;
				PRODUCT_BUNDLE_IDENTIFIER = motleywoods.RepositoryTests;
				PRODUCT_NAME = "$(TARGET_NAME)";
				SDKROOT = iphoneos;
				STRING_CATALOG_GENERATE_SYMBOLS = NO;
				SWIFT_APPROACHABLE_CONCURRENCY = YES;
				SWIFT_EMIT_LOC_STRINGS = NO;
				SWIFT_UPCOMING_FEATURE_MEMBER_IMPORT_VISIBILITY = YES;
				SWIFT_VERSION = 6.0;
				TARGETED_DEVICE_FAMILY = "1,2";
				TEST_HOST = "$(BUILT_PRODUCTS_DIR)/Molten.app/$(BUNDLE_EXECUTABLE_FOLDER_PATH)/Molten";
			};
			name = Debug;
		};
		F5FACB132EA0B4830084A6D0 /* Release */ = {
			isa = XCBuildConfiguration;
			buildSettings = {
				BUNDLE_LOADER = "$(TEST_HOST)";
				CODE_SIGN_STYLE = Automatic;
				CURRENT_PROJECT_VERSION = 1;
				DEVELOPMENT_TEAM = 755FYD4YJY;
				GENERATE_INFOPLIST_FILE = YES;
				IPHONEOS_DEPLOYMENT_TARGET = 26.0;
				MARKETING_VERSION = 1.0;
				PRODUCT_BUNDLE_IDENTIFIER = motleywoods.RepositoryTests;
				PRODUCT_NAME = "$(TARGET_NAME)";
				SDKROOT = iphoneos;
				STRING_CATALOG_GENERATE_SYMBOLS = NO;
				SWIFT_APPROACHABLE_CONCURRENCY = YES;
				SWIFT_EMIT_LOC_STRINGS = NO;
				SWIFT_UPCOMING_FEATURE_MEMBER_IMPORT_VISIBILITY = YES;
				SWIFT_VERSION = 6.0;
				TARGETED_DEVICE_FAMILY = "1,2";
				TEST_HOST = "$(BUILT_PRODUCTS_DIR)/Molten.app/$(BUNDLE_EXECUTABLE_FOLDER_PATH)/Molten";
				VALIDATE_PRODUCT = YES;
			};
			name = Release;
		};
/* End XCBuildConfiguration section */

/* Begin XCConfigurationList section */
		F53C0BB92EA7FB020020E1AB /* Build configuration list for PBXNativeTarget "ScreenshotAutomation" */ = {
			isa = XCConfigurationList;
			buildConfigurations = (
				F53C0BBA2EA7FB020020E1AB /* Debug */,
				F53C0BBB2EA7FB020020E1AB /* Release */,
			);
			defaultConfigurationIsVisible = 0;
			defaultConfigurationName = Release;
		};
		F551A42F2E9DAA1A00C9C2F1 /* Build configuration list for PBXNativeTarget "MoltenUITests" */ = {
			isa = XCConfigurationList;
			buildConfigurations = (
				F551A4302E9DAA1A00C9C2F1 /* Debug */,
				F551A4312E9DAA1A00C9C2F1 /* Release */,
			);
			defaultConfigurationIsVisible = 0;
			defaultConfigurationName = Release;
		};
		F55B2F4B2E8F335D00C8059F /* Build configuration list for PBXNativeTarget "MoltenTests" */ = {
			isa = XCConfigurationList;
			buildConfigurations = (
				F55B2F4C2E8F335D00C8059F /* Debug */,
				F55B2F4D2E8F335D00C8059F /* Release */,
			);
			defaultConfigurationIsVisible = 0;
			defaultConfigurationName = Release;
		};
		F5A13C462E890146002C0F7A /* Build configuration list for PBXProject "Molten" */ = {
			isa = XCConfigurationList;
			buildConfigurations = (
				F5A13C752E890147002C0F7A /* Debug */,
				F5A13C762E890147002C0F7A /* Release */,
			);
			defaultConfigurationIsVisible = 0;
			defaultConfigurationName = Release;
		};
		F5A13C722E890147002C0F7A /* Build configuration list for PBXNativeTarget "Molten" */ = {
			isa = XCConfigurationList;
			buildConfigurations = (
				F5A13C732E890147002C0F7A /* Debug */,
				F5A13C742E890147002C0F7A /* Release */,
			);
			defaultConfigurationIsVisible = 0;
			defaultConfigurationName = Release;
		};
		F5D3D63D2E9DCB0100DAA195 /* Build configuration list for PBXNativeTarget "PerformanceTests" */ = {
			isa = XCConfigurationList;
			buildConfigurations = (
				F5D3D63E2E9DCB0100DAA195 /* Debug */,
				F5D3D63F2E9DCB0100DAA195 /* Release */,
			);
			defaultConfigurationIsVisible = 0;
			defaultConfigurationName = Release;
		};
		F5FACB112EA0B4830084A6D0 /* Build configuration list for PBXNativeTarget "RepositoryTests" */ = {
			isa = XCConfigurationList;
			buildConfigurations = (
				F5FACB122EA0B4830084A6D0 /* Debug */,
				F5FACB132EA0B4830084A6D0 /* Release */,
			);
			defaultConfigurationIsVisible = 0;
			defaultConfigurationName = Release;
		};
/* End XCConfigurationList section */
	};
	rootObject = F5A13C432E890146002C0F7A /* Project object */;
}
