// !$*UTF8*$!
{
	archiveVersion = 1;
	classes = {
	};
	objectVersion = 77;
	objects = {

/* Begin PBXBuildFile section */
		F506B6B72EAFC5CB00CDBC6D /* ViewModelTests.xctestplan in Resources */ = {isa = PBXBuildFile; fileRef = F506B6B62EAFC5CB00CDBC6D /* ViewModelTests.xctestplan */; };
		F52C8C2F2EC95283001E5CB0 /* Sentry in Frameworks */ = {isa = PBXBuildFile; productRef = F52C8C2E2EC95283001E5CB0 /* Sentry */; };
		F53C0BD32EA81F980020E1AB /* Screenshots.xctestplan in Resources */ = {isa = PBXBuildFile; fileRef = F53C0BD22EA81F980020E1AB /* Screenshots.xctestplan */; };
		F59F21B92EBF2CDE005A6269 /* RevenueCat in Frameworks */ = {isa = PBXBuildFile; productRef = F59F21B82EBF2CDE005A6269 /* RevenueCat */; };
		F59F21BB2EBF2CDE005A6269 /* RevenueCatUI in Frameworks */ = {isa = PBXBuildFile; productRef = F59F21BA2EBF2CDE005A6269 /* RevenueCatUI */; };
		F59F3AD62EBF1A2C005A6269 /* RevenueCat in Frameworks */ = {isa = PBXBuildFile; productRef = F59F3AD52EBF1A2C005A6269 /* RevenueCat */; };
		F59F3AD82EBF1A2C005A6269 /* RevenueCatUI in Frameworks */ = {isa = PBXBuildFile; productRef = F59F3AD72EBF1A2C005A6269 /* RevenueCatUI */; };
		F5D3D6A82E9DCDE600DAA195 /* UnitTestsOnly.xctestplan in Resources */ = {isa = PBXBuildFile; fileRef = F5D3D6A72E9DCDE600DAA195 /* UnitTestsOnly.xctestplan */; };
		F5D3D6CD2E9DE21600DAA195 /* UITests.xctestplan in Resources */ = {isa = PBXBuildFile; fileRef = F5D3D6CC2E9DE21600DAA195 /* UITests.xctestplan */; };
/* End PBXBuildFile section */

/* Begin PBXContainerItemProxy section */
		F506B69A2EAFC16700CDBC6D /* PBXContainerItemProxy */ = {
			isa = PBXContainerItemProxy;
			containerPortal = F5A13C432E890146002C0F7A /* Project object */;
			proxyType = 1;
			remoteGlobalIDString = F5A13C4A2E890146002C0F7A;
			remoteInfo = Molten;
		};
		F53C0BB72EA7FB020020E1AB /* PBXContainerItemProxy */ = {
			isa = PBXContainerItemProxy;
			containerPortal = F5A13C432E890146002C0F7A /* Project object */;
			proxyType = 1;
			remoteGlobalIDString = F5A13C4A2E890146002C0F7A;
			remoteInfo = Molten;
		};
		F551A42D2E9DAA1A00C9C2F1 /* PBXContainerItemProxy */ = {
			isa = PBXContainerItemProxy;
			containerPortal = F5A13C432E890146002C0F7A /* Project object */;
			proxyType = 1;
			remoteGlobalIDString = F5A13C4A2E890146002C0F7A;
			remoteInfo = Flameworker;
		};
		F55B2F492E8F335D00C8059F /* PBXContainerItemProxy */ = {
			isa = PBXContainerItemProxy;
			containerPortal = F5A13C432E890146002C0F7A /* Project object */;
			proxyType = 1;
			remoteGlobalIDString = F5A13C4A2E890146002C0F7A;
			remoteInfo = Flameworker;
		};
		F5D3D63B2E9DCB0100DAA195 /* PBXContainerItemProxy */ = {
			isa = PBXContainerItemProxy;
			containerPortal = F5A13C432E890146002C0F7A /* Project object */;
			proxyType = 1;
			remoteGlobalIDString = F5A13C4A2E890146002C0F7A;
			remoteInfo = Flameworker;
		};
		F5DB4DB12EAB159C00F6E879 /* PBXContainerItemProxy */ = {
			isa = PBXContainerItemProxy;
			containerPortal = F5A13C432E890146002C0F7A /* Project object */;
			proxyType = 1;
			remoteGlobalIDString = F5DB4DA82EAB159B00F6E879;
			remoteInfo = MoltenShareExtension;
		};
		F5F58EDB2EAECD460017A02E /* PBXContainerItemProxy */ = {
			isa = PBXContainerItemProxy;
			containerPortal = F5A13C432E890146002C0F7A /* Project object */;
			proxyType = 1;
			remoteGlobalIDString = F5A13C4A2E890146002C0F7A;
			remoteInfo = Molten;
		};
		F5FACB0F2EA0B4830084A6D0 /* PBXContainerItemProxy */ = {
			isa = PBXContainerItemProxy;
			containerPortal = F5A13C432E890146002C0F7A /* Project object */;
			proxyType = 1;
			remoteGlobalIDString = F5A13C4A2E890146002C0F7A;
			remoteInfo = Flameworker;
		};
/* End PBXContainerItemProxy section */

/* Begin PBXCopyFilesBuildPhase section */
		F5DB4DB82EAB159C00F6E879 /* Embed Foundation Extensions */ = {
			isa = PBXCopyFilesBuildPhase;
			buildActionMask = 2147483647;
			dstPath = "";
			dstSubfolderSpec = 13;
			files = (
			);
			name = "Embed Foundation Extensions";
			runOnlyForDeploymentPostprocessing = 0;
		};
/* End PBXCopyFilesBuildPhase section */

/* Begin PBXFileReference section */
		32EF0758F08BF42CB3761565 /* UnifiedLocationService.swift */ = {isa = PBXFileReference; includeInIndex = 1; lastKnownFileType = sourcecode.swift; path = UnifiedLocationService.swift; sourceTree = "<group>"; };
		878F664543088F1B86740DD2 /* UnifiedLocationRepository.swift */ = {isa = PBXFileReference; includeInIndex = 1; lastKnownFileType = sourcecode.swift; path = UnifiedLocationRepository.swift; sourceTree = "<group>"; };
		B244734885B21EAEB2AAC553 /* ServiceType.swift */ = {isa = PBXFileReference; includeInIndex = 1; lastKnownFileType = sourcecode.swift; path = ServiceType.swift; sourceTree = "<group>"; };
		DB95FB5AC403E8CFD93211C5 /* CoreDataUnifiedLocationRepository.swift */ = {isa = PBXFileReference; includeInIndex = 1; lastKnownFileType = sourcecode.swift; path = CoreDataUnifiedLocationRepository.swift; sourceTree = "<group>"; };
		E7C7A65B94A6533A14E7AE47 /* taglia_tools.json */ = {isa = PBXFileReference; includeInIndex = 1; lastKnownFileType = text.json; path = taglia_tools.json; sourceTree = "<group>"; };
		F0AA0F21EF80657D274B4674 /* ToolItemDataLoadingService.swift */ = {isa = PBXFileReference; includeInIndex = 1; lastKnownFileType = sourcecode.swift; path = ToolItemDataLoadingService.swift; sourceTree = "<group>"; };
		F506B6B62EAFC5CB00CDBC6D /* ViewModelTests.xctestplan */ = {isa = PBXFileReference; lastKnownFileType = text; path = ViewModelTests.xctestplan; sourceTree = "<group>"; };
		F528A82F2EC693C700CE1F4A /* Molten.app */ = {isa = PBXFileReference; explicitFileType = wrapper.application; includeInIndex = 0; path = Molten.app; sourceTree = BUILT_PRODUCTS_DIR; };
		F528A8302EC693C700CE1F4A /* MoltenShareExtension.appex */ = {isa = PBXFileReference; explicitFileType = "wrapper.app-extension"; includeInIndex = 0; path = MoltenShareExtension.appex; sourceTree = BUILT_PRODUCTS_DIR; };
		F528A8312EC693C700CE1F4A /* MoltenTests.xctest */ = {isa = PBXFileReference; explicitFileType = wrapper.cfbundle; includeInIndex = 0; path = MoltenTests.xctest; sourceTree = BUILT_PRODUCTS_DIR; };
		F528A8322EC693C700CE1F4A /* MoltenUITests.xctest */ = {isa = PBXFileReference; explicitFileType = wrapper.cfbundle; includeInIndex = 0; path = MoltenUITests.xctest; sourceTree = BUILT_PRODUCTS_DIR; };
		F528A8332EC693C700CE1F4A /* PerformanceTests.xctest */ = {isa = PBXFileReference; explicitFileType = wrapper.cfbundle; includeInIndex = 0; path = PerformanceTests.xctest; sourceTree = BUILT_PRODUCTS_DIR; };
		F528A8342EC693C700CE1F4A /* RepositoryTests.xctest */ = {isa = PBXFileReference; explicitFileType = wrapper.cfbundle; includeInIndex = 0; path = RepositoryTests.xctest; sourceTree = BUILT_PRODUCTS_DIR; };
		F528A8352EC693C700CE1F4A /* InventoryImport.xctest */ = {isa = PBXFileReference; explicitFileType = wrapper.cfbundle; includeInIndex = 0; path = InventoryImport.xctest; sourceTree = BUILT_PRODUCTS_DIR; };
		F528A8362EC693C700CE1F4A /* ScreenshotAutomation.xctest */ = {isa = PBXFileReference; explicitFileType = wrapper.cfbundle; includeInIndex = 0; path = ScreenshotAutomation.xctest; sourceTree = BUILT_PRODUCTS_DIR; };
		F528A8372EC693C700CE1F4A /* ViewModelTests.xctest */ = {isa = PBXFileReference; explicitFileType = wrapper.cfbundle; includeInIndex = 0; path = ViewModelTests.xctest; sourceTree = BUILT_PRODUCTS_DIR; };
		F53C0BD22EA81F980020E1AB /* Screenshots.xctestplan */ = {isa = PBXFileReference; lastKnownFileType = text; path = Screenshots.xctestplan; sourceTree = "<group>"; };
		F5D3D6A72E9DCDE600DAA195 /* UnitTestsOnly.xctestplan */ = {isa = PBXFileReference; lastKnownFileType = text; path = UnitTestsOnly.xctestplan; sourceTree = "<group>"; };
		F5D3D6CC2E9DE21600DAA195 /* UITests.xctestplan */ = {isa = PBXFileReference; lastKnownFileType = text; path = UITests.xctestplan; sourceTree = "<group>"; };
		F5FACB512EA0C9590084A6D0 /* RepositoryTests.xctestplan */ = {isa = PBXFileReference; lastKnownFileType = text; path = RepositoryTests.xctestplan; sourceTree = "<group>"; };
		F887709B0F20E4BA442FDEF0 /* UnifiedLocationModel.swift */ = {isa = PBXFileReference; includeInIndex = 1; lastKnownFileType = sourcecode.swift; path = UnifiedLocationModel.swift; sourceTree = "<group>"; };
/* End PBXFileReference section */

/* Begin PBXFileSystemSynchronizedBuildFileExceptionSet section */
		F51BCA4D2ED4F476003799A4 /* Exceptions for "Molten" folder in "PerformanceTests" target */ = {
			isa = PBXFileSystemSynchronizedBuildFileExceptionSet;
			membershipExceptions = (
				Tests/PerformanceTests/ImageHelpers_PerformanceTests.swift,
			);
			target = F5D3D6362E9DCB0100DAA195 /* PerformanceTests */;
		};
		F58C7A602E90AE620052C821 /* Exceptions for "Molten" folder in "MoltenTests" target */ = {
			isa = PBXFileSystemSynchronizedBuildFileExceptionSet;
			membershipExceptions = (
				README.md,
				Sources/Utilities/AdvancedTestingUtilities.swift,
				Sources/Utilities/CollectionSafetyUtilities.swift,
				Sources/Utilities/NetworkSimulationUtilities.swift,
				Sources/Utilities/StringValidationUtilities.swift,
				Sources/Views/Shared/Helpers/UIStateManagers.swift,
				Tests/MoltenTests/App/DefaultTabTests.swift,
				Tests/MoltenTests/App/SubscriptionConfigTests.swift,
				Tests/MoltenTests/CoatingItemTypeSystemTests.swift,
				Tests/MoltenTests/EntitlementServiceTests.swift,
				Tests/MoltenTests/GlassItemTypeSystemTests.swift,
				Tests/MoltenTests/GlassTerminologySettingsTests.swift,
				Tests/MoltenTests/Infrastructure/CoreDataLeakDiagnostic.swift,
				Tests/MoltenTests/Infrastructure/CoreDataPreventionSystem.swift,
				Tests/MoltenTests/Infrastructure/DiagnosticTests.swift,
				Tests/MoltenTests/Infrastructure/MockRepositoryDebugTest.swift,
				Tests/MoltenTests/Infrastructure/RepositoryIdentityTest.swift,
				Tests/MoltenTests/Infrastructure/SimpleIsolatedTest.swift,
				Tests/MoltenTests/Infrastructure/TestConfiguration.swift,
				Tests/MoltenTests/Infrastructure/TestDataBuilder.swift,
				Tests/MoltenTests/Infrastructure/TestDataSetup.swift,
				Tests/MoltenTests/Infrastructure/TestHelpers.swift,
				Tests/MoltenTests/Integration/BasicFunctionalityTests.swift,
				Tests/MoltenTests/Integration/CoreFunctionalityTests.swift,
				Tests/MoltenTests/Integration/CrossEntityIntegrationTests.swift,
				Tests/MoltenTests/Integration/EndToEndWorkflowTests.swift,
				Tests/MoltenTests/Integration/FixedBasicTests.swift,
				Tests/MoltenTests/Integration/GlassItemSpecificTests.swift,
				Tests/MoltenTests/Integration/IntegrationTests.swift,
				Tests/MoltenTests/Integration/MultiUserScenarioTests.swift,
				Tests/MoltenTests/Integration/StoreToShoppingListNavigationTests.swift,
				Tests/MoltenTests/Integration/UserTagsIntegrationTests.swift,
				Tests/MoltenTests/Integration/ViewRepositoryIntegrationTests.swift,
				Tests/MoltenTests/InventorySharingAPIClientTests.swift,
				Tests/MoltenTests/InventorySharingCoordinatorTests.swift,
				Tests/MoltenTests/InventorySharingServiceTests.swift,
				Tests/MoltenTests/InventorySnapshotTests.swift,
				Tests/MoltenTests/KeyPairManagerTests.swift,
				Tests/MoltenTests/LabelPresetManagementTests.swift,
				Tests/MoltenTests/Models/AggregatedRatingModelTests.swift,
				Tests/MoltenTests/Models/AuthorModelTests.swift,
				Tests/MoltenTests/Models/CatalogCodeLookupTests.swift,
				Tests/MoltenTests/Models/CatalogSortOptionTests.swift,
				Tests/MoltenTests/Models/CatalogUnitsTests.swift,
				Tests/MoltenTests/Models/CatalogUpdateModelsTests.swift,
				Tests/MoltenTests/Models/CatalogUpdatePreferencesTests.swift,
				Tests/MoltenTests/Models/COEGlassTypeTests.swift,
				Tests/MoltenTests/Models/DataModelValidationTests.swift,
				Tests/MoltenTests/Models/DefaultUnitsTests.swift,
				Tests/MoltenTests/Models/DimensionUnitTests.swift,
				Tests/MoltenTests/Models/GlassItemSearchRequestTests.swift,
				Tests/MoltenTests/Models/GlassItemSortOptionTests.swift,
				Tests/MoltenTests/Models/InventoryLocationTests.swift,
				Tests/MoltenTests/Models/InventoryModelValidationTests.swift,
				Tests/MoltenTests/Models/ItemShoppingModelTests.swift,
				Tests/MoltenTests/Models/KilnScheduleModelTests.swift,
				Tests/MoltenTests/Models/LabelPresetTests.swift,
				Tests/MoltenTests/Models/LastUsedInventoryTypePreferenceTests.swift,
				Tests/MoltenTests/Models/LocationTypeTests.swift,
				Tests/MoltenTests/Models/LogbookModelTests.swift,
				Tests/MoltenTests/Models/LowStockDetailModelTests.swift,
				Tests/MoltenTests/Models/LowStockReportModelTests.swift,
				Tests/MoltenTests/Models/ManufacturerFilterModelTests.swift,
				Tests/MoltenTests/Models/ManufacturerStatisticsModelSortingTests.swift,
				Tests/MoltenTests/Models/ProjectGlassItemTests.swift,
				Tests/MoltenTests/Models/ProjectModelTests.swift,
				Tests/MoltenTests/Models/ProjectReferenceUrlTests.swift,
				Tests/MoltenTests/Models/RatingSubmissionModelTests.swift,
				Tests/MoltenTests/Models/RatingWordModelTests.swift,
				Tests/MoltenTests/Models/ServiceTypeTests.swift,
				Tests/MoltenTests/Models/ServiceValidationTests.swift,
				Tests/MoltenTests/Models/ShoppingListItemModelTests.swift,
				Tests/MoltenTests/Models/ShoppingListModelsSortingTests.swift,
				Tests/MoltenTests/Models/StorageLocationModelTests.swift,
				Tests/MoltenTests/Models/StoreStatisticsModelSortingTests.swift,
				Tests/MoltenTests/Models/SubscriptionModelsTests.swift,
				Tests/MoltenTests/Models/TechniqueTypeTests.swift,
				Tests/MoltenTests/Models/WeightUnitTests.swift,
				Tests/MoltenTests/Repositories/InventoryRepositoryLocationTests.swift,
				Tests/MoltenTests/Repositories/KilnScheduleRepositoryErrorsTests.swift,
				Tests/MoltenTests/Repositories/MockLogbookRepositoryTests.swift,
				Tests/MoltenTests/Repositories/MockUserImageRepositoryTests.swift,
				Tests/MoltenTests/Repositories/ProjectRepositoryErrorsTests.swift,
				Tests/MoltenTests/Repositories/ShoppingListRepositoryTests.swift,
				Tests/MoltenTests/Repositories/UserImageRepositoryTests.swift,
				Tests/MoltenTests/Services/BackgroundUpdateServiceTests.swift,
				Tests/MoltenTests/Services/BackupAPIClientTests.swift,
				Tests/MoltenTests/Services/BackupKeyGeneratorTests.swift,
				Tests/MoltenTests/Services/BackupPreferencesTests.swift,
				Tests/MoltenTests/Services/BackupServiceTests.swift,
				Tests/MoltenTests/Services/CatalogAPIClientTests.swift,
				Tests/MoltenTests/Services/CatalogDatabaseManagerTests.swift,
				Tests/MoltenTests/Services/CatalogServiceAdvancedTests.swift,
				Tests/MoltenTests/Services/CatalogStorageServiceTests.swift,
				Tests/MoltenTests/Services/CatalogUpdateNotificationTests.swift,
				Tests/MoltenTests/Services/CatalogUpdateServiceTests.swift,
				Tests/MoltenTests/Services/CloudKitIdentityServiceTests.swift,
				Tests/MoltenTests/Services/DataExportServiceTests.swift,
				Tests/MoltenTests/Services/DataInitializationServiceTests.swift,
				Tests/MoltenTests/Services/DataLoadingServiceTests.swift,
				Tests/MoltenTests/Services/DateAwareInventoryTests.swift,
				Tests/MoltenTests/Services/EntityCoordinatorTests.swift,
				Tests/MoltenTests/Services/ImageSubmissionAPIClientTests.swift,
				Tests/MoltenTests/Services/InventoryServiceTests.swift,
				Tests/MoltenTests/Services/InventoryTrackingServiceLocationTests.swift,
				Tests/MoltenTests/Services/InventoryTrackingServiceTests.swift,
				Tests/MoltenTests/Services/KilnScheduleServiceTests.swift,
				Tests/MoltenTests/Services/LabelPrintingServiceTests.swift,
				Tests/MoltenTests/Services/LocationServiceTests.swift,
				Tests/MoltenTests/Services/ManufacturerFilterServiceTests.swift,
				Tests/MoltenTests/Services/MockCatalogUpdateHelpers.swift,
				Tests/MoltenTests/Services/ProjectExportServiceTests.swift,
				Tests/MoltenTests/Services/ProjectImportServiceTests.swift,
				Tests/MoltenTests/Services/ProjectServiceTests.swift,
				Tests/MoltenTests/Services/PurchaseRecordServiceTests.swift,
				Tests/MoltenTests/Services/ReportingServiceTests.swift,
				Tests/MoltenTests/Services/SentryLoggerTests.swift,
				Tests/MoltenTests/Services/ShoppingListServiceTests.swift,
				Tests/MoltenTests/Services/SubscriptionServiceTests.swift,
				Tests/MoltenTests/ShareCodeGeneratorTests.swift,
				Tests/MoltenTests/SubscriptionManagerTests.swift,
				Tests/MoltenTests/Utilities/ArrayExtensionsTests.swift,
				Tests/MoltenTests/Utilities/CatalogFormattersTests.swift,
				Tests/MoltenTests/Utilities/ColorChipDisplayModeTests.swift,
				Tests/MoltenTests/Utilities/DataGzipTests.swift,
				Tests/MoltenTests/Utilities/DataSHA256Tests.swift,
				Tests/MoltenTests/Utilities/DecimalFormattingTests.swift,
				Tests/MoltenTests/Utilities/ErrorBoundaryTests.swift,
				Tests/MoltenTests/Utilities/ErrorHandlingTests.swift,
				Tests/MoltenTests/Utilities/ImageHelpersTests.swift,
				Tests/MoltenTests/Utilities/ImageLoadingTests.swift,
				Tests/MoltenTests/Utilities/ImagePermissionTests.swift,
				Tests/MoltenTests/Utilities/ImageTextExtractionTests.swift,
				Tests/MoltenTests/Utilities/InventoryTypeEncoderTests.swift,
				Tests/MoltenTests/Utilities/JSON5ParserTests.swift,
				Tests/MoltenTests/Utilities/NetworkSimulationTests.swift,
				Tests/MoltenTests/Utilities/SearchTextParserTests.swift,
				Tests/MoltenTests/Utilities/SearchUtilitiesConfigurationTests.swift,
				Tests/MoltenTests/Utilities/SearchUtilitiesTests.swift,
				Tests/MoltenTests/Utilities/SimpleErrorHandlingTests.swift,
				Tests/MoltenTests/Utilities/SortUtilitiesTests.swift,
				Tests/MoltenTests/Utilities/StringExtensionsTests.swift,
				Tests/MoltenTests/Utilities/TagColorMappingTests.swift,
				Tests/MoltenTests/Utilities/ValidationUtilitiesTests.swift,
				Tests/MoltenTests/Utilities/ViewUtilitiesTests.swift,
				Tests/MoltenTests/Views/Catalog/CatalogBundleDebugViewTests.swift,
				Tests/MoltenTests/Views/Catalog/CatalogViewDataInitializationTests.swift,
				Tests/MoltenTests/Views/Catalog/GlassItemSearchSelectorTests.swift,
				Tests/MoltenTests/Views/Catalog/MockCatalogViewModel.swift,
				Tests/MoltenTests/Views/CatalogUpdateViewModelTests.swift,
				Tests/MoltenTests/Views/CatalogViewModelTests.swift,
				Tests/MoltenTests/Views/Inventory/AddInventoryItemView_NotesTests.swift,
				Tests/MoltenTests/Views/Inventory/AddInventoryItemViewTests.swift,
				Tests/MoltenTests/Views/Inventory/InventoryDetailView_EntitlementTests.swift,
				Tests/MoltenTests/Views/Inventory/InventoryDetailView_ShoppingListTests.swift,
				Tests/MoltenTests/Views/Inventory/InventoryDetailView_TagManagementTests.swift,
				Tests/MoltenTests/Views/Inventory/InventoryDetailViewTests.swift,
				Tests/MoltenTests/Views/Inventory/InventoryDetailViewUserNotesTests.swift,
				Tests/MoltenTests/Views/Inventory/InventoryItemDetailViewTests.swift,
				Tests/MoltenTests/Views/Inventory/InventorySearchSuggestionsTests.swift,
				Tests/MoltenTests/Views/Inventory/InventoryViewComponentsTests.swift,
				Tests/MoltenTests/Views/Inventory/LocationAutoCompleteFieldTests.swift,
				Tests/MoltenTests/Views/Inventory/LocationDetailViewTests.swift,
				Tests/MoltenTests/Views/Inventory/MockInventoryViewModel.swift,
				Tests/MoltenTests/Views/Inventory/UserNotesEditorTests.swift,
				Tests/MoltenTests/Views/LabelDesignerViewTests.swift,
				Tests/MoltenTests/Views/ProjectLog/AddLogbookEntryViewTests.swift,
				Tests/MoltenTests/Views/ProjectLog/LogbookViewTests.swift,
				Tests/MoltenTests/Views/ProjectLog/MockLogbookViewModel.swift,
				Tests/MoltenTests/Views/ProjectLog/ProjectDetailViewTests.swift,
				Tests/MoltenTests/Views/Purchases/MockPurchasesViewModel.swift,
				Tests/MoltenTests/Views/Settings/UserSettingsOwnerTests.swift,
				Tests/MoltenTests/Views/Settings/UserSettingsTests.swift,
				Tests/MoltenTests/Views/Shared/CollapsibleSectionHeaderTests.swift,
				Tests/MoltenTests/Views/Shared/ColorSwatchViewTests.swift,
				Tests/MoltenTests/Views/Shared/GlassItemImageSelectorTests.swift,
				Tests/MoltenTests/Views/Shared/ImageSubmissionSheetTests.swift,
				Tests/MoltenTests/Views/Shared/LabelDataOwnerTests.swift,
				Tests/MoltenTests/Views/Shared/LabelPrintingOwnerTests.swift,
				Tests/MoltenTests/Views/Shared/LabelTextAlignmentTests.swift,
				Tests/MoltenTests/Views/Shared/LabelTextFieldOwnerTests.swift,
				Tests/MoltenTests/Views/Shared/MainTabViewTests.swift,
				Tests/MoltenTests/Views/Shared/ShareExtensionImageTests.swift,
				Tests/MoltenTests/Views/Shared/ShareExtensionTests.swift,
				Tests/MoltenTests/Views/Shared/TabConfigurationTests.swift,
				Tests/MoltenTests/Views/Shared/TabNavigationTests.swift,
				Tests/MoltenTests/Views/Shared/UIStateManagementTests.swift,
				Tests/MoltenTests/Views/Shopping/MockShoppingListViewModel.swift,
				Tests/MoltenTests/Views/Shopping/ShoppingListItemCreationTests.swift,
				Tests/MoltenTests/Views/Shopping/ShoppingListStoreFilteringTests.swift,
				Tests/MoltenTests/Views/Shopping/ShoppingListViewTests.swift,
				Tests/MoltenTests/Views/Shopping/ShoppingModeCheckoutTests.swift,
				Tests/MoltenTests/Views/Shopping/ShoppingModeStateTests.swift,
				Tests/MoltenTests/Views/Shopping/StoreAutoCompleteFieldTests.swift,
				Tests/MoltenTests/Views/SubscriptionViewModelTests.swift,
				Tests/RepositoryTests/CoreData/CoreDataKilnScheduleRepositoryTests.swift,
				Tests/RepositoryTests/Mock/MockCoatingItemRepository.swift,
				Tests/RepositoryTests/Mock/MockGlassItemRepository.swift,
				Tests/RepositoryTests/Mock/MockInventoryRepository.swift,
				Tests/RepositoryTests/Mock/MockItemMinimumRepository.swift,
				Tests/RepositoryTests/Mock/MockItemTagsRepository.swift,
				Tests/RepositoryTests/Mock/MockLogbookRepository.swift,
				Tests/RepositoryTests/Mock/MockPurchaseRecordRepository.swift,
				Tests/RepositoryTests/Mock/MockRatingRepository.swift,
				Tests/RepositoryTests/Mock/MockShoppingListRepository.swift,
				Tests/RepositoryTests/Mock/MockToolItemRepository.swift,
				Tests/RepositoryTests/Mock/MockUserNotesRepository.swift,
				Tests/RepositoryTests/Mock/MockUserTagsRepository.swift,
			);
			target = F55B2F442E8F335D00C8059F /* MoltenTests */;
		};
		F58D50C22E8B91F1005B18B3 /* Exceptions for "Molten" folder in "Molten" target */ = {
			isa = PBXFileSystemSynchronizedBuildFileExceptionSet;
			membershipExceptions = (
				Info.plist,
				README.md,
				Sources/Utilities/AdvancedTestingUtilities.swift,
				Sources/Utilities/CollectionSafetyUtilities.swift,
				Sources/Utilities/NetworkSimulationUtilities.swift,
				Sources/Utilities/StringValidationUtilities.swift,
				Sources/Views/Shared/Helpers/UIStateManagers.swift,
				Tests/InventoryImport/InventoryImportServiceTests.swift,
				Tests/MoltenTests/App/DefaultTabTests.swift,
				Tests/MoltenTests/App/SubscriptionConfigTests.swift,
				Tests/MoltenTests/CoatingItemTypeSystemTests.swift,
				Tests/MoltenTests/EntitlementServiceTests.swift,
				Tests/MoltenTests/GlassItemTypeSystemTests.swift,
				Tests/MoltenTests/GlassTerminologySettingsTests.swift,
				Tests/MoltenTests/Infrastructure/CoreDataLeakDiagnostic.swift,
				Tests/MoltenTests/Infrastructure/CoreDataPreventionSystem.swift,
				Tests/MoltenTests/Infrastructure/DiagnosticTests.swift,
				Tests/MoltenTests/Infrastructure/MockRepositoryDebugTest.swift,
				Tests/MoltenTests/Infrastructure/RepositoryIdentityTest.swift,
				Tests/MoltenTests/Infrastructure/SimpleIsolatedTest.swift,
				Tests/MoltenTests/Infrastructure/TestConfiguration.swift,
				Tests/MoltenTests/Infrastructure/TestDataBuilder.swift,
				Tests/MoltenTests/Infrastructure/TestDataSetup.swift,
				Tests/MoltenTests/Infrastructure/TestHelpers.swift,
				Tests/MoltenTests/Integration/BasicFunctionalityTests.swift,
				Tests/MoltenTests/Integration/CoreFunctionalityTests.swift,
				Tests/MoltenTests/Integration/CrossEntityIntegrationTests.swift,
				Tests/MoltenTests/Integration/EndToEndWorkflowTests.swift,
				Tests/MoltenTests/Integration/FixedBasicTests.swift,
				Tests/MoltenTests/Integration/GlassItemSpecificTests.swift,
				Tests/MoltenTests/Integration/IntegrationTests.swift,
				Tests/MoltenTests/Integration/MultiUserScenarioTests.swift,
				Tests/MoltenTests/Integration/StoreToShoppingListNavigationTests.swift,
				Tests/MoltenTests/Integration/UserTagsIntegrationTests.swift,
				Tests/MoltenTests/Integration/ViewRepositoryIntegrationTests.swift,
				Tests/MoltenTests/InventorySharingAPIClientTests.swift,
				Tests/MoltenTests/InventorySharingCoordinatorTests.swift,
				Tests/MoltenTests/InventorySharingServiceTests.swift,
				Tests/MoltenTests/InventorySnapshotTests.swift,
				Tests/MoltenTests/KeyPairManagerTests.swift,
				Tests/MoltenTests/LabelPresetManagementTests.swift,
				Tests/MoltenTests/Models/AggregatedRatingModelTests.swift,
				Tests/MoltenTests/Models/AuthorModelTests.swift,
				Tests/MoltenTests/Models/CatalogCodeLookupTests.swift,
				Tests/MoltenTests/Models/CatalogSortOptionTests.swift,
				Tests/MoltenTests/Models/CatalogUnitsTests.swift,
				Tests/MoltenTests/Models/CatalogUpdateModelsTests.swift,
				Tests/MoltenTests/Models/CatalogUpdatePreferencesTests.swift,
				Tests/MoltenTests/Models/COEGlassTypeTests.swift,
				Tests/MoltenTests/Models/DataModelValidationTests.swift,
				Tests/MoltenTests/Models/DefaultUnitsTests.swift,
				Tests/MoltenTests/Models/DimensionUnitTests.swift,
				Tests/MoltenTests/Models/GlassItemSearchRequestTests.swift,
				Tests/MoltenTests/Models/GlassItemSortOptionTests.swift,
				Tests/MoltenTests/Models/InventoryLocationTests.swift,
				Tests/MoltenTests/Models/InventoryModelValidationTests.swift,
				Tests/MoltenTests/Models/ItemShoppingModelTests.swift,
				Tests/MoltenTests/Models/KilnScheduleModelTests.swift,
				Tests/MoltenTests/Models/LabelPresetTests.swift,
				Tests/MoltenTests/Models/LastUsedInventoryTypePreferenceTests.swift,
				Tests/MoltenTests/Models/LocationTypeTests.swift,
				Tests/MoltenTests/Models/LogbookModelTests.swift,
				Tests/MoltenTests/Models/LowStockDetailModelTests.swift,
				Tests/MoltenTests/Models/LowStockReportModelTests.swift,
				Tests/MoltenTests/Models/ManufacturerFilterModelTests.swift,
				Tests/MoltenTests/Models/ManufacturerStatisticsModelSortingTests.swift,
				Tests/MoltenTests/Models/ProjectGlassItemTests.swift,
				Tests/MoltenTests/Models/ProjectModelTests.swift,
				Tests/MoltenTests/Models/ProjectReferenceUrlTests.swift,
				Tests/MoltenTests/Models/RatingSubmissionModelTests.swift,
				Tests/MoltenTests/Models/RatingWordModelTests.swift,
				Tests/MoltenTests/Models/ServiceTypeTests.swift,
				Tests/MoltenTests/Models/ServiceValidationTests.swift,
				Tests/MoltenTests/Models/ShoppingListItemModelTests.swift,
				Tests/MoltenTests/Models/ShoppingListModelsSortingTests.swift,
				Tests/MoltenTests/Models/StorageLocationModelTests.swift,
				Tests/MoltenTests/Models/StoreStatisticsModelSortingTests.swift,
				Tests/MoltenTests/Models/SubscriptionModelsTests.swift,
				Tests/MoltenTests/Models/TechniqueTypeTests.swift,
				Tests/MoltenTests/Models/WeightUnitTests.swift,
				Tests/MoltenTests/Repositories/InventoryRepositoryLocationTests.swift,
				Tests/MoltenTests/Repositories/KilnScheduleRepositoryErrorsTests.swift,
				Tests/MoltenTests/Repositories/MockLogbookRepositoryTests.swift,
				Tests/MoltenTests/Repositories/MockUserImageRepositoryTests.swift,
				Tests/MoltenTests/Repositories/ProjectRepositoryErrorsTests.swift,
				Tests/MoltenTests/Repositories/ShoppingListRepositoryTests.swift,
				Tests/MoltenTests/Repositories/UserImageRepositoryTests.swift,
				Tests/MoltenTests/Repositories/UserPreferencesRepositoryTests.swift,
				Tests/MoltenTests/Services/BackgroundUpdateServiceTests.swift,
				Tests/MoltenTests/Services/BackupAPIClientTests.swift,
				Tests/MoltenTests/Services/BackupKeyGeneratorTests.swift,
				Tests/MoltenTests/Services/BackupPreferencesTests.swift,
				Tests/MoltenTests/Services/BackupServiceTests.swift,
				Tests/MoltenTests/Services/CatalogAPIClientTests.swift,
				Tests/MoltenTests/Services/CatalogDatabaseManagerTests.swift,
				Tests/MoltenTests/Services/CatalogServiceAdvancedTests.swift,
				Tests/MoltenTests/Services/CatalogStorageServiceTests.swift,
				Tests/MoltenTests/Services/CatalogUpdateNotificationTests.swift,
				Tests/MoltenTests/Services/CatalogUpdateServiceTests.swift,
				Tests/MoltenTests/Services/CloudKitIdentityServiceTests.swift,
				Tests/MoltenTests/Services/DataExportServiceTests.swift,
				Tests/MoltenTests/Services/DataInitializationServiceTests.swift,
				Tests/MoltenTests/Services/DataLoadingServiceTests.swift,
				Tests/MoltenTests/Services/DateAwareInventoryTests.swift,
				Tests/MoltenTests/Services/EntityCoordinatorTests.swift,
				Tests/MoltenTests/Services/ImageSubmissionAPIClientTests.swift,
				Tests/MoltenTests/Services/InventoryServiceTests.swift,
				Tests/MoltenTests/Services/InventoryTrackingServiceLocationTests.swift,
				Tests/MoltenTests/Services/InventoryTrackingServiceTests.swift,
				Tests/MoltenTests/Services/KilnScheduleServiceTests.swift,
				Tests/MoltenTests/Services/LabelPrintingServiceTests.swift,
				Tests/MoltenTests/Services/LocationServiceTests.swift,
				Tests/MoltenTests/Services/ManufacturerFilterServiceTests.swift,
				Tests/MoltenTests/Services/MockCatalogUpdateHelpers.swift,
				Tests/MoltenTests/Services/ProjectExportServiceTests.swift,
				Tests/MoltenTests/Services/ProjectImportServiceTests.swift,
				Tests/MoltenTests/Services/ProjectServiceTests.swift,
				Tests/MoltenTests/Services/PurchaseRecordServiceTests.swift,
				Tests/MoltenTests/Services/ReportingServiceTests.swift,
				Tests/MoltenTests/Services/SentryLoggerTests.swift,
				Tests/MoltenTests/Services/ShoppingListServiceTests.swift,
				Tests/MoltenTests/Services/SubscriptionServiceTests.swift,
				Tests/MoltenTests/ShareCodeGeneratorTests.swift,
				Tests/MoltenTests/SubscriptionManagerTests.swift,
				Tests/MoltenTests/Utilities/ArrayExtensionsTests.swift,
				Tests/MoltenTests/Utilities/CatalogFormattersTests.swift,
				Tests/MoltenTests/Utilities/ColorChipDisplayModeTests.swift,
				Tests/MoltenTests/Utilities/DataGzipTests.swift,
				Tests/MoltenTests/Utilities/DataSHA256Tests.swift,
				Tests/MoltenTests/Utilities/DecimalFormattingTests.swift,
				Tests/MoltenTests/Utilities/ErrorBoundaryTests.swift,
				Tests/MoltenTests/Utilities/ErrorHandlingTests.swift,
				Tests/MoltenTests/Utilities/ImageHelpersTests.swift,
				Tests/MoltenTests/Utilities/ImageLoadingTests.swift,
				Tests/MoltenTests/Utilities/ImagePermissionTests.swift,
				Tests/MoltenTests/Utilities/ImageTextExtractionTests.swift,
				Tests/MoltenTests/Utilities/InventoryTypeEncoderTests.swift,
				Tests/MoltenTests/Utilities/JSON5ParserTests.swift,
				Tests/MoltenTests/Utilities/NetworkSimulationTests.swift,
				Tests/MoltenTests/Utilities/SearchTextParserTests.swift,
				Tests/MoltenTests/Utilities/SearchUtilitiesConfigurationTests.swift,
				Tests/MoltenTests/Utilities/SearchUtilitiesTests.swift,
				Tests/MoltenTests/Utilities/SimpleErrorHandlingTests.swift,
				Tests/MoltenTests/Utilities/SortUtilitiesTests.swift,
				Tests/MoltenTests/Utilities/StringExtensionsTests.swift,
				Tests/MoltenTests/Utilities/TagColorMappingTests.swift,
				Tests/MoltenTests/Utilities/ValidationUtilitiesTests.swift,
				Tests/MoltenTests/Utilities/ViewUtilitiesTests.swift,
				Tests/MoltenTests/Views/Catalog/CatalogBundleDebugViewTests.swift,
				Tests/MoltenTests/Views/Catalog/CatalogViewDataInitializationTests.swift,
				Tests/MoltenTests/Views/Catalog/GlassItemSearchSelectorTests.swift,
				Tests/MoltenTests/Views/Catalog/MockCatalogViewModel.swift,
				Tests/MoltenTests/Views/CatalogUpdateViewModelTests.swift,
				Tests/MoltenTests/Views/CatalogViewModelTests.swift,
				Tests/MoltenTests/Views/Inventory/AddInventoryItemView_NotesTests.swift,
				Tests/MoltenTests/Views/Inventory/AddInventoryItemViewTests.swift,
				Tests/MoltenTests/Views/Inventory/InventoryDetailView_EntitlementTests.swift,
				Tests/MoltenTests/Views/Inventory/InventoryDetailView_ShoppingListTests.swift,
				Tests/MoltenTests/Views/Inventory/InventoryDetailView_TagManagementTests.swift,
				Tests/MoltenTests/Views/Inventory/InventoryDetailViewTests.swift,
				Tests/MoltenTests/Views/Inventory/InventoryDetailViewUserNotesTests.swift,
				Tests/MoltenTests/Views/Inventory/InventoryItemDetailViewTests.swift,
				Tests/MoltenTests/Views/Inventory/InventorySearchSuggestionsTests.swift,
				Tests/MoltenTests/Views/Inventory/InventoryViewComponentsTests.swift,
				Tests/MoltenTests/Views/Inventory/LocationAutoCompleteFieldTests.swift,
				Tests/MoltenTests/Views/Inventory/LocationDetailViewTests.swift,
				Tests/MoltenTests/Views/Inventory/MockInventoryViewModel.swift,
				Tests/MoltenTests/Views/Inventory/UserNotesEditorTests.swift,
				Tests/MoltenTests/Views/LabelDesignerViewTests.swift,
				Tests/MoltenTests/Views/ProjectLog/AddLogbookEntryViewTests.swift,
				Tests/MoltenTests/Views/ProjectLog/LogbookViewTests.swift,
				Tests/MoltenTests/Views/ProjectLog/MockLogbookViewModel.swift,
				Tests/MoltenTests/Views/ProjectLog/ProjectDetailViewTests.swift,
				Tests/MoltenTests/Views/Purchases/MockPurchasesViewModel.swift,
				Tests/MoltenTests/Views/Settings/UserSettingsOwnerTests.swift,
				Tests/MoltenTests/Views/Settings/UserSettingsTests.swift,
				Tests/MoltenTests/Views/Shared/CollapsibleSectionHeaderTests.swift,
				Tests/MoltenTests/Views/Shared/ColorSwatchViewTests.swift,
				Tests/MoltenTests/Views/Shared/GlassItemImageSelectorTests.swift,
				Tests/MoltenTests/Views/Shared/ImageSubmissionSheetTests.swift,
				Tests/MoltenTests/Views/Shared/LabelDataOwnerTests.swift,
				Tests/MoltenTests/Views/Shared/LabelPrintingOwnerTests.swift,
				Tests/MoltenTests/Views/Shared/LabelTextAlignmentTests.swift,
				Tests/MoltenTests/Views/Shared/LabelTextFieldOwnerTests.swift,
				Tests/MoltenTests/Views/Shared/MainTabViewTests.swift,
				Tests/MoltenTests/Views/Shared/ShareExtensionImageTests.swift,
				Tests/MoltenTests/Views/Shared/ShareExtensionTests.swift,
				Tests/MoltenTests/Views/Shared/TabConfigurationTests.swift,
				Tests/MoltenTests/Views/Shared/TabNavigationTests.swift,
				Tests/MoltenTests/Views/Shared/UIStateManagementTests.swift,
				Tests/MoltenTests/Views/Shopping/MockShoppingListViewModel.swift,
				Tests/MoltenTests/Views/Shopping/ShoppingListItemCreationTests.swift,
				Tests/MoltenTests/Views/Shopping/ShoppingListStoreFilteringTests.swift,
				Tests/MoltenTests/Views/Shopping/ShoppingListViewTests.swift,
				Tests/MoltenTests/Views/Shopping/ShoppingModeCheckoutTests.swift,
				Tests/MoltenTests/Views/Shopping/ShoppingModeStateTests.swift,
				Tests/MoltenTests/Views/Shopping/StoreAutoCompleteFieldTests.swift,
				Tests/MoltenTests/Views/SubscriptionViewModelTests.swift,
				Tests/MoltenUITests/AddInventoryUITests.swift,
				Tests/MoltenUITests/CatalogDetailUITests.swift,
				Tests/MoltenUITests/CatalogUITests.swift,
				Tests/MoltenUITests/Helpers/BaseUITest.swift,
				"Tests/MoltenUITests/Helpers/XCUIElement+Helpers.swift",
				Tests/MoltenUITests/InventoryDetailUITests.swift,
				Tests/MoltenUITests/InventoryImageUploadUITests.swift,
				Tests/MoltenUITests/InventoryListUITests.swift,
				Tests/MoltenUITests/LabelPrintingUITests.swift,
				Tests/MoltenUITests/LocationDetailUITests.swift,
				Tests/MoltenUITests/LocationsUITests.swift,
				Tests/MoltenUITests/SettingsSubViewUITests.swift,
				Tests/MoltenUITests/SettingsUITests.swift,
				Tests/MoltenUITests/ShoppingListUITests.swift,
				Tests/PerformanceTests/ImageHelpers_PerformanceTests.swift,
				Tests/PerformanceTests/ResourceManagementTests.swift,
				Tests/RepositoryTests/CoreData/CoreDataHelpersTests.swift,
				Tests/RepositoryTests/CoreData/CoreDataInventoryLocationTests.swift,
				Tests/RepositoryTests/CoreData/CoreDataInventoryRepositoryTests.swift,
				Tests/RepositoryTests/CoreData/CoreDataKilnScheduleRepositoryTests.swift,
				Tests/RepositoryTests/CoreData/CoreDataLocationRepositoryTests.swift,
				Tests/RepositoryTests/CoreData/CoreDataLogbookRepositoryTests.swift,
				Tests/RepositoryTests/CoreData/CoreDataProjectImageRepositoryTests.swift,
				Tests/RepositoryTests/CoreData/CoreDataProjectRepositoryTests.swift,
				Tests/RepositoryTests/CoreData/CoreDataPurchaseRecordRepositoryTests.swift,
				Tests/RepositoryTests/CoreData/CoreDataRatingRepositoryTests.swift,
				Tests/RepositoryTests/CoreData/CoreDataRecipeRepositoryTests.swift,
				Tests/RepositoryTests/CoreData/CoreDataRecoveryUtilityTests.swift,
				Tests/RepositoryTests/CoreData/CoreDataShoppingListRepositoryTests.swift,
				Tests/RepositoryTests/CoreData/CoreDataUnifiedLocationRepositoryTests.swift,
				Tests/RepositoryTests/CoreData/CoreDataUserImageRepositoryTests.swift,
				Tests/RepositoryTests/CoreData/CoreDataUserTagsRepositoryTests.swift,
				Tests/RepositoryTests/CoreData/ItemMinimumRepositoryIntegrationTests.swift,
				Tests/RepositoryTests/CoreData/LocationRepositoryCompilationTest.swift,
				Tests/RepositoryTests/CoreData/LogbookRepositoryTests.swift,
				Tests/RepositoryTests/CoreData/ProjectBackgroundSaveTests.swift,
				Tests/RepositoryTests/CoreData/ProjectRepositoryTechniqueTypeTests.swift,
				Tests/RepositoryTests/CoreData/PurchaseRecordRepositoryTests.swift,
				Tests/RepositoryTests/CoreData/RepositoryTests.swift,
				Tests/RepositoryTests/CoreData/TransformableMigrationHelperTests.swift,
				Tests/RepositoryTests/CoreData/UserNotesRepositoryTests.swift,
				Tests/RepositoryTests/CoreDataSharedInventoryRepositoryTests.swift,
				Tests/RepositoryTests/CoreDataShareRecordRepositoryTests.swift,
				Tests/RepositoryTests/FileSystem/FileSystemUserImageRepositoryTests.swift,
				Tests/RepositoryTests/Integration/CatalogDatabaseIntegrationTests.swift,
				Tests/RepositoryTests/Integration/ShoppingListServiceIntegrationTests.swift,
				Tests/RepositoryTests/InventorySharingIntegrationTests.swift,
				Tests/RepositoryTests/InventorySharingManagerTests.swift,
				Tests/RepositoryTests/InventorySharingViewModelTests.swift,
				Tests/RepositoryTests/Mock/MockCoatingItemRepository.swift,
				Tests/RepositoryTests/Mock/MockGlassItemRepository.swift,
				Tests/RepositoryTests/Mock/MockInventoryRepository.swift,
				Tests/RepositoryTests/Mock/MockItemMinimumRepository.swift,
				Tests/RepositoryTests/Mock/MockItemTagsRepository.swift,
				Tests/RepositoryTests/Mock/MockLogbookRepository.swift,
				Tests/RepositoryTests/Mock/MockPurchaseRecordRepository.swift,
				Tests/RepositoryTests/Mock/MockRatingRepository.swift,
				Tests/RepositoryTests/Mock/MockShoppingListRepository.swift,
				Tests/RepositoryTests/Mock/MockToolItemRepository.swift,
				Tests/RepositoryTests/Mock/MockUserNotesRepository.swift,
				Tests/RepositoryTests/Mock/MockUserTagsRepository.swift,
				Tests/RepositoryTests/ShareMetadataRepositoryTests.swift,
				Tests/RepositoryTests/SQLite/SQLiteGlassItemRepositoryTests.swift,
				Tests/RepositoryTests/SQLite/SQLiteItemTagsRepositoryTests.swift,
				Tests/RepositoryTests/UserImageRepository_IntegrationTests.swift,
			);
			target = F5A13C4A2E890146002C0F7A /* Molten */;
		};
		F5D3D6A42E9DCCC200DAA195 /* Exceptions for "Molten" folder in "MoltenUITests" target */ = {
			isa = PBXFileSystemSynchronizedBuildFileExceptionSet;
			membershipExceptions = (
				Tests/MoltenUITests/AddInventoryUITests.swift,
				Tests/MoltenUITests/CatalogDetailUITests.swift,
				Tests/MoltenUITests/CatalogUITests.swift,
				Tests/MoltenUITests/Helpers/BaseUITest.swift,
				"Tests/MoltenUITests/Helpers/XCUIElement+Helpers.swift",
				Tests/MoltenUITests/InventoryDetailUITests.swift,
				Tests/MoltenUITests/InventoryImageUploadUITests.swift,
				Tests/MoltenUITests/InventoryListUITests.swift,
				Tests/MoltenUITests/LabelPrintingUITests.swift,
				Tests/MoltenUITests/LocationDetailUITests.swift,
				Tests/MoltenUITests/LocationsUITests.swift,
				Tests/MoltenUITests/SettingsSubViewUITests.swift,
				Tests/MoltenUITests/SettingsUITests.swift,
				Tests/MoltenUITests/ShoppingListUITests.swift,
			);
			target = F551A4262E9DAA1A00C9C2F1 /* MoltenUITests */;
		};
		F5DB4DCA2EAB1F0000F6E879 /* Exceptions for "MoltenShareExtension" folder in "MoltenShareExtension" target */ = {
			isa = PBXFileSystemSynchronizedBuildFileExceptionSet;
			membershipExceptions = (
				Info.plist,
			);
			target = F5DB4DA82EAB159B00F6E879 /* MoltenShareExtension */;
		};
		F5DBC4B82EAB1A8C00F6E879 /* Exceptions for "Molten" folder in "MoltenShareExtension" target */ = {
			isa = PBXFileSystemSynchronizedBuildFileExceptionSet;
			membershipExceptions = (
				Molten.xcdatamodeld,
				Sources/Repositories/CoreData/CoreDataEntities.swift,
			);
			target = F5DB4DA82EAB159B00F6E879 /* MoltenShareExtension */;
		};
		F5F58EE52EAECD830017A02E /* Exceptions for "Molten" folder in "InventoryImport" target */ = {
			isa = PBXFileSystemSynchronizedBuildFileExceptionSet;
			membershipExceptions = (
				Tests/InventoryImport/InventoryImportServiceTests.swift,
				Tests/MoltenTests/Infrastructure/TestHelpers.swift,
			);
			target = F5F58ED62EAECD460017A02E /* InventoryImport */;
		};
		F5FACB172EA0B4A10084A6D0 /* Exceptions for "Molten" folder in "RepositoryTests" target */ = {
			isa = PBXFileSystemSynchronizedBuildFileExceptionSet;
			membershipExceptions = (
				Tests/MoltenTests/Repositories/UserPreferencesRepositoryTests.swift,
				Tests/RepositoryTests/CoreData/CoreDataHelpersTests.swift,
				Tests/RepositoryTests/CoreData/CoreDataInventoryLocationTests.swift,
				Tests/RepositoryTests/CoreData/CoreDataInventoryRepositoryTests.swift,
				Tests/RepositoryTests/CoreData/CoreDataLocationRepositoryTests.swift,
				Tests/RepositoryTests/CoreData/CoreDataLogbookRepositoryTests.swift,
				Tests/RepositoryTests/CoreData/CoreDataProjectImageRepositoryTests.swift,
				Tests/RepositoryTests/CoreData/CoreDataProjectRepositoryTests.swift,
				Tests/RepositoryTests/CoreData/CoreDataPurchaseRecordRepositoryTests.swift,
				Tests/RepositoryTests/CoreData/CoreDataRatingRepositoryTests.swift,
				Tests/RepositoryTests/CoreData/CoreDataRecipeRepositoryTests.swift,
				Tests/RepositoryTests/CoreData/CoreDataRecoveryUtilityTests.swift,
				Tests/RepositoryTests/CoreData/CoreDataShoppingListRepositoryTests.swift,
				Tests/RepositoryTests/CoreData/CoreDataUnifiedLocationRepositoryTests.swift,
				Tests/RepositoryTests/CoreData/CoreDataUserImageRepositoryTests.swift,
				Tests/RepositoryTests/CoreData/CoreDataUserTagsRepositoryTests.swift,
				Tests/RepositoryTests/CoreData/ItemMinimumRepositoryIntegrationTests.swift,
				Tests/RepositoryTests/CoreData/LocationRepositoryCompilationTest.swift,
				Tests/RepositoryTests/CoreData/LogbookRepositoryTests.swift,
				Tests/RepositoryTests/CoreData/ProjectBackgroundSaveTests.swift,
				Tests/RepositoryTests/CoreData/ProjectRepositoryTechniqueTypeTests.swift,
				Tests/RepositoryTests/CoreData/PurchaseRecordRepositoryTests.swift,
				Tests/RepositoryTests/CoreData/RepositoryTests.swift,
				Tests/RepositoryTests/CoreData/TransformableMigrationHelperTests.swift,
				Tests/RepositoryTests/CoreData/UserNotesRepositoryTests.swift,
				Tests/RepositoryTests/CoreDataSharedInventoryRepositoryTests.swift,
				Tests/RepositoryTests/CoreDataShareRecordRepositoryTests.swift,
				Tests/RepositoryTests/FileSystem/FileSystemUserImageRepositoryTests.swift,
				Tests/RepositoryTests/Integration/CatalogDatabaseIntegrationTests.swift,
				Tests/RepositoryTests/Integration/ShoppingListServiceIntegrationTests.swift,
				Tests/RepositoryTests/InventorySharingIntegrationTests.swift,
				Tests/RepositoryTests/InventorySharingManagerTests.swift,
				Tests/RepositoryTests/InventorySharingViewModelTests.swift,
				Tests/RepositoryTests/Mock/MockCoatingItemRepository.swift,
				Tests/RepositoryTests/Mock/MockGlassItemRepository.swift,
				Tests/RepositoryTests/Mock/MockInventoryRepository.swift,
				Tests/RepositoryTests/Mock/MockItemMinimumRepository.swift,
				Tests/RepositoryTests/Mock/MockItemTagsRepository.swift,
				Tests/RepositoryTests/Mock/MockLogbookRepository.swift,
				Tests/RepositoryTests/Mock/MockPurchaseRecordRepository.swift,
				Tests/RepositoryTests/Mock/MockRatingRepository.swift,
				Tests/RepositoryTests/Mock/MockShoppingListRepository.swift,
				Tests/RepositoryTests/Mock/MockToolItemRepository.swift,
				Tests/RepositoryTests/Mock/MockUserNotesRepository.swift,
				Tests/RepositoryTests/Mock/MockUserTagsRepository.swift,
				Tests/RepositoryTests/ShareMetadataRepositoryTests.swift,
				Tests/RepositoryTests/SQLite/SQLiteGlassItemRepositoryTests.swift,
				Tests/RepositoryTests/SQLite/SQLiteItemTagsRepositoryTests.swift,
				Tests/RepositoryTests/UserImageRepository_IntegrationTests.swift,
			);
			target = F5FACB0A2EA0B4830084A6D0 /* RepositoryTests */;
		};
/* End PBXFileSystemSynchronizedBuildFileExceptionSet section */

/* Begin PBXFileSystemSynchronizedRootGroup section */
		F53C0BB22EA7FB020020E1AB /* ScreenshotAutomation */ = {
			isa = PBXFileSystemSynchronizedRootGroup;
			path = ScreenshotAutomation;
			sourceTree = "<group>";
		};
		F5A13C4D2E890146002C0F7A /* Molten */ = {
			isa = PBXFileSystemSynchronizedRootGroup;
			exceptions = (
				F58D50C22E8B91F1005B18B3 /* Exceptions for "Molten" folder in "Molten" target */,
				F58C7A602E90AE620052C821 /* Exceptions for "Molten" folder in "MoltenTests" target */,
				F5D3D6A42E9DCCC200DAA195 /* Exceptions for "Molten" folder in "MoltenUITests" target */,
				F51BCA4D2ED4F476003799A4 /* Exceptions for "Molten" folder in "PerformanceTests" target */,
				F5FACB172EA0B4A10084A6D0 /* Exceptions for "Molten" folder in "RepositoryTests" target */,
				F5DBC4B82EAB1A8C00F6E879 /* Exceptions for "Molten" folder in "MoltenShareExtension" target */,
				F5F58EE52EAECD830017A02E /* Exceptions for "Molten" folder in "InventoryImport" target */,
			);
			path = Molten;
			sourceTree = "<group>";
		};
		F5DB4DAA2EAB159C00F6E879 /* MoltenShareExtension */ = {
			isa = PBXFileSystemSynchronizedRootGroup;
			exceptions = (
				F5DB4DCA2EAB1F0000F6E879 /* Exceptions for "MoltenShareExtension" folder in "MoltenShareExtension" target */,
			);
			path = MoltenShareExtension;
			sourceTree = "<group>";
		};
/* End PBXFileSystemSynchronizedRootGroup section */

/* Begin PBXFrameworksBuildPhase section */
		F506B6932EAFC16700CDBC6D /* Frameworks */ = {
			isa = PBXFrameworksBuildPhase;
			buildActionMask = 2147483647;
			files = (
			);
			runOnlyForDeploymentPostprocessing = 0;
		};
		F53C0BAE2EA7FB020020E1AB /* Frameworks */ = {
			isa = PBXFrameworksBuildPhase;
			buildActionMask = 2147483647;
			files = (
			);
			runOnlyForDeploymentPostprocessing = 0;
		};
		F551A4242E9DAA1A00C9C2F1 /* Frameworks */ = {
			isa = PBXFrameworksBuildPhase;
			buildActionMask = 2147483647;
			files = (
			);
			runOnlyForDeploymentPostprocessing = 0;
		};
		F55B2F422E8F335D00C8059F /* Frameworks */ = {
			isa = PBXFrameworksBuildPhase;
			buildActionMask = 2147483647;
			files = (
				F59F21BB2EBF2CDE005A6269 /* RevenueCatUI in Frameworks */,
				F59F21B92EBF2CDE005A6269 /* RevenueCat in Frameworks */,
			);
			runOnlyForDeploymentPostprocessing = 0;
		};
		F5A13C482E890146002C0F7A /* Frameworks */ = {
			isa = PBXFrameworksBuildPhase;
			buildActionMask = 2147483647;
			files = (
				F59F3AD82EBF1A2C005A6269 /* RevenueCatUI in Frameworks */,
				F59F3AD62EBF1A2C005A6269 /* RevenueCat in Frameworks */,
				F52C8C2F2EC95283001E5CB0 /* Sentry in Frameworks */,
			);
			runOnlyForDeploymentPostprocessing = 0;
		};
		F5D3D6342E9DCB0100DAA195 /* Frameworks */ = {
			isa = PBXFrameworksBuildPhase;
			buildActionMask = 2147483647;
			files = (
			);
			runOnlyForDeploymentPostprocessing = 0;
		};
		F5DB4DA62EAB159B00F6E879 /* Frameworks */ = {
			isa = PBXFrameworksBuildPhase;
			buildActionMask = 2147483647;
			files = (
			);
			runOnlyForDeploymentPostprocessing = 0;
		};
		F5F58ED42EAECD460017A02E /* Frameworks */ = {
			isa = PBXFrameworksBuildPhase;
			buildActionMask = 2147483647;
			files = (
			);
			runOnlyForDeploymentPostprocessing = 0;
		};
		F5FACB082EA0B4830084A6D0 /* Frameworks */ = {
			isa = PBXFrameworksBuildPhase;
			buildActionMask = 2147483647;
			files = (
			);
			runOnlyForDeploymentPostprocessing = 0;
		};
/* End PBXFrameworksBuildPhase section */

/* Begin PBXGroup section */
		05644C20A407154AE488E490 /* Molten */ = {
			isa = PBXGroup;
			children = (
				9B5114D65B4563A1A693922E /* Sources */,
				E3AF640BE0097D12B5FB61B9 /* Tests */,
				594EB86C56E6C4B279430E7B /* Data */,
			);
			path = Molten;
			sourceTree = "<group>";
		};
		160E2B3414703E0C705D824A /* Services */ = {
			isa = PBXGroup;
			children = (
			);
			path = Services;
			sourceTree = "<group>";
		};
		20315DBE882FEEB1FA04C5C6 /* CoreData */ = {
			isa = PBXGroup;
			children = (
				DB95FB5AC403E8CFD93211C5 /* CoreDataUnifiedLocationRepository.swift */,
			);
			path = CoreData;
			sourceTree = "<group>";
		};
		2BE70CCF94663BB26256A8B1 /* DataLoading */ = {
			isa = PBXGroup;
			children = (
				F0AA0F21EF80657D274B4674 /* ToolItemDataLoadingService.swift */,
			);
			path = DataLoading;
			sourceTree = "<group>";
		};
		4775012C3270866CDFBD0A9A /* Core */ = {
			isa = PBXGroup;
			children = (
				32EF0758F08BF42CB3761565 /* UnifiedLocationService.swift */,
			);
			path = Core;
			sourceTree = "<group>";
		};
		594EB86C56E6C4B279430E7B /* Data */ = {
			isa = PBXGroup;
			children = (
				A5B1C4F2D3237B073CAF9C79 /* Tools */,
			);
			path = Data;
			sourceTree = "<group>";
		};
		60B9505ADF25024ADEAE86D6 /* Services */ = {
			isa = PBXGroup;
			children = (
				4775012C3270866CDFBD0A9A /* Core */,
				2BE70CCF94663BB26256A8B1 /* DataLoading */,
			);
			path = Services;
			sourceTree = "<group>";
		};
		80B81B9AFF141392A88693AA /* Repositories */ = {
			isa = PBXGroup;
			children = (
				CA711F134995AC292780E108 /* Protocols */,
				20315DBE882FEEB1FA04C5C6 /* CoreData */,
			);
			path = Repositories;
			sourceTree = "<group>";
		};
		899629067652491404FA6654 /* Models */ = {
			isa = PBXGroup;
			children = (
				CDD2E43F4304C4C1211F66CC /* Domain */,
			);
			path = Models;
			sourceTree = "<group>";
		};
		9B5114D65B4563A1A693922E /* Sources */ = {
			isa = PBXGroup;
			children = (
				899629067652491404FA6654 /* Models */,
				80B81B9AFF141392A88693AA /* Repositories */,
				60B9505ADF25024ADEAE86D6 /* Services */,
			);
			path = Sources;
			sourceTree = "<group>";
		};
		A5B1C4F2D3237B073CAF9C79 /* Tools */ = {
			isa = PBXGroup;
			children = (
				E7C7A65B94A6533A14E7AE47 /* taglia_tools.json */,
			);
			path = Tools;
			sourceTree = "<group>";
		};
		AA64CC0D40B6CD107FD59D77 /* Repositories */ = {
			isa = PBXGroup;
			children = (
			);
			path = Repositories;
			sourceTree = "<group>";
		};
		CA711F134995AC292780E108 /* Protocols */ = {
			isa = PBXGroup;
			children = (
				878F664543088F1B86740DD2 /* UnifiedLocationRepository.swift */,
			);
			path = Protocols;
			sourceTree = "<group>";
		};
		CC009B2CA2EF5ACD442430FD /* MoltenTests */ = {
			isa = PBXGroup;
			children = (
				AA64CC0D40B6CD107FD59D77 /* Repositories */,
				160E2B3414703E0C705D824A /* Services */,
			);
			path = MoltenTests;
			sourceTree = "<group>";
		};
		CDD2E43F4304C4C1211F66CC /* Domain */ = {
			isa = PBXGroup;
			children = (
				B244734885B21EAEB2AAC553 /* ServiceType.swift */,
				F887709B0F20E4BA442FDEF0 /* UnifiedLocationModel.swift */,
			);
			path = Domain;
			sourceTree = "<group>";
		};
		E3AF640BE0097D12B5FB61B9 /* Tests */ = {
			isa = PBXGroup;
			children = (
				CC009B2CA2EF5ACD442430FD /* MoltenTests */,
			);
			path = Tests;
			sourceTree = "<group>";
		};
		F5A13C422E890146002C0F7A = {
			isa = PBXGroup;
			children = (
				F506B6B62EAFC5CB00CDBC6D /* ViewModelTests.xctestplan */,
				F53C0BD22EA81F980020E1AB /* Screenshots.xctestplan */,
				F5FACB512EA0C9590084A6D0 /* RepositoryTests.xctestplan */,
				F5D3D6CC2E9DE21600DAA195 /* UITests.xctestplan */,
				F5D3D6A72E9DCDE600DAA195 /* UnitTestsOnly.xctestplan */,
				F5A13C4D2E890146002C0F7A /* Molten */,
				F53C0BB22EA7FB020020E1AB /* ScreenshotAutomation */,
				F5DB4DAA2EAB159C00F6E879 /* MoltenShareExtension */,
				05644C20A407154AE488E490 /* Molten */,
				F528A82F2EC693C700CE1F4A /* Molten.app */,
				F528A8302EC693C700CE1F4A /* MoltenShareExtension.appex */,
				F528A8312EC693C700CE1F4A /* MoltenTests.xctest */,
				F528A8322EC693C700CE1F4A /* MoltenUITests.xctest */,
				F528A8332EC693C700CE1F4A /* PerformanceTests.xctest */,
				F528A8342EC693C700CE1F4A /* RepositoryTests.xctest */,
				F528A8352EC693C700CE1F4A /* InventoryImport.xctest */,
				F528A8362EC693C700CE1F4A /* ScreenshotAutomation.xctest */,
				F528A8372EC693C700CE1F4A /* ViewModelTests.xctest */,
			);
			sourceTree = "<group>";
		};
/* End PBXGroup section */

/* Begin PBXNativeTarget section */
		F506B6952EAFC16700CDBC6D /* ViewModelTests */ = {
			isa = PBXNativeTarget;
			buildConfigurationList = F506B69C2EAFC16700CDBC6D /* Build configuration list for PBXNativeTarget "ViewModelTests" */;
			buildPhases = (
				F506B6922EAFC16700CDBC6D /* Sources */,
				F506B6932EAFC16700CDBC6D /* Frameworks */,
				F506B6942EAFC16700CDBC6D /* Resources */,
			);
			buildRules = (
			);
			dependencies = (
				F506B69B2EAFC16700CDBC6D /* PBXTargetDependency */,
			);
			name = ViewModelTests;
			productName = ViewModelTests;
			productReference = F528A8372EC693C700CE1F4A /* ViewModelTests.xctest */;
			productType = "com.apple.product-type.bundle.unit-test";
		};
		F53C0BB02EA7FB020020E1AB /* ScreenshotAutomation */ = {
			isa = PBXNativeTarget;
			buildConfigurationList = F53C0BB92EA7FB020020E1AB /* Build configuration list for PBXNativeTarget "ScreenshotAutomation" */;
			buildPhases = (
				F53C0BAD2EA7FB020020E1AB /* Sources */,
				F53C0BAE2EA7FB020020E1AB /* Frameworks */,
				F53C0BAF2EA7FB020020E1AB /* Resources */,
			);
			buildRules = (
			);
			dependencies = (
				F53C0BB82EA7FB020020E1AB /* PBXTargetDependency */,
			);
			fileSystemSynchronizedGroups = (
				F53C0BB22EA7FB020020E1AB /* ScreenshotAutomation */,
			);
			name = ScreenshotAutomation;
			productName = ScreenshotAutomation;
			productReference = F528A8362EC693C700CE1F4A /* ScreenshotAutomation.xctest */;
			productType = "com.apple.product-type.bundle.ui-testing";
		};
		F551A4262E9DAA1A00C9C2F1 /* MoltenUITests */ = {
			isa = PBXNativeTarget;
			buildConfigurationList = F551A42F2E9DAA1A00C9C2F1 /* Build configuration list for PBXNativeTarget "MoltenUITests" */;
			buildPhases = (
				F551A4232E9DAA1A00C9C2F1 /* Sources */,
				F551A4242E9DAA1A00C9C2F1 /* Frameworks */,
				F551A4252E9DAA1A00C9C2F1 /* Resources */,
			);
			buildRules = (
			);
			dependencies = (
				F551A42E2E9DAA1A00C9C2F1 /* PBXTargetDependency */,
			);
			name = MoltenUITests;
			productName = FlameworkerUITests;
			productReference = F528A8322EC693C700CE1F4A /* MoltenUITests.xctest */;
			productType = "com.apple.product-type.bundle.ui-testing";
		};
		F55B2F442E8F335D00C8059F /* MoltenTests */ = {
			isa = PBXNativeTarget;
			buildConfigurationList = F55B2F4B2E8F335D00C8059F /* Build configuration list for PBXNativeTarget "MoltenTests" */;
			buildPhases = (
				F55B2F412E8F335D00C8059F /* Sources */,
				F55B2F422E8F335D00C8059F /* Frameworks */,
				F55B2F432E8F335D00C8059F /* Resources */,
			);
			buildRules = (
			);
			dependencies = (
				F55B2F4A2E8F335D00C8059F /* PBXTargetDependency */,
			);
			name = MoltenTests;
			productName = FlameworkerTests;
			productReference = F528A8312EC693C700CE1F4A /* MoltenTests.xctest */;
			productType = "com.apple.product-type.bundle.unit-test";
		};
		F5A13C4A2E890146002C0F7A /* Molten */ = {
			isa = PBXNativeTarget;
			buildConfigurationList = F5A13C722E890147002C0F7A /* Build configuration list for PBXNativeTarget "Molten" */;
			buildPhases = (
				5AD4D62AFCC1421CA59DBA1A /* Set Build Number from Git */,
				F5A13C472E890146002C0F7A /* Sources */,
				F5A13C482E890146002C0F7A /* Frameworks */,
				F5A13C492E890146002C0F7A /* Resources */,
				F5DB4DB82EAB159C00F6E879 /* Embed Foundation Extensions */,
			);
			buildRules = (
			);
			dependencies = (
				F5DB4DB22EAB159C00F6E879 /* PBXTargetDependency */,
			);
			fileSystemSynchronizedGroups = (
				F5A13C4D2E890146002C0F7A /* Molten */,
			);
			name = Molten;
			productName = Flameworker;
			productReference = F528A82F2EC693C700CE1F4A /* Molten.app */;
			productType = "com.apple.product-type.application";
		};
		F5D3D6362E9DCB0100DAA195 /* PerformanceTests */ = {
			isa = PBXNativeTarget;
			buildConfigurationList = F5D3D63D2E9DCB0100DAA195 /* Build configuration list for PBXNativeTarget "PerformanceTests" */;
			buildPhases = (
				F5D3D6332E9DCB0100DAA195 /* Sources */,
				F5D3D6342E9DCB0100DAA195 /* Frameworks */,
				F5D3D6352E9DCB0100DAA195 /* Resources */,
			);
			buildRules = (
			);
			dependencies = (
				F5D3D63C2E9DCB0100DAA195 /* PBXTargetDependency */,
			);
			name = PerformanceTests;
			productName = PerformanceTests;
			productReference = F528A8332EC693C700CE1F4A /* PerformanceTests.xctest */;
			productType = "com.apple.product-type.bundle.unit-test";
		};
		F5DB4DA82EAB159B00F6E879 /* MoltenShareExtension */ = {
			isa = PBXNativeTarget;
			buildConfigurationList = F5DB4DB42EAB159C00F6E879 /* Build configuration list for PBXNativeTarget "MoltenShareExtension" */;
			buildPhases = (
				F5DB4DA52EAB159B00F6E879 /* Sources */,
				F5DB4DA62EAB159B00F6E879 /* Frameworks */,
				F5DB4DA72EAB159B00F6E879 /* Resources */,
			);
			buildRules = (
			);
			dependencies = (
			);
			fileSystemSynchronizedGroups = (
				F5DB4DAA2EAB159C00F6E879 /* MoltenShareExtension */,
			);
			name = MoltenShareExtension;
			productName = MoltenShareExtension;
			productReference = F528A8302EC693C700CE1F4A /* MoltenShareExtension.appex */;
			productType = "com.apple.product-type.app-extension";
		};
		F5F58ED62EAECD460017A02E /* InventoryImport */ = {
			isa = PBXNativeTarget;
			buildConfigurationList = F5F58EDF2EAECD460017A02E /* Build configuration list for PBXNativeTarget "InventoryImport" */;
			buildPhases = (
				F5F58ED32EAECD460017A02E /* Sources */,
				F5F58ED42EAECD460017A02E /* Frameworks */,
				F5F58ED52EAECD460017A02E /* Resources */,
			);
			buildRules = (
			);
			dependencies = (
				F5F58EDC2EAECD460017A02E /* PBXTargetDependency */,
			);
			name = InventoryImport;
			productName = InventoryImport;
			productReference = F528A8352EC693C700CE1F4A /* InventoryImport.xctest */;
			productType = "com.apple.product-type.bundle.unit-test";
		};
		F5FACB0A2EA0B4830084A6D0 /* RepositoryTests */ = {
			isa = PBXNativeTarget;
			buildConfigurationList = F5FACB112EA0B4830084A6D0 /* Build configuration list for PBXNativeTarget "RepositoryTests" */;
			buildPhases = (
				F5FACB072EA0B4830084A6D0 /* Sources */,
				F5FACB082EA0B4830084A6D0 /* Frameworks */,
				F5FACB092EA0B4830084A6D0 /* Resources */,
			);
			buildRules = (
			);
			dependencies = (
				F5FACB102EA0B4830084A6D0 /* PBXTargetDependency */,
			);
			name = RepositoryTests;
			productName = RepositoryTests;
			productReference = F528A8342EC693C700CE1F4A /* RepositoryTests.xctest */;
			productType = "com.apple.product-type.bundle.unit-test";
		};
/* End PBXNativeTarget section */

/* Begin PBXProject section */
		F5A13C432E890146002C0F7A /* Project object */ = {
			isa = PBXProject;
			attributes = {
				BuildIndependentTargetsInParallel = 1;
				LastSwiftUpdateCheck = 2600;
				LastUpgradeCheck = 2600;
				ORGANIZATIONNAME = "Motley Woods";
				TargetAttributes = {
					F506B6952EAFC16700CDBC6D = {
						CreatedOnToolsVersion = 26.0.1;
						TestTargetID = F5A13C4A2E890146002C0F7A;
					};
					F53C0BB02EA7FB020020E1AB = {
						CreatedOnToolsVersion = 26.0.1;
						TestTargetID = F5A13C4A2E890146002C0F7A;
					};
					F551A4262E9DAA1A00C9C2F1 = {
						CreatedOnToolsVersion = 26.0.1;
						TestTargetID = F5A13C4A2E890146002C0F7A;
					};
					F55B2F442E8F335D00C8059F = {
						CreatedOnToolsVersion = 26.0.1;
						TestTargetID = F5A13C4A2E890146002C0F7A;
					};
					F5A13C4A2E890146002C0F7A = {
						CreatedOnToolsVersion = 26.0.1;
					};
					F5D3D6362E9DCB0100DAA195 = {
						CreatedOnToolsVersion = 26.0.1;
						TestTargetID = F5A13C4A2E890146002C0F7A;
					};
					F5DB4DA82EAB159B00F6E879 = {
						CreatedOnToolsVersion = 26.0.1;
					};
					F5F58ED62EAECD460017A02E = {
						CreatedOnToolsVersion = 26.0.1;
						TestTargetID = F5A13C4A2E890146002C0F7A;
					};
					F5FACB0A2EA0B4830084A6D0 = {
						CreatedOnToolsVersion = 26.0.1;
						TestTargetID = F5A13C4A2E890146002C0F7A;
					};
				};
			};
			buildConfigurationList = F5A13C462E890146002C0F7A /* Build configuration list for PBXProject "Molten" */;
			developmentRegion = en;
			hasScannedForEncodings = 0;
			knownRegions = (
				en,
				Base,
			);
			mainGroup = F5A13C422E890146002C0F7A;
			minimizedProjectReferenceProxies = 1;
			packageReferences = (
				F59F3AD42EBF1A2C005A6269 /* XCRemoteSwiftPackageReference "purchases-ios-spm" */,
				F52C8C2D2EC95283001E5CB0 /* XCRemoteSwiftPackageReference "sentry-cocoa" */,
			);
			preferredProjectObjectVersion = 77;
			productRefGroup = F5A13C422E890146002C0F7A;
			projectDirPath = "";
			projectRoot = "";
			targets = (
				F5A13C4A2E890146002C0F7A /* Molten */,
				F55B2F442E8F335D00C8059F /* MoltenTests */,
				F551A4262E9DAA1A00C9C2F1 /* MoltenUITests */,
				F5D3D6362E9DCB0100DAA195 /* PerformanceTests */,
				F5FACB0A2EA0B4830084A6D0 /* RepositoryTests */,
				F53C0BB02EA7FB020020E1AB /* ScreenshotAutomation */,
				F5DB4DA82EAB159B00F6E879 /* MoltenShareExtension */,
				F5F58ED62EAECD460017A02E /* InventoryImport */,
				F506B6952EAFC16700CDBC6D /* ViewModelTests */,
			);
		};
/* End PBXProject section */

/* Begin PBXResourcesBuildPhase section */
		F506B6942EAFC16700CDBC6D /* Resources */ = {
			isa = PBXResourcesBuildPhase;
			buildActionMask = 2147483647;
			files = (
			);
			runOnlyForDeploymentPostprocessing = 0;
		};
		F53C0BAF2EA7FB020020E1AB /* Resources */ = {
			isa = PBXResourcesBuildPhase;
			buildActionMask = 2147483647;
			files = (
			);
			runOnlyForDeploymentPostprocessing = 0;
		};
		F551A4252E9DAA1A00C9C2F1 /* Resources */ = {
			isa = PBXResourcesBuildPhase;
			buildActionMask = 2147483647;
			files = (
			);
			runOnlyForDeploymentPostprocessing = 0;
		};
		F55B2F432E8F335D00C8059F /* Resources */ = {
			isa = PBXResourcesBuildPhase;
			buildActionMask = 2147483647;
			files = (
			);
			runOnlyForDeploymentPostprocessing = 0;
		};
		F5A13C492E890146002C0F7A /* Resources */ = {
			isa = PBXResourcesBuildPhase;
			buildActionMask = 2147483647;
			files = (
				F53C0BD32EA81F980020E1AB /* Screenshots.xctestplan in Resources */,
				F506B6B72EAFC5CB00CDBC6D /* ViewModelTests.xctestplan in Resources */,
				F5D3D6A82E9DCDE600DAA195 /* UnitTestsOnly.xctestplan in Resources */,
				F5D3D6CD2E9DE21600DAA195 /* UITests.xctestplan in Resources */,
			);
			runOnlyForDeploymentPostprocessing = 0;
		};
		F5D3D6352E9DCB0100DAA195 /* Resources */ = {
			isa = PBXResourcesBuildPhase;
			buildActionMask = 2147483647;
			files = (
			);
			runOnlyForDeploymentPostprocessing = 0;
		};
		F5DB4DA72EAB159B00F6E879 /* Resources */ = {
			isa = PBXResourcesBuildPhase;
			buildActionMask = 2147483647;
			files = (
			);
			runOnlyForDeploymentPostprocessing = 0;
		};
		F5F58ED52EAECD460017A02E /* Resources */ = {
			isa = PBXResourcesBuildPhase;
			buildActionMask = 2147483647;
			files = (
			);
			runOnlyForDeploymentPostprocessing = 0;
		};
		F5FACB092EA0B4830084A6D0 /* Resources */ = {
			isa = PBXResourcesBuildPhase;
			buildActionMask = 2147483647;
			files = (
			);
			runOnlyForDeploymentPostprocessing = 0;
		};
/* End PBXResourcesBuildPhase section */

/* Begin PBXShellScriptBuildPhase section */
		5AD4D62AFCC1421CA59DBA1A /* Set Build Number from Git */ = {
			isa = PBXShellScriptBuildPhase;
			alwaysOutOfDate = 1;
			buildActionMask = 2147483647;
			files = (
			);
			inputFileListPaths = (
			);
			inputPaths = (
				"$(SRCROOT)/Scripts/set-build-number.sh",
			);
			name = "Set Build Number from Git";
			outputFileListPaths = (
			);
			outputPaths = (
			);
			runOnlyForDeploymentPostprocessing = 0;
			shellPath = /bin/sh;
			shellScript = "\"${PROJECT_DIR}/Scripts/set-build-number.sh\"\n";
		};
/* End PBXShellScriptBuildPhase section */

/* Begin PBXSourcesBuildPhase section */
		F506B6922EAFC16700CDBC6D /* Sources */ = {
			isa = PBXSourcesBuildPhase;
			buildActionMask = 2147483647;
			files = (
			);
			runOnlyForDeploymentPostprocessing = 0;
		};
		F53C0BAD2EA7FB020020E1AB /* Sources */ = {
			isa = PBXSourcesBuildPhase;
			buildActionMask = 2147483647;
			files = (
			);
			runOnlyForDeploymentPostprocessing = 0;
		};
		F551A4232E9DAA1A00C9C2F1 /* Sources */ = {
			isa = PBXSourcesBuildPhase;
			buildActionMask = 2147483647;
			files = (
			);
			runOnlyForDeploymentPostprocessing = 0;
		};
		F55B2F412E8F335D00C8059F /* Sources */ = {
			isa = PBXSourcesBuildPhase;
			buildActionMask = 2147483647;
			files = (
			);
			runOnlyForDeploymentPostprocessing = 0;
		};
		F5A13C472E890146002C0F7A /* Sources */ = {
			isa = PBXSourcesBuildPhase;
			buildActionMask = 2147483647;
			files = (
			);
			runOnlyForDeploymentPostprocessing = 0;
		};
		F5D3D6332E9DCB0100DAA195 /* Sources */ = {
			isa = PBXSourcesBuildPhase;
			buildActionMask = 2147483647;
			files = (
			);
			runOnlyForDeploymentPostprocessing = 0;
		};
		F5DB4DA52EAB159B00F6E879 /* Sources */ = {
			isa = PBXSourcesBuildPhase;
			buildActionMask = 2147483647;
			files = (
			);
			runOnlyForDeploymentPostprocessing = 0;
		};
		F5F58ED32EAECD460017A02E /* Sources */ = {
			isa = PBXSourcesBuildPhase;
			buildActionMask = 2147483647;
			files = (
			);
			runOnlyForDeploymentPostprocessing = 0;
		};
		F5FACB072EA0B4830084A6D0 /* Sources */ = {
			isa = PBXSourcesBuildPhase;
			buildActionMask = 2147483647;
			files = (
			);
			runOnlyForDeploymentPostprocessing = 0;
		};
/* End PBXSourcesBuildPhase section */

/* Begin PBXTargetDependency section */
		F506B69B2EAFC16700CDBC6D /* PBXTargetDependency */ = {
			isa = PBXTargetDependency;
			target = F5A13C4A2E890146002C0F7A /* Molten */;
			targetProxy = F506B69A2EAFC16700CDBC6D /* PBXContainerItemProxy */;
		};
		F53C0BB82EA7FB020020E1AB /* PBXTargetDependency */ = {
			isa = PBXTargetDependency;
			target = F5A13C4A2E890146002C0F7A /* Molten */;
			targetProxy = F53C0BB72EA7FB020020E1AB /* PBXContainerItemProxy */;
		};
		F551A42E2E9DAA1A00C9C2F1 /* PBXTargetDependency */ = {
			isa = PBXTargetDependency;
			target = F5A13C4A2E890146002C0F7A /* Molten */;
			targetProxy = F551A42D2E9DAA1A00C9C2F1 /* PBXContainerItemProxy */;
		};
		F55B2F4A2E8F335D00C8059F /* PBXTargetDependency */ = {
			isa = PBXTargetDependency;
			target = F5A13C4A2E890146002C0F7A /* Molten */;
			targetProxy = F55B2F492E8F335D00C8059F /* PBXContainerItemProxy */;
		};
		F5D3D63C2E9DCB0100DAA195 /* PBXTargetDependency */ = {
			isa = PBXTargetDependency;
			target = F5A13C4A2E890146002C0F7A /* Molten */;
			targetProxy = F5D3D63B2E9DCB0100DAA195 /* PBXContainerItemProxy */;
		};
		F5DB4DB22EAB159C00F6E879 /* PBXTargetDependency */ = {
			isa = PBXTargetDependency;
			target = F5DB4DA82EAB159B00F6E879 /* MoltenShareExtension */;
			targetProxy = F5DB4DB12EAB159C00F6E879 /* PBXContainerItemProxy */;
		};
		F5F58EDC2EAECD460017A02E /* PBXTargetDependency */ = {
			isa = PBXTargetDependency;
			target = F5A13C4A2E890146002C0F7A /* Molten */;
			targetProxy = F5F58EDB2EAECD460017A02E /* PBXContainerItemProxy */;
		};
		F5FACB102EA0B4830084A6D0 /* PBXTargetDependency */ = {
			isa = PBXTargetDependency;
			target = F5A13C4A2E890146002C0F7A /* Molten */;
			targetProxy = F5FACB0F2EA0B4830084A6D0 /* PBXContainerItemProxy */;
		};
/* End PBXTargetDependency section */

/* Begin XCBuildConfiguration section */
		F506B69D2EAFC16700CDBC6D /* Debug */ = {
			isa = XCBuildConfiguration;
			buildSettings = {
				BUNDLE_LOADER = "$(TEST_HOST)";
				CODE_SIGN_STYLE = Automatic;
				CURRENT_PROJECT_VERSION = 1;
				DEVELOPMENT_TEAM = 755FYD4YJY;
				GENERATE_INFOPLIST_FILE = YES;
				IPHONEOS_DEPLOYMENT_TARGET = 26.0;
				MARKETING_VERSION = 1.0;
				PRODUCT_BUNDLE_IDENTIFIER = motleywoods.ViewModelTests;
				PRODUCT_NAME = "$(TARGET_NAME)";
				SDKROOT = iphoneos;
				STRING_CATALOG_GENERATE_SYMBOLS = NO;
				SWIFT_APPROACHABLE_CONCURRENCY = YES;
				SWIFT_EMIT_LOC_STRINGS = NO;
				SWIFT_STRICT_CONCURRENCY = complete;
				SWIFT_UPCOMING_FEATURE_MEMBER_IMPORT_VISIBILITY = YES;
				SWIFT_VERSION = 5.0;
				TARGETED_DEVICE_FAMILY = "1,2";
				TEST_HOST = "$(BUILT_PRODUCTS_DIR)/Molten.app/$(BUNDLE_EXECUTABLE_FOLDER_PATH)/Molten";
			};
			name = Debug;
		};
		F506B69E2EAFC16700CDBC6D /* Release */ = {
			isa = XCBuildConfiguration;
			buildSettings = {
				BUNDLE_LOADER = "$(TEST_HOST)";
				CODE_SIGN_STYLE = Automatic;
				CURRENT_PROJECT_VERSION = 1;
				DEVELOPMENT_TEAM = 755FYD4YJY;
				GENERATE_INFOPLIST_FILE = YES;
				IPHONEOS_DEPLOYMENT_TARGET = 26.0;
				MARKETING_VERSION = 1.0;
				PRODUCT_BUNDLE_IDENTIFIER = motleywoods.ViewModelTests;
				PRODUCT_NAME = "$(TARGET_NAME)";
				SDKROOT = iphoneos;
				STRING_CATALOG_GENERATE_SYMBOLS = NO;
				SWIFT_APPROACHABLE_CONCURRENCY = YES;
				SWIFT_EMIT_LOC_STRINGS = NO;
				SWIFT_STRICT_CONCURRENCY = complete;
				SWIFT_UPCOMING_FEATURE_MEMBER_IMPORT_VISIBILITY = YES;
				SWIFT_VERSION = 5.0;
				TARGETED_DEVICE_FAMILY = "1,2";
				TEST_HOST = "$(BUILT_PRODUCTS_DIR)/Molten.app/$(BUNDLE_EXECUTABLE_FOLDER_PATH)/Molten";
				VALIDATE_PRODUCT = YES;
			};
			name = Release;
		};
		F53C0BBA2EA7FB020020E1AB /* Debug */ = {
			isa = XCBuildConfiguration;
			buildSettings = {
				CODE_SIGN_STYLE = Automatic;
				CURRENT_PROJECT_VERSION = 1;
				DEVELOPMENT_TEAM = 755FYD4YJY;
				GENERATE_INFOPLIST_FILE = NO;
				INFOPLIST_FILE = MoltenShareExtension/Info.plist;
				INFOPLIST_KEY_CFBundleDisplayName = Molten;
				IPHONEOS_DEPLOYMENT_TARGET = 26.0;
				MARKETING_VERSION = 1.0;
				PRODUCT_BUNDLE_IDENTIFIER = motleywoods.ScreenshotAutomation;
				PRODUCT_NAME = "$(TARGET_NAME)";
				SDKROOT = iphoneos;
				STRING_CATALOG_GENERATE_SYMBOLS = NO;
				SWIFT_APPROACHABLE_CONCURRENCY = YES;
				SWIFT_EMIT_LOC_STRINGS = NO;
				SWIFT_STRICT_CONCURRENCY = complete;
				SWIFT_UPCOMING_FEATURE_MEMBER_IMPORT_VISIBILITY = YES;
				SWIFT_VERSION = 5.0;
				TARGETED_DEVICE_FAMILY = "1,2";
				TEST_TARGET_NAME = Molten;
			};
			name = Debug;
		};
		F53C0BBB2EA7FB020020E1AB /* Release */ = {
			isa = XCBuildConfiguration;
			buildSettings = {
				CODE_SIGN_STYLE = Automatic;
				CURRENT_PROJECT_VERSION = 1;
				DEVELOPMENT_TEAM = 755FYD4YJY;
				GENERATE_INFOPLIST_FILE = NO;
				INFOPLIST_FILE = MoltenShareExtension/Info.plist;
				INFOPLIST_KEY_CFBundleDisplayName = Molten;
				IPHONEOS_DEPLOYMENT_TARGET = 26.0;
				MARKETING_VERSION = 1.0;
				PRODUCT_BUNDLE_IDENTIFIER = motleywoods.ScreenshotAutomation;
				PRODUCT_NAME = "$(TARGET_NAME)";
				SDKROOT = iphoneos;
				STRING_CATALOG_GENERATE_SYMBOLS = NO;
				SWIFT_APPROACHABLE_CONCURRENCY = YES;
				SWIFT_EMIT_LOC_STRINGS = NO;
				SWIFT_STRICT_CONCURRENCY = complete;
				SWIFT_UPCOMING_FEATURE_MEMBER_IMPORT_VISIBILITY = YES;
				SWIFT_VERSION = 5.0;
				TARGETED_DEVICE_FAMILY = "1,2";
				TEST_TARGET_NAME = Molten;
				VALIDATE_PRODUCT = YES;
			};
			name = Release;
		};
		F551A4302E9DAA1A00C9C2F1 /* Debug */ = {
			isa = XCBuildConfiguration;
			buildSettings = {
				CODE_SIGN_STYLE = Automatic;
				CURRENT_PROJECT_VERSION = 1;
				DEVELOPMENT_TEAM = 755FYD4YJY;
				GENERATE_INFOPLIST_FILE = NO;
				INFOPLIST_FILE = MoltenShareExtension/Info.plist;
				INFOPLIST_KEY_CFBundleDisplayName = Molten;
				IPHONEOS_DEPLOYMENT_TARGET = 26.0;
				MARKETING_VERSION = 1.0;
				PRODUCT_BUNDLE_IDENTIFIER = motleywoods.MoltenUITests;
				PRODUCT_NAME = "$(TARGET_NAME)";
				SDKROOT = iphoneos;
				STRING_CATALOG_GENERATE_SYMBOLS = NO;
				SWIFT_APPROACHABLE_CONCURRENCY = YES;
				SWIFT_EMIT_LOC_STRINGS = NO;
				SWIFT_STRICT_CONCURRENCY = complete;
				SWIFT_UPCOMING_FEATURE_MEMBER_IMPORT_VISIBILITY = YES;
				SWIFT_VERSION = 6.0;
				TARGETED_DEVICE_FAMILY = "1,2";
				TEST_TARGET_NAME = Molten;
			};
			name = Debug;
		};
		F551A4312E9DAA1A00C9C2F1 /* Release */ = {
			isa = XCBuildConfiguration;
			buildSettings = {
				CODE_SIGN_STYLE = Automatic;
				CURRENT_PROJECT_VERSION = 1;
				DEVELOPMENT_TEAM = 755FYD4YJY;
				GENERATE_INFOPLIST_FILE = NO;
				INFOPLIST_FILE = MoltenShareExtension/Info.plist;
				INFOPLIST_KEY_CFBundleDisplayName = Molten;
				IPHONEOS_DEPLOYMENT_TARGET = 26.0;
				MARKETING_VERSION = 1.0;
				PRODUCT_BUNDLE_IDENTIFIER = motleywoods.MoltenUITests;
				PRODUCT_NAME = "$(TARGET_NAME)";
				SDKROOT = iphoneos;
				STRING_CATALOG_GENERATE_SYMBOLS = NO;
				SWIFT_APPROACHABLE_CONCURRENCY = YES;
				SWIFT_EMIT_LOC_STRINGS = NO;
				SWIFT_STRICT_CONCURRENCY = complete;
				SWIFT_UPCOMING_FEATURE_MEMBER_IMPORT_VISIBILITY = YES;
				SWIFT_VERSION = 6.0;
				TARGETED_DEVICE_FAMILY = "1,2";
				TEST_TARGET_NAME = Molten;
				VALIDATE_PRODUCT = YES;
			};
			name = Release;
		};
		F55B2F4C2E8F335D00C8059F /* Debug */ = {
			isa = XCBuildConfiguration;
			buildSettings = {
				BUNDLE_LOADER = "$(TEST_HOST)";
				CODE_SIGN_STYLE = Automatic;
				CURRENT_PROJECT_VERSION = 1;
				DEVELOPMENT_TEAM = 755FYD4YJY;
				GENERATE_INFOPLIST_FILE = NO;
				INFOPLIST_FILE = MoltenShareExtension/Info.plist;
				INFOPLIST_KEY_CFBundleDisplayName = Molten;
				IPHONEOS_DEPLOYMENT_TARGET = 26.0;
				MARKETING_VERSION = 1.0;
				PRODUCT_BUNDLE_IDENTIFIER = motleywoods.MoltenTests;
				PRODUCT_NAME = "$(TARGET_NAME)";
				SDKROOT = iphoneos;
				STRING_CATALOG_GENERATE_SYMBOLS = NO;
				SWIFT_APPROACHABLE_CONCURRENCY = YES;
				SWIFT_DEFAULT_ACTOR_ISOLATION = nonisolated;
				SWIFT_EMIT_LOC_STRINGS = NO;
				SWIFT_STRICT_CONCURRENCY = complete;
				SWIFT_UPCOMING_FEATURE_MEMBER_IMPORT_VISIBILITY = YES;
				SWIFT_VERSION = 6.0;
				TARGETED_DEVICE_FAMILY = "1,2";
				TEST_HOST = "$(BUILT_PRODUCTS_DIR)/Molten.app/$(BUNDLE_EXECUTABLE_FOLDER_PATH)/Molten";
			};
			name = Debug;
		};
		F55B2F4D2E8F335D00C8059F /* Release */ = {
			isa = XCBuildConfiguration;
			buildSettings = {
				BUNDLE_LOADER = "$(TEST_HOST)";
				CODE_SIGN_STYLE = Automatic;
				CURRENT_PROJECT_VERSION = 1;
				DEVELOPMENT_TEAM = 755FYD4YJY;
				GENERATE_INFOPLIST_FILE = NO;
				INFOPLIST_FILE = MoltenShareExtension/Info.plist;
				INFOPLIST_KEY_CFBundleDisplayName = Molten;
				IPHONEOS_DEPLOYMENT_TARGET = 26.0;
				MARKETING_VERSION = 1.0;
				PRODUCT_BUNDLE_IDENTIFIER = motleywoods.MoltenTests;
				PRODUCT_NAME = "$(TARGET_NAME)";
				SDKROOT = iphoneos;
				STRING_CATALOG_GENERATE_SYMBOLS = NO;
				SWIFT_APPROACHABLE_CONCURRENCY = YES;
				SWIFT_DEFAULT_ACTOR_ISOLATION = nonisolated;
				SWIFT_EMIT_LOC_STRINGS = NO;
				SWIFT_STRICT_CONCURRENCY = complete;
				SWIFT_UPCOMING_FEATURE_MEMBER_IMPORT_VISIBILITY = YES;
				SWIFT_VERSION = 6.0;
				TARGETED_DEVICE_FAMILY = "1,2";
				TEST_HOST = "$(BUILT_PRODUCTS_DIR)/Molten.app/$(BUNDLE_EXECUTABLE_FOLDER_PATH)/Molten";
				VALIDATE_PRODUCT = YES;
			};
			name = Release;
		};
		F5A13C732E890147002C0F7A /* Debug */ = {
			isa = XCBuildConfiguration;
			buildSettings = {
				ASSETCATALOG_COMPILER_APPICON_NAME = AppIcon;
				ASSETCATALOG_COMPILER_GLOBAL_ACCENT_COLOR_NAME = AccentColor;
				CODE_SIGN_ENTITLEMENTS = Molten/Molten.entitlements;
				"CODE_SIGN_IDENTITY[sdk=macosx*]" = "Apple Development";
				CODE_SIGN_STYLE = Automatic;
				CURRENT_PROJECT_VERSION = 1;
				DEVELOPMENT_TEAM = 755FYD4YJY;
				ENABLE_APP_SANDBOX = YES;
				ENABLE_PREVIEWS = YES;
				ENABLE_USER_SELECTED_FILES = readonly;
				GENERATE_INFOPLIST_FILE = YES;
				INFOPLIST_FILE = Molten/Info.plist;
				INFOPLIST_KEY_CFBundleDisplayName = Molten;
				INFOPLIST_KEY_NSCameraUsageDescription = "Molten needs access to your camera to let you take photos of your glass inventory items.";
				INFOPLIST_KEY_NSLocationWhenInUseUsageDescription = "Molten uses your location to help you find nearby glass art supply stores on the map.";
				INFOPLIST_KEY_NSPhotoLibraryUsageDescription = "Molten needs access to your photo library to let you upload custom images for your glass inventory items.";
				"INFOPLIST_KEY_UIApplicationSceneManifest_Generation[sdk=iphoneos*]" = YES;
				"INFOPLIST_KEY_UIApplicationSceneManifest_Generation[sdk=iphonesimulator*]" = YES;
				"INFOPLIST_KEY_UIApplicationSupportsIndirectInputEvents[sdk=iphoneos*]" = YES;
				"INFOPLIST_KEY_UIApplicationSupportsIndirectInputEvents[sdk=iphonesimulator*]" = YES;
				"INFOPLIST_KEY_UILaunchScreen_Generation[sdk=iphoneos*]" = YES;
				"INFOPLIST_KEY_UILaunchScreen_Generation[sdk=iphonesimulator*]" = YES;
				"INFOPLIST_KEY_UIStatusBarStyle[sdk=iphoneos*]" = UIStatusBarStyleDefault;
				"INFOPLIST_KEY_UIStatusBarStyle[sdk=iphonesimulator*]" = UIStatusBarStyleDefault;
				INFOPLIST_KEY_UISupportedInterfaceOrientations_iPad = "UIInterfaceOrientationPortrait UIInterfaceOrientationPortraitUpsideDown UIInterfaceOrientationLandscapeLeft UIInterfaceOrientationLandscapeRight";
				INFOPLIST_KEY_UISupportedInterfaceOrientations_iPhone = "UIInterfaceOrientationPortrait UIInterfaceOrientationLandscapeLeft UIInterfaceOrientationLandscapeRight";
				IPHONEOS_DEPLOYMENT_TARGET = 26.0;
				LD_RUNPATH_SEARCH_PATHS = "@executable_path/Frameworks";
				"LD_RUNPATH_SEARCH_PATHS[sdk=macosx*]" = "@executable_path/../Frameworks";
				MACOSX_DEPLOYMENT_TARGET = 26.0;
				MARKETING_VERSION = 0.1;
				PRODUCT_BUNDLE_IDENTIFIER = com.MotleyWoods.Molten;
				PRODUCT_NAME = "$(TARGET_NAME)";
				REGISTER_APP_GROUPS = YES;
				SDKROOT = auto;
				STRING_CATALOG_GENERATE_SYMBOLS = YES;
				SUPPORTED_PLATFORMS = "iphoneos iphonesimulator";
				SUPPORTS_MACCATALYST = NO;
				SWIFT_APPROACHABLE_CONCURRENCY = YES;
				SWIFT_DEFAULT_ACTOR_ISOLATION = MainActor;
				SWIFT_EMIT_LOC_STRINGS = YES;
				SWIFT_STRICT_CONCURRENCY = complete;
				SWIFT_UPCOMING_FEATURE_MEMBER_IMPORT_VISIBILITY = YES;
				SWIFT_VERSION = 6.0;
				TARGETED_DEVICE_FAMILY = "1,2";
				XROS_DEPLOYMENT_TARGET = 26.0;
			};
			name = Debug;
		};
		F5A13C742E890147002C0F7A /* Release */ = {
			isa = XCBuildConfiguration;
			buildSettings = {
				ASSETCATALOG_COMPILER_APPICON_NAME = AppIcon;
				ASSETCATALOG_COMPILER_GLOBAL_ACCENT_COLOR_NAME = AccentColor;
				CODE_SIGN_ENTITLEMENTS = Molten/Molten.entitlements;
				"CODE_SIGN_IDENTITY[sdk=macosx*]" = "Apple Development";
				CODE_SIGN_STYLE = Automatic;
				CURRENT_PROJECT_VERSION = 1;
				DEVELOPMENT_TEAM = 755FYD4YJY;
				ENABLE_APP_SANDBOX = YES;
				ENABLE_PREVIEWS = YES;
				ENABLE_USER_SELECTED_FILES = readonly;
				GENERATE_INFOPLIST_FILE = YES;
				INFOPLIST_FILE = Molten/Info.plist;
				INFOPLIST_KEY_CFBundleDisplayName = Molten;
				INFOPLIST_KEY_NSCameraUsageDescription = "Molten needs access to your camera to let you take photos of your glass inventory items.";
				INFOPLIST_KEY_NSLocationWhenInUseUsageDescription = "Molten uses your location to help you find nearby glass art supply stores on the map.";
				INFOPLIST_KEY_NSPhotoLibraryUsageDescription = "Molten needs access to your photo library to let you upload custom images for your glass inventory items.";
				"INFOPLIST_KEY_UIApplicationSceneManifest_Generation[sdk=iphoneos*]" = YES;
				"INFOPLIST_KEY_UIApplicationSceneManifest_Generation[sdk=iphonesimulator*]" = YES;
				"INFOPLIST_KEY_UIApplicationSupportsIndirectInputEvents[sdk=iphoneos*]" = YES;
				"INFOPLIST_KEY_UIApplicationSupportsIndirectInputEvents[sdk=iphonesimulator*]" = YES;
				"INFOPLIST_KEY_UILaunchScreen_Generation[sdk=iphoneos*]" = YES;
				"INFOPLIST_KEY_UILaunchScreen_Generation[sdk=iphonesimulator*]" = YES;
				"INFOPLIST_KEY_UIStatusBarStyle[sdk=iphoneos*]" = UIStatusBarStyleDefault;
				"INFOPLIST_KEY_UIStatusBarStyle[sdk=iphonesimulator*]" = UIStatusBarStyleDefault;
				INFOPLIST_KEY_UISupportedInterfaceOrientations_iPad = "UIInterfaceOrientationPortrait UIInterfaceOrientationPortraitUpsideDown UIInterfaceOrientationLandscapeLeft UIInterfaceOrientationLandscapeRight";
				INFOPLIST_KEY_UISupportedInterfaceOrientations_iPhone = "UIInterfaceOrientationPortrait UIInterfaceOrientationLandscapeLeft UIInterfaceOrientationLandscapeRight";
				IPHONEOS_DEPLOYMENT_TARGET = 26.0;
				LD_RUNPATH_SEARCH_PATHS = "@executable_path/Frameworks";
				"LD_RUNPATH_SEARCH_PATHS[sdk=macosx*]" = "@executable_path/../Frameworks";
				MACOSX_DEPLOYMENT_TARGET = 26.0;
				MARKETING_VERSION = 0.1;
				PRODUCT_BUNDLE_IDENTIFIER = com.MotleyWoods.Molten;
				PRODUCT_NAME = "$(TARGET_NAME)";
				REGISTER_APP_GROUPS = YES;
				SDKROOT = auto;
				STRING_CATALOG_GENERATE_SYMBOLS = YES;
				SUPPORTED_PLATFORMS = "iphoneos iphonesimulator";
				SUPPORTS_MACCATALYST = NO;
				SWIFT_APPROACHABLE_CONCURRENCY = YES;
				SWIFT_DEFAULT_ACTOR_ISOLATION = MainActor;
				SWIFT_EMIT_LOC_STRINGS = YES;
				SWIFT_STRICT_CONCURRENCY = complete;
				SWIFT_UPCOMING_FEATURE_MEMBER_IMPORT_VISIBILITY = YES;
				SWIFT_VERSION = 6.0;
				TARGETED_DEVICE_FAMILY = "1,2";
				XROS_DEPLOYMENT_TARGET = 26.0;
			};
			name = Release;
		};
		F5A13C752E890147002C0F7A /* Debug */ = {
			isa = XCBuildConfiguration;
			buildSettings = {
				ALWAYS_SEARCH_USER_PATHS = NO;
				ASSETCATALOG_COMPILER_GENERATE_SWIFT_ASSET_SYMBOL_EXTENSIONS = YES;
				CLANG_ANALYZER_NONNULL = YES;
				CLANG_ANALYZER_NUMBER_OBJECT_CONVERSION = YES_AGGRESSIVE;
				CLANG_CXX_LANGUAGE_STANDARD = "gnu++20";
				CLANG_ENABLE_MODULES = YES;
				CLANG_ENABLE_OBJC_ARC = YES;
				CLANG_ENABLE_OBJC_WEAK = YES;
				CLANG_WARN_BLOCK_CAPTURE_AUTORELEASING = YES;
				CLANG_WARN_BOOL_CONVERSION = YES;
				CLANG_WARN_COMMA = YES;
				CLANG_WARN_CONSTANT_CONVERSION = YES;
				CLANG_WARN_DEPRECATED_OBJC_IMPLEMENTATIONS = YES;
				CLANG_WARN_DIRECT_OBJC_ISA_USAGE = YES_ERROR;
				CLANG_WARN_DOCUMENTATION_COMMENTS = YES;
				CLANG_WARN_EMPTY_BODY = YES;
				CLANG_WARN_ENUM_CONVERSION = YES;
				CLANG_WARN_INFINITE_RECURSION = YES;
				CLANG_WARN_INT_CONVERSION = YES;
				CLANG_WARN_NON_LITERAL_NULL_CONVERSION = YES;
				CLANG_WARN_OBJC_IMPLICIT_RETAIN_SELF = YES;
				CLANG_WARN_OBJC_LITERAL_CONVERSION = YES;
				CLANG_WARN_OBJC_ROOT_CLASS = YES_ERROR;
				CLANG_WARN_QUOTED_INCLUDE_IN_FRAMEWORK_HEADER = YES;
				CLANG_WARN_RANGE_LOOP_ANALYSIS = YES;
				CLANG_WARN_STRICT_PROTOTYPES = YES;
				CLANG_WARN_SUSPICIOUS_MOVE = YES;
				CLANG_WARN_UNGUARDED_AVAILABILITY = YES_AGGRESSIVE;
				CLANG_WARN_UNREACHABLE_CODE = YES;
				CLANG_WARN__DUPLICATE_METHOD_MATCH = YES;
				COPY_PHASE_STRIP = NO;
				DEAD_CODE_STRIPPING = YES;
				DEBUG_INFORMATION_FORMAT = "dwarf-with-dsym";
				ENABLE_STRICT_OBJC_MSGSEND = YES;
				ENABLE_TESTABILITY = YES;
				ENABLE_USER_SCRIPT_SANDBOXING = YES;
				GCC_C_LANGUAGE_STANDARD = gnu17;
				GCC_DYNAMIC_NO_PIC = NO;
				GCC_NO_COMMON_BLOCKS = YES;
				GCC_OPTIMIZATION_LEVEL = 0;
				GCC_PREPROCESSOR_DEFINITIONS = (
					"DEBUG=1",
					"$(inherited)",
				);
				GCC_WARN_64_TO_32_BIT_CONVERSION = YES;
				GCC_WARN_ABOUT_RETURN_TYPE = YES_ERROR;
				GCC_WARN_UNDECLARED_SELECTOR = YES;
				GCC_WARN_UNINITIALIZED_AUTOS = YES_AGGRESSIVE;
				GCC_WARN_UNUSED_FUNCTION = YES;
				GCC_WARN_UNUSED_VARIABLE = YES;
				LOCALIZATION_PREFERS_STRING_CATALOGS = YES;
				MTL_ENABLE_DEBUG_INFO = INCLUDE_SOURCE;
				MTL_FAST_MATH = YES;
				ONLY_ACTIVE_ARCH = YES;
				SWIFT_ACTIVE_COMPILATION_CONDITIONS = "DEBUG $(inherited)";
				SWIFT_OPTIMIZATION_LEVEL = "-Onone";
			};
			name = Debug;
		};
		F5A13C762E890147002C0F7A /* Release */ = {
			isa = XCBuildConfiguration;
			buildSettings = {
				ALWAYS_SEARCH_USER_PATHS = NO;
				ASSETCATALOG_COMPILER_GENERATE_SWIFT_ASSET_SYMBOL_EXTENSIONS = YES;
				CLANG_ANALYZER_NONNULL = YES;
				CLANG_ANALYZER_NUMBER_OBJECT_CONVERSION = YES_AGGRESSIVE;
				CLANG_CXX_LANGUAGE_STANDARD = "gnu++20";
				CLANG_ENABLE_MODULES = YES;
				CLANG_ENABLE_OBJC_ARC = YES;
				CLANG_ENABLE_OBJC_WEAK = YES;
				CLANG_WARN_BLOCK_CAPTURE_AUTORELEASING = YES;
				CLANG_WARN_BOOL_CONVERSION = YES;
				CLANG_WARN_COMMA = YES;
				CLANG_WARN_CONSTANT_CONVERSION = YES;
				CLANG_WARN_DEPRECATED_OBJC_IMPLEMENTATIONS = YES;
				CLANG_WARN_DIRECT_OBJC_ISA_USAGE = YES_ERROR;
				CLANG_WARN_DOCUMENTATION_COMMENTS = YES;
				CLANG_WARN_EMPTY_BODY = YES;
				CLANG_WARN_ENUM_CONVERSION = YES;
				CLANG_WARN_INFINITE_RECURSION = YES;
				CLANG_WARN_INT_CONVERSION = YES;
				CLANG_WARN_NON_LITERAL_NULL_CONVERSION = YES;
				CLANG_WARN_OBJC_IMPLICIT_RETAIN_SELF = YES;
				CLANG_WARN_OBJC_LITERAL_CONVERSION = YES;
				CLANG_WARN_OBJC_ROOT_CLASS = YES_ERROR;
				CLANG_WARN_QUOTED_INCLUDE_IN_FRAMEWORK_HEADER = YES;
				CLANG_WARN_RANGE_LOOP_ANALYSIS = YES;
				CLANG_WARN_STRICT_PROTOTYPES = YES;
				CLANG_WARN_SUSPICIOUS_MOVE = YES;
				CLANG_WARN_UNGUARDED_AVAILABILITY = YES_AGGRESSIVE;
				CLANG_WARN_UNREACHABLE_CODE = YES;
				CLANG_WARN__DUPLICATE_METHOD_MATCH = YES;
				COPY_PHASE_STRIP = NO;
				DEAD_CODE_STRIPPING = YES;
				DEBUG_INFORMATION_FORMAT = "dwarf-with-dsym";
				ENABLE_NS_ASSERTIONS = NO;
				ENABLE_STRICT_OBJC_MSGSEND = YES;
				ENABLE_USER_SCRIPT_SANDBOXING = YES;
				GCC_C_LANGUAGE_STANDARD = gnu17;
				GCC_NO_COMMON_BLOCKS = YES;
				GCC_WARN_64_TO_32_BIT_CONVERSION = YES;
				GCC_WARN_ABOUT_RETURN_TYPE = YES_ERROR;
				GCC_WARN_UNDECLARED_SELECTOR = YES;
				GCC_WARN_UNINITIALIZED_AUTOS = YES_AGGRESSIVE;
				GCC_WARN_UNUSED_FUNCTION = YES;
				GCC_WARN_UNUSED_VARIABLE = YES;
				LOCALIZATION_PREFERS_STRING_CATALOGS = YES;
				MTL_ENABLE_DEBUG_INFO = NO;
				MTL_FAST_MATH = YES;
				SWIFT_COMPILATION_MODE = wholemodule;
			};
			name = Release;
		};
		F5D3D63E2E9DCB0100DAA195 /* Debug */ = {
			isa = XCBuildConfiguration;
			buildSettings = {
				BUNDLE_LOADER = "$(TEST_HOST)";
				CODE_SIGN_STYLE = Automatic;
				CURRENT_PROJECT_VERSION = 1;
				DEVELOPMENT_TEAM = 755FYD4YJY;
				GENERATE_INFOPLIST_FILE = NO;
				INFOPLIST_FILE = MoltenShareExtension/Info.plist;
				INFOPLIST_KEY_CFBundleDisplayName = Molten;
				IPHONEOS_DEPLOYMENT_TARGET = 26.0;
				MARKETING_VERSION = 1.0;
				PRODUCT_BUNDLE_IDENTIFIER = motleywoods.PerformanceTests;
				PRODUCT_NAME = "$(TARGET_NAME)";
				SDKROOT = iphoneos;
				STRING_CATALOG_GENERATE_SYMBOLS = NO;
				SWIFT_APPROACHABLE_CONCURRENCY = YES;
				SWIFT_EMIT_LOC_STRINGS = NO;
				SWIFT_STRICT_CONCURRENCY = complete;
				SWIFT_UPCOMING_FEATURE_MEMBER_IMPORT_VISIBILITY = YES;
				SWIFT_VERSION = 6.0;
				TARGETED_DEVICE_FAMILY = "1,2";
				TEST_HOST = "$(BUILT_PRODUCTS_DIR)/Molten.app/$(BUNDLE_EXECUTABLE_FOLDER_PATH)/Molten";
			};
			name = Debug;
		};
		F5D3D63F2E9DCB0100DAA195 /* Release */ = {
			isa = XCBuildConfiguration;
			buildSettings = {
				BUNDLE_LOADER = "$(TEST_HOST)";
				CODE_SIGN_STYLE = Automatic;
				CURRENT_PROJECT_VERSION = 1;
				DEVELOPMENT_TEAM = 755FYD4YJY;
				GENERATE_INFOPLIST_FILE = NO;
				INFOPLIST_FILE = MoltenShareExtension/Info.plist;
				INFOPLIST_KEY_CFBundleDisplayName = Molten;
				IPHONEOS_DEPLOYMENT_TARGET = 26.0;
				MARKETING_VERSION = 1.0;
				PRODUCT_BUNDLE_IDENTIFIER = motleywoods.PerformanceTests;
				PRODUCT_NAME = "$(TARGET_NAME)";
				SDKROOT = iphoneos;
				STRING_CATALOG_GENERATE_SYMBOLS = NO;
				SWIFT_APPROACHABLE_CONCURRENCY = YES;
				SWIFT_EMIT_LOC_STRINGS = NO;
				SWIFT_STRICT_CONCURRENCY = complete;
				SWIFT_UPCOMING_FEATURE_MEMBER_IMPORT_VISIBILITY = YES;
				SWIFT_VERSION = 6.0;
				TARGETED_DEVICE_FAMILY = "1,2";
				TEST_HOST = "$(BUILT_PRODUCTS_DIR)/Molten.app/$(BUNDLE_EXECUTABLE_FOLDER_PATH)/Molten";
				VALIDATE_PRODUCT = YES;
			};
			name = Release;
		};
		F5DB4DB52EAB159C00F6E879 /* Debug */ = {
			isa = XCBuildConfiguration;
			buildSettings = {
				CODE_SIGN_ENTITLEMENTS = MoltenShareExtension/MoltenShareExtension.entitlements;
				CODE_SIGN_STYLE = Automatic;
				CURRENT_PROJECT_VERSION = 1;
				DEVELOPMENT_TEAM = 755FYD4YJY;
				GENERATE_INFOPLIST_FILE = NO;
				INFOPLIST_FILE = MoltenShareExtension/Info.plist;
				INFOPLIST_KEY_CFBundleDisplayName = Molten;
				IPHONEOS_DEPLOYMENT_TARGET = 26.0;
				LD_RUNPATH_SEARCH_PATHS = (
					"$(inherited)",
					"@executable_path/Frameworks",
					"@executable_path/../../Frameworks",
				);
				MARKETING_VERSION = 1.0;
				PRODUCT_BUNDLE_IDENTIFIER = com.MotleyWoods.Molten.MoltenShareExtension;
				PRODUCT_NAME = "$(TARGET_NAME)";
				SDKROOT = iphoneos;
				SKIP_INSTALL = YES;
				STRING_CATALOG_GENERATE_SYMBOLS = YES;
				SWIFT_APPROACHABLE_CONCURRENCY = YES;
				SWIFT_EMIT_LOC_STRINGS = YES;
				SWIFT_STRICT_CONCURRENCY = complete;
				SWIFT_UPCOMING_FEATURE_MEMBER_IMPORT_VISIBILITY = YES;
				SWIFT_VERSION = 5.0;
				TARGETED_DEVICE_FAMILY = "1,2";
			};
			name = Debug;
		};
		F5DB4DB62EAB159C00F6E879 /* Release */ = {
			isa = XCBuildConfiguration;
			buildSettings = {
				CODE_SIGN_ENTITLEMENTS = MoltenShareExtension/MoltenShareExtension.entitlements;
				CODE_SIGN_STYLE = Automatic;
				CURRENT_PROJECT_VERSION = 1;
				DEVELOPMENT_TEAM = 755FYD4YJY;
				GENERATE_INFOPLIST_FILE = NO;
				INFOPLIST_FILE = MoltenShareExtension/Info.plist;
				INFOPLIST_KEY_CFBundleDisplayName = Molten;
				IPHONEOS_DEPLOYMENT_TARGET = 26.0;
				LD_RUNPATH_SEARCH_PATHS = (
					"$(inherited)",
					"@executable_path/Frameworks",
					"@executable_path/../../Frameworks",
				);
				MARKETING_VERSION = 1.0;
				PRODUCT_BUNDLE_IDENTIFIER = com.MotleyWoods.Molten.MoltenShareExtension;
				PRODUCT_NAME = "$(TARGET_NAME)";
				SDKROOT = iphoneos;
				SKIP_INSTALL = YES;
				STRING_CATALOG_GENERATE_SYMBOLS = YES;
				SWIFT_APPROACHABLE_CONCURRENCY = YES;
				SWIFT_EMIT_LOC_STRINGS = YES;
				SWIFT_STRICT_CONCURRENCY = complete;
				SWIFT_UPCOMING_FEATURE_MEMBER_IMPORT_VISIBILITY = YES;
				SWIFT_VERSION = 5.0;
				TARGETED_DEVICE_FAMILY = "1,2";
				VALIDATE_PRODUCT = YES;
			};
			name = Release;
		};
		F5F58EDD2EAECD460017A02E /* Debug */ = {
			isa = XCBuildConfiguration;
			buildSettings = {
				BUNDLE_LOADER = "$(TEST_HOST)";
				CODE_SIGN_STYLE = Automatic;
				CURRENT_PROJECT_VERSION = 1;
				DEVELOPMENT_TEAM = 755FYD4YJY;
				GENERATE_INFOPLIST_FILE = YES;
				IPHONEOS_DEPLOYMENT_TARGET = 26.0;
				MARKETING_VERSION = 1.0;
				PRODUCT_BUNDLE_IDENTIFIER = motleywoods.InventoryImport;
				PRODUCT_NAME = "$(TARGET_NAME)";
				SDKROOT = iphoneos;
				STRING_CATALOG_GENERATE_SYMBOLS = NO;
				SWIFT_APPROACHABLE_CONCURRENCY = YES;
				SWIFT_EMIT_LOC_STRINGS = NO;
				SWIFT_STRICT_CONCURRENCY = complete;
				SWIFT_UPCOMING_FEATURE_MEMBER_IMPORT_VISIBILITY = YES;
				SWIFT_VERSION = 5.0;
				TARGETED_DEVICE_FAMILY = "1,2";
				TEST_HOST = "$(BUILT_PRODUCTS_DIR)/Molten.app/$(BUNDLE_EXECUTABLE_FOLDER_PATH)/Molten";
			};
			name = Debug;
		};
		F5F58EDE2EAECD460017A02E /* Release */ = {
			isa = XCBuildConfiguration;
			buildSettings = {
				BUNDLE_LOADER = "$(TEST_HOST)";
				CODE_SIGN_STYLE = Automatic;
				CURRENT_PROJECT_VERSION = 1;
				DEVELOPMENT_TEAM = 755FYD4YJY;
				GENERATE_INFOPLIST_FILE = YES;
				IPHONEOS_DEPLOYMENT_TARGET = 26.0;
				MARKETING_VERSION = 1.0;
				PRODUCT_BUNDLE_IDENTIFIER = motleywoods.InventoryImport;
				PRODUCT_NAME = "$(TARGET_NAME)";
				SDKROOT = iphoneos;
				STRING_CATALOG_GENERATE_SYMBOLS = NO;
				SWIFT_APPROACHABLE_CONCURRENCY = YES;
				SWIFT_EMIT_LOC_STRINGS = NO;
				SWIFT_STRICT_CONCURRENCY = complete;
				SWIFT_UPCOMING_FEATURE_MEMBER_IMPORT_VISIBILITY = YES;
				SWIFT_VERSION = 5.0;
				TARGETED_DEVICE_FAMILY = "1,2";
				TEST_HOST = "$(BUILT_PRODUCTS_DIR)/Molten.app/$(BUNDLE_EXECUTABLE_FOLDER_PATH)/Molten";
				VALIDATE_PRODUCT = YES;
			};
			name = Release;
		};
		F5FACB122EA0B4830084A6D0 /* Debug */ = {
			isa = XCBuildConfiguration;
			buildSettings = {
				BUNDLE_LOADER = "$(TEST_HOST)";
				CODE_SIGN_STYLE = Automatic;
				CURRENT_PROJECT_VERSION = 1;
				DEVELOPMENT_TEAM = 755FYD4YJY;
				GENERATE_INFOPLIST_FILE = NO;
				INFOPLIST_FILE = MoltenShareExtension/Info.plist;
				INFOPLIST_KEY_CFBundleDisplayName = Molten;
				IPHONEOS_DEPLOYMENT_TARGET = 26.0;
				MARKETING_VERSION = 1.0;
				PRODUCT_BUNDLE_IDENTIFIER = motleywoods.RepositoryTests;
				PRODUCT_NAME = "$(TARGET_NAME)";
				SDKROOT = iphoneos;
				STRING_CATALOG_GENERATE_SYMBOLS = NO;
				SWIFT_APPROACHABLE_CONCURRENCY = YES;
				SWIFT_EMIT_LOC_STRINGS = NO;
				SWIFT_STRICT_CONCURRENCY = complete;
				SWIFT_UPCOMING_FEATURE_MEMBER_IMPORT_VISIBILITY = YES;
				SWIFT_VERSION = 6.0;
				TARGETED_DEVICE_FAMILY = "1,2";
				TEST_HOST = "$(BUILT_PRODUCTS_DIR)/Molten.app/$(BUNDLE_EXECUTABLE_FOLDER_PATH)/Molten";
			};
			name = Debug;
		};
		F5FACB132EA0B4830084A6D0 /* Release */ = {
			isa = XCBuildConfiguration;
			buildSettings = {
				BUNDLE_LOADER = "$(TEST_HOST)";
				CODE_SIGN_STYLE = Automatic;
				CURRENT_PROJECT_VERSION = 1;
				DEVELOPMENT_TEAM = 755FYD4YJY;
				GENERATE_INFOPLIST_FILE = NO;
				INFOPLIST_FILE = MoltenShareExtension/Info.plist;
				INFOPLIST_KEY_CFBundleDisplayName = Molten;
				IPHONEOS_DEPLOYMENT_TARGET = 26.0;
				MARKETING_VERSION = 1.0;
				PRODUCT_BUNDLE_IDENTIFIER = motleywoods.RepositoryTests;
				PRODUCT_NAME = "$(TARGET_NAME)";
				SDKROOT = iphoneos;
				STRING_CATALOG_GENERATE_SYMBOLS = NO;
				SWIFT_APPROACHABLE_CONCURRENCY = YES;
				SWIFT_EMIT_LOC_STRINGS = NO;
				SWIFT_STRICT_CONCURRENCY = complete;
				SWIFT_UPCOMING_FEATURE_MEMBER_IMPORT_VISIBILITY = YES;
				SWIFT_VERSION = 6.0;
				TARGETED_DEVICE_FAMILY = "1,2";
				TEST_HOST = "$(BUILT_PRODUCTS_DIR)/Molten.app/$(BUNDLE_EXECUTABLE_FOLDER_PATH)/Molten";
				VALIDATE_PRODUCT = YES;
			};
			name = Release;
		};
/* End XCBuildConfiguration section */

/* Begin XCConfigurationList section */
		F506B69C2EAFC16700CDBC6D /* Build configuration list for PBXNativeTarget "ViewModelTests" */ = {
			isa = XCConfigurationList;
			buildConfigurations = (
				F506B69D2EAFC16700CDBC6D /* Debug */,
				F506B69E2EAFC16700CDBC6D /* Release */,
			);
			defaultConfigurationIsVisible = 0;
			defaultConfigurationName = Release;
		};
		F53C0BB92EA7FB020020E1AB /* Build configuration list for PBXNativeTarget "ScreenshotAutomation" */ = {
			isa = XCConfigurationList;
			buildConfigurations = (
				F53C0BBA2EA7FB020020E1AB /* Debug */,
				F53C0BBB2EA7FB020020E1AB /* Release */,
			);
			defaultConfigurationIsVisible = 0;
			defaultConfigurationName = Release;
		};
		F551A42F2E9DAA1A00C9C2F1 /* Build configuration list for PBXNativeTarget "MoltenUITests" */ = {
			isa = XCConfigurationList;
			buildConfigurations = (
				F551A4302E9DAA1A00C9C2F1 /* Debug */,
				F551A4312E9DAA1A00C9C2F1 /* Release */,
			);
			defaultConfigurationIsVisible = 0;
			defaultConfigurationName = Release;
		};
		F55B2F4B2E8F335D00C8059F /* Build configuration list for PBXNativeTarget "MoltenTests" */ = {
			isa = XCConfigurationList;
			buildConfigurations = (
				F55B2F4C2E8F335D00C8059F /* Debug */,
				F55B2F4D2E8F335D00C8059F /* Release */,
			);
			defaultConfigurationIsVisible = 0;
			defaultConfigurationName = Release;
		};
		F5A13C462E890146002C0F7A /* Build configuration list for PBXProject "Molten" */ = {
			isa = XCConfigurationList;
			buildConfigurations = (
				F5A13C752E890147002C0F7A /* Debug */,
				F5A13C762E890147002C0F7A /* Release */,
			);
			defaultConfigurationIsVisible = 0;
			defaultConfigurationName = Release;
		};
		F5A13C722E890147002C0F7A /* Build configuration list for PBXNativeTarget "Molten" */ = {
			isa = XCConfigurationList;
			buildConfigurations = (
				F5A13C732E890147002C0F7A /* Debug */,
				F5A13C742E890147002C0F7A /* Release */,
			);
			defaultConfigurationIsVisible = 0;
			defaultConfigurationName = Release;
		};
		F5D3D63D2E9DCB0100DAA195 /* Build configuration list for PBXNativeTarget "PerformanceTests" */ = {
			isa = XCConfigurationList;
			buildConfigurations = (
				F5D3D63E2E9DCB0100DAA195 /* Debug */,
				F5D3D63F2E9DCB0100DAA195 /* Release */,
			);
			defaultConfigurationIsVisible = 0;
			defaultConfigurationName = Release;
		};
		F5DB4DB42EAB159C00F6E879 /* Build configuration list for PBXNativeTarget "MoltenShareExtension" */ = {
			isa = XCConfigurationList;
			buildConfigurations = (
				F5DB4DB52EAB159C00F6E879 /* Debug */,
				F5DB4DB62EAB159C00F6E879 /* Release */,
			);
			defaultConfigurationIsVisible = 0;
			defaultConfigurationName = Release;
		};
		F5F58EDF2EAECD460017A02E /* Build configuration list for PBXNativeTarget "InventoryImport" */ = {
			isa = XCConfigurationList;
			buildConfigurations = (
				F5F58EDD2EAECD460017A02E /* Debug */,
				F5F58EDE2EAECD460017A02E /* Release */,
			);
			defaultConfigurationIsVisible = 0;
			defaultConfigurationName = Release;
		};
		F5FACB112EA0B4830084A6D0 /* Build configuration list for PBXNativeTarget "RepositoryTests" */ = {
			isa = XCConfigurationList;
			buildConfigurations = (
				F5FACB122EA0B4830084A6D0 /* Debug */,
				F5FACB132EA0B4830084A6D0 /* Release */,
			);
			defaultConfigurationIsVisible = 0;
			defaultConfigurationName = Release;
		};
/* End XCConfigurationList section */

/* Begin XCRemoteSwiftPackageReference section */
		F52C8C2D2EC95283001E5CB0 /* XCRemoteSwiftPackageReference "sentry-cocoa" */ = {
			isa = XCRemoteSwiftPackageReference;
			repositoryURL = "https://github.com/getsentry/sentry-cocoa";
			requirement = {
				kind = upToNextMajorVersion;
				minimumVersion = 8.57.3;
			};
		};
		F59F3AD42EBF1A2C005A6269 /* XCRemoteSwiftPackageReference "purchases-ios-spm" */ = {
			isa = XCRemoteSwiftPackageReference;
			repositoryURL = "https://github.com/RevenueCat/purchases-ios-spm.git";
			requirement = {
				kind = upToNextMajorVersion;
				minimumVersion = 5.48.0;
			};
		};
/* End XCRemoteSwiftPackageReference section */

/* Begin XCSwiftPackageProductDependency section */
		F52C8C2E2EC95283001E5CB0 /* Sentry */ = {
			isa = XCSwiftPackageProductDependency;
			package = F52C8C2D2EC95283001E5CB0 /* XCRemoteSwiftPackageReference "sentry-cocoa" */;
			productName = Sentry;
		};
		F59F21B82EBF2CDE005A6269 /* RevenueCat */ = {
			isa = XCSwiftPackageProductDependency;
			package = F59F3AD42EBF1A2C005A6269 /* XCRemoteSwiftPackageReference "purchases-ios-spm" */;
			productName = RevenueCat;
		};
		F59F21BA2EBF2CDE005A6269 /* RevenueCatUI */ = {
			isa = XCSwiftPackageProductDependency;
			package = F59F3AD42EBF1A2C005A6269 /* XCRemoteSwiftPackageReference "purchases-ios-spm" */;
			productName = RevenueCatUI;
		};
		F59F3AD52EBF1A2C005A6269 /* RevenueCat */ = {
			isa = XCSwiftPackageProductDependency;
			package = F59F3AD42EBF1A2C005A6269 /* XCRemoteSwiftPackageReference "purchases-ios-spm" */;
			productName = RevenueCat;
		};
		F59F3AD72EBF1A2C005A6269 /* RevenueCatUI */ = {
			isa = XCSwiftPackageProductDependency;
			package = F59F3AD42EBF1A2C005A6269 /* XCRemoteSwiftPackageReference "purchases-ios-spm" */;
			productName = RevenueCatUI;
		};
/* End XCSwiftPackageProductDependency section */
	};
	rootObject = F5A13C432E890146002C0F7A /* Project object */;
}
