// !$*UTF8*$!
{
	archiveVersion = 1;
	classes = {
	};
	objectVersion = 77;
	objects = {

/* Begin PBXBuildFile section */
		F50466F82EA4333C00375368 /* DESIGN_PROJECT_ENTITIES.md in Resources */ = {isa = PBXBuildFile; fileRef = F50466F72EA4333C00375368 /* DESIGN_PROJECT_ENTITIES.md */; };
		F5D3D6A82E9DCDE600DAA195 /* UnitTestsOnly.xctestplan in Resources */ = {isa = PBXBuildFile; fileRef = F5D3D6A72E9DCDE600DAA195 /* UnitTestsOnly.xctestplan */; };
		F5D3D6CD2E9DE21600DAA195 /* UITests.xctestplan in Resources */ = {isa = PBXBuildFile; fileRef = F5D3D6CC2E9DE21600DAA195 /* UITests.xctestplan */; };
		F5D3E3522E9EAB2000DAA195 /* core-data-verification.md in Resources */ = {isa = PBXBuildFile; fileRef = F5D3E3512E9EAB2000DAA195 /* core-data-verification.md */; };
		F5EA2FB92E9F4ACA00DB21AD /* AppTests.xctestplan in Resources */ = {isa = PBXBuildFile; fileRef = F5EA291C2E9F4ACA00DB21AD /* AppTests.xctestplan */; };
		F5EA3BDB2E9FF29700DB21AD /* DELETED_TESTS.md in Resources */ = {isa = PBXBuildFile; fileRef = F5EA3BDA2E9FF29700DB21AD /* DELETED_TESTS.md */; };
		F5FACAF92EA0AE170084A6D0 /* TEST_FIXES_SUMMARY.md in Resources */ = {isa = PBXBuildFile; fileRef = F5FACAF82EA0AE170084A6D0 /* TEST_FIXES_SUMMARY.md */; };
		F5FACB432EA0BE410084A6D0 /* MockRepositoryDebugTest.swift in Sources */ = {isa = PBXBuildFile; fileRef = F5FACB412EA0BE1E0084A6D0 /* MockRepositoryDebugTest.swift */; };
/* End PBXBuildFile section */

/* Begin PBXContainerItemProxy section */
		F551A42D2E9DAA1A00C9C2F1 /* PBXContainerItemProxy */ = {
			isa = PBXContainerItemProxy;
			containerPortal = F5A13C432E890146002C0F7A /* Project object */;
			proxyType = 1;
			remoteGlobalIDString = F5A13C4A2E890146002C0F7A;
			remoteInfo = Flameworker;
		};
		F55B2F492E8F335D00C8059F /* PBXContainerItemProxy */ = {
			isa = PBXContainerItemProxy;
			containerPortal = F5A13C432E890146002C0F7A /* Project object */;
			proxyType = 1;
			remoteGlobalIDString = F5A13C4A2E890146002C0F7A;
			remoteInfo = Flameworker;
		};
		F5D3D63B2E9DCB0100DAA195 /* PBXContainerItemProxy */ = {
			isa = PBXContainerItemProxy;
			containerPortal = F5A13C432E890146002C0F7A /* Project object */;
			proxyType = 1;
			remoteGlobalIDString = F5A13C4A2E890146002C0F7A;
			remoteInfo = Flameworker;
		};
		F5FACB0F2EA0B4830084A6D0 /* PBXContainerItemProxy */ = {
			isa = PBXContainerItemProxy;
			containerPortal = F5A13C432E890146002C0F7A /* Project object */;
			proxyType = 1;
			remoteGlobalIDString = F5A13C4A2E890146002C0F7A;
			remoteInfo = Flameworker;
		};
/* End PBXContainerItemProxy section */

/* Begin PBXFileReference section */
		F5044B4C2EA1A47E00375368 /* AppTests.xctestplan */ = {isa = PBXFileReference; lastKnownFileType = text; path = AppTests.xctestplan; sourceTree = "<group>"; };
		F50466F72EA4333C00375368 /* DESIGN_PROJECT_ENTITIES.md */ = {isa = PBXFileReference; lastKnownFileType = net.daringfireball.markdown; path = DESIGN_PROJECT_ENTITIES.md; sourceTree = "<group>"; };
		F50904ED2E8B5D30003C65AB /* Testing.framework */ = {isa = PBXFileReference; lastKnownFileType = wrapper.framework; name = Testing.framework; path = Platforms/MacOSX.platform/Developer/Library/Frameworks/Testing.framework; sourceTree = DEVELOPER_DIR; };
		F551A4272E9DAA1A00C9C2F1 /* FlameworkerUITests.xctest */ = {isa = PBXFileReference; explicitFileType = wrapper.cfbundle; includeInIndex = 0; path = FlameworkerUITests.xctest; sourceTree = BUILT_PRODUCTS_DIR; };
		F55B2F452E8F335D00C8059F /* FlameworkerTests.xctest */ = {isa = PBXFileReference; explicitFileType = wrapper.cfbundle; includeInIndex = 0; path = FlameworkerTests.xctest; sourceTree = BUILT_PRODUCTS_DIR; };
		F565A1BF2E906F6A00A7F490 /* Flameworker.xctestplan */ = {isa = PBXFileReference; lastKnownFileType = text; path = Flameworker.xctestplan; sourceTree = "<group>"; };
		F5A13C4B2E890146002C0F7A /* Flameworker.app */ = {isa = PBXFileReference; explicitFileType = wrapper.application; includeInIndex = 0; path = Flameworker.app; sourceTree = BUILT_PRODUCTS_DIR; };
		F5D3D6372E9DCB0100DAA195 /* PerformanceTests.xctest */ = {isa = PBXFileReference; explicitFileType = wrapper.cfbundle; includeInIndex = 0; path = PerformanceTests.xctest; sourceTree = BUILT_PRODUCTS_DIR; };
		F5D3D6A72E9DCDE600DAA195 /* UnitTestsOnly.xctestplan */ = {isa = PBXFileReference; lastKnownFileType = text; path = UnitTestsOnly.xctestplan; sourceTree = "<group>"; };
		F5D3D6CC2E9DE21600DAA195 /* UITests.xctestplan */ = {isa = PBXFileReference; lastKnownFileType = text; path = UITests.xctestplan; sourceTree = "<group>"; };
		F5D3E3512E9EAB2000DAA195 /* core-data-verification.md */ = {isa = PBXFileReference; lastKnownFileType = net.daringfireball.markdown; path = "core-data-verification.md"; sourceTree = "<group>"; };
		F5EA291C2E9F4ACA00DB21AD /* AppTests.xctestplan */ = {isa = PBXFileReference; lastKnownFileType = text; path = AppTests.xctestplan; sourceTree = "<group>"; };
		F5EA3BDA2E9FF29700DB21AD /* DELETED_TESTS.md */ = {isa = PBXFileReference; lastKnownFileType = net.daringfireball.markdown; path = DELETED_TESTS.md; sourceTree = "<group>"; };
		F5FACAF82EA0AE170084A6D0 /* TEST_FIXES_SUMMARY.md */ = {isa = PBXFileReference; lastKnownFileType = net.daringfireball.markdown; path = TEST_FIXES_SUMMARY.md; sourceTree = "<group>"; };
		F5FACB0B2EA0B4830084A6D0 /* RepositoryTests.xctest */ = {isa = PBXFileReference; explicitFileType = wrapper.cfbundle; includeInIndex = 0; path = RepositoryTests.xctest; sourceTree = BUILT_PRODUCTS_DIR; };
		F5FACB412EA0BE1E0084A6D0 /* MockRepositoryDebugTest.swift */ = {isa = PBXFileReference; lastKnownFileType = sourcecode.swift; path = MockRepositoryDebugTest.swift; sourceTree = "<group>"; };
		F5FACB512EA0C9590084A6D0 /* RepositoryTests.xctestplan */ = {isa = PBXFileReference; lastKnownFileType = text; path = RepositoryTests.xctestplan; sourceTree = "<group>"; };
/* End PBXFileReference section */

/* Begin PBXFileSystemSynchronizedBuildFileExceptionSet section */
		F58C7A602E90AE620052C821 /* Exceptions for "Flameworker" folder in "FlameworkerTests" target */ = {
			isa = PBXFileSystemSynchronizedBuildFileExceptionSet;
			membershipExceptions = (
				README.md,
				Sources/Utilities/AdvancedTestingUtilities.swift,
				Sources/Utilities/CollectionSafetyUtilities.swift,
				Sources/Utilities/NetworkSimulationUtilities.swift,
				Sources/Utilities/StringValidationUtilities.swift,
				Sources/Views/Shared/Helpers/UIStateManagers.swift,
				Tests/FlameworkerTests/AdvancedTestingTests.swift,
				Tests/FlameworkerTests/BasicFunctionalityTests.swift,
				Tests/FlameworkerTests/CatalogBuildModelTests.swift,
				Tests/FlameworkerTests/CatalogBundleDebugViewTests.swift,
				Tests/FlameworkerTests/CatalogItemEntityTests.swift,
				Tests/FlameworkerTests/CatalogItemHelpersTests.swift,
				Tests/FlameworkerTests/CatalogItemModelPhase1Tests.swift,
				Tests/FlameworkerTests/CatalogItemParentModelTests.swift,
				Tests/FlameworkerTests/CatalogServiceAdvancedTests.swift,
				Tests/FlameworkerTests/CatalogViewDataInitializationTests.swift,
				Tests/FlameworkerTests/CatalogViewTests.swift,
				Tests/FlameworkerTests/CoreDataLeakDiagnostic.swift,
				Tests/FlameworkerTests/CoreDataPreventionSystem.swift,
				Tests/FlameworkerTests/CoreFunctionalityTests.swift,
				Tests/FlameworkerTests/CrossEntityIntegrationTests.swift,
				Tests/FlameworkerTests/DataInitializationServiceTests.swift,
				Tests/FlameworkerTests/DataLoadingServiceTests.swift,
				Tests/FlameworkerTests/DataModelValidationTests.swift,
				Tests/FlameworkerTests/DiagnosticTests.swift,
				Tests/FlameworkerTests/EndToEndWorkflowTests.swift,
				Tests/FlameworkerTests/ErrorBoundaryTests.swift,
				Tests/FlameworkerTests/ErrorHandlingTests.swift,
				Tests/FlameworkerTests/FilterUtilitiesTests.swift,
				Tests/FlameworkerTests/FixedBasicTests.swift,
				Tests/FlameworkerTests/GlassItemDataLoadingServiceTests.swift,
				Tests/FlameworkerTests/GlassItemSearchSelectorTests.swift,
				Tests/FlameworkerTests/GlassItemSpecificTests.swift,
				Tests/FlameworkerTests/GlassItemTypeSystemTests.swift,
				Tests/FlameworkerTests/ImageHelpersTests.swift,
				Tests/FlameworkerTests/ImageLoadingTests.swift,
				Tests/FlameworkerTests/ImagePermissionTests.swift,
				Tests/FlameworkerTests/IntegrationTests.swift,
				Tests/FlameworkerTests/InventoryDetailViewUserNotesTests.swift,
				Tests/FlameworkerTests/InventoryItemDetailViewTests.swift,
				Tests/FlameworkerTests/InventorySearchSuggestionsTests.swift,
				Tests/FlameworkerTests/InventoryServiceTests.swift,
				Tests/FlameworkerTests/InventoryViewComponentsTests.swift,
				Tests/FlameworkerTests/InventoryViewModelTests.swift,
				Tests/FlameworkerTests/JSONDataLoaderTests.swift,
				Tests/FlameworkerTests/LocationAutoCompleteFieldTests.swift,
				Tests/FlameworkerTests/LocationServiceTests.swift,
				Tests/FlameworkerTests/MainTabViewTests.swift,
				Tests/FlameworkerTests/MockUserImageRepositoryTests.swift,
				Tests/FlameworkerTests/MultiUserScenarioTests.swift,
				Tests/FlameworkerTests/NetworkSimulationTests.swift,
				Tests/FlameworkerTests/NewTestTemplate.swift,
				Tests/FlameworkerTests/ProjectGlassItemTests.swift,
				Tests/FlameworkerTests/ProjectModelTests.swift,
				Tests/FlameworkerTests/ProjectReferenceUrlTests.swift,
				Tests/FlameworkerTests/ProjectServiceTests.swift,
				Tests/FlameworkerTests/RepositoryIdentityTest.swift,
				Tests/FlameworkerTests/SearchTextParserTests.swift,
				Tests/FlameworkerTests/SearchUtilitiesConfigurationTests.swift,
				Tests/FlameworkerTests/SearchUtilitiesTests.swift,
				Tests/FlameworkerTests/ServiceCoordinationTests.swift,
				Tests/FlameworkerTests/ServiceValidationEnhancedTests.swift,
				Tests/FlameworkerTests/ShoppingListItemCreationTests.swift,
				Tests/FlameworkerTests/ShoppingListOptionsViewTests.swift,
				Tests/FlameworkerTests/ShoppingListRepositoryTests.swift,
				Tests/FlameworkerTests/ShoppingListServiceTests.swift,
				Tests/FlameworkerTests/SimpleIsolatedTest.swift,
				Tests/FlameworkerTests/SortUtilitiesTests.swift,
				Tests/FlameworkerTests/StoreAutoCompleteFieldTests.swift,
				Tests/FlameworkerTests/TestConfiguration.swift,
				Tests/FlameworkerTests/TestDataSetup.swift,
				Tests/FlameworkerTests/TestFixes.swift,
				Tests/FlameworkerTests/UIStateManagementTests.swift,
				Tests/FlameworkerTests/UserImageRepositoryTests.swift,
				Tests/FlameworkerTests/UserNotesEditorTests.swift,
				Tests/FlameworkerTests/UserSettingsTests.swift,
				Tests/FlameworkerTests/UserTagsIntegrationTests.swift,
				Tests/FlameworkerTests/ValidationUtilitiesTests.swift,
				Tests/FlameworkerTests/ViewRepositoryIntegrationTests.swift,
				Tests/FlameworkerTests/ViewStateManagementTests.swift,
				Tests/FlameworkerTests/ViewUtilitiesTests.swift,
				Tests/FlameworkerTests/WeightUnitTests.swift,
				Tools/Documentation/check_core_data_violations.sh,
				Tools/Documentation/CORE_DATA_CLEANUP_SUMMARY.md,
				Tools/Documentation/CORE_DATA_PREVENTION_GUIDE.md,
				Tools/Documentation/detect_all_coredata.sh,
				Tools/Documentation/RELEASE_STRATEGY_UPDATED.md,
			);
			target = F55B2F442E8F335D00C8059F /* FlameworkerTests */;
		};
		F58D50C22E8B91F1005B18B3 /* Exceptions for "Flameworker" folder in "Flameworker" target */ = {
			isa = PBXFileSystemSynchronizedBuildFileExceptionSet;
			membershipExceptions = (
				Info.plist,
				README.md,
				Sources/Utilities/AdvancedTestingUtilities.swift,
				Sources/Utilities/CollectionSafetyUtilities.swift,
				Sources/Utilities/NetworkSimulationUtilities.swift,
				Sources/Utilities/StringValidationUtilities.swift,
				Sources/Views/Shared/Helpers/UIStateManagers.swift,
				Tests/FlameworkerTests/AdvancedTestingTests.swift,
				Tests/FlameworkerTests/BasicFunctionalityTests.swift,
				Tests/FlameworkerTests/CatalogBuildModelTests.swift,
				Tests/FlameworkerTests/CatalogBundleDebugViewTests.swift,
				Tests/FlameworkerTests/CatalogItemEntityTests.swift,
				Tests/FlameworkerTests/CatalogItemHelpersTests.swift,
				Tests/FlameworkerTests/CatalogItemModelPhase1Tests.swift,
				Tests/FlameworkerTests/CatalogItemParentModelTests.swift,
				Tests/FlameworkerTests/CatalogServiceAdvancedTests.swift,
				Tests/FlameworkerTests/CatalogViewDataInitializationTests.swift,
				Tests/FlameworkerTests/CatalogViewTests.swift,
				Tests/FlameworkerTests/CoreDataLeakDiagnostic.swift,
				Tests/FlameworkerTests/CoreDataPreventionSystem.swift,
				Tests/FlameworkerTests/CoreFunctionalityTests.swift,
				Tests/FlameworkerTests/CrossEntityIntegrationTests.swift,
				Tests/FlameworkerTests/DataInitializationServiceTests.swift,
				Tests/FlameworkerTests/DataLoadingServiceTests.swift,
				Tests/FlameworkerTests/DataModelValidationTests.swift,
				Tests/FlameworkerTests/DiagnosticTests.swift,
				Tests/FlameworkerTests/EndToEndWorkflowTests.swift,
				Tests/FlameworkerTests/ErrorBoundaryTests.swift,
				Tests/FlameworkerTests/ErrorHandlingTests.swift,
				Tests/FlameworkerTests/FilterUtilitiesTests.swift,
				Tests/FlameworkerTests/FixedBasicTests.swift,
				Tests/FlameworkerTests/GlassItemDataLoadingServiceTests.swift,
				Tests/FlameworkerTests/GlassItemSearchSelectorTests.swift,
				Tests/FlameworkerTests/GlassItemSpecificTests.swift,
				Tests/FlameworkerTests/GlassItemTypeSystemTests.swift,
				Tests/FlameworkerTests/ImageHelpersTests.swift,
				Tests/FlameworkerTests/ImageLoadingTests.swift,
				Tests/FlameworkerTests/ImagePermissionTests.swift,
				Tests/FlameworkerTests/IntegrationTests.swift,
				Tests/FlameworkerTests/InventoryDetailViewUserNotesTests.swift,
				Tests/FlameworkerTests/InventoryItemDetailViewTests.swift,
				Tests/FlameworkerTests/InventorySearchSuggestionsTests.swift,
				Tests/FlameworkerTests/InventoryServiceTests.swift,
				Tests/FlameworkerTests/InventoryViewComponentsTests.swift,
				Tests/FlameworkerTests/InventoryViewModelTests.swift,
				Tests/FlameworkerTests/JSONDataLoaderTests.swift,
				Tests/FlameworkerTests/LocationAutoCompleteFieldTests.swift,
				Tests/FlameworkerTests/LocationServiceTests.swift,
				Tests/FlameworkerTests/MainTabViewTests.swift,
				Tests/FlameworkerTests/MockUserImageRepositoryTests.swift,
				Tests/FlameworkerTests/MultiUserScenarioTests.swift,
				Tests/FlameworkerTests/NetworkSimulationTests.swift,
				Tests/FlameworkerTests/NewTestTemplate.swift,
				Tests/FlameworkerTests/ProjectGlassItemTests.swift,
				Tests/FlameworkerTests/ProjectModelTests.swift,
				Tests/FlameworkerTests/ProjectReferenceUrlTests.swift,
				Tests/FlameworkerTests/ProjectServiceTests.swift,
				Tests/FlameworkerTests/RepositoryIdentityTest.swift,
				Tests/FlameworkerTests/SearchTextParserTests.swift,
				Tests/FlameworkerTests/SearchUtilitiesConfigurationTests.swift,
				Tests/FlameworkerTests/SearchUtilitiesTests.swift,
				Tests/FlameworkerTests/ServiceCoordinationTests.swift,
				Tests/FlameworkerTests/ServiceValidationEnhancedTests.swift,
				Tests/FlameworkerTests/ShoppingListItemCreationTests.swift,
				Tests/FlameworkerTests/ShoppingListOptionsViewTests.swift,
				Tests/FlameworkerTests/ShoppingListRepositoryTests.swift,
				Tests/FlameworkerTests/ShoppingListServiceTests.swift,
				Tests/FlameworkerTests/SimpleIsolatedTest.swift,
				Tests/FlameworkerTests/SortUtilitiesTests.swift,
				Tests/FlameworkerTests/StoreAutoCompleteFieldTests.swift,
				Tests/FlameworkerTests/TestConfiguration.swift,
				Tests/FlameworkerTests/TestDataSetup.swift,
				Tests/FlameworkerTests/TestFixes.swift,
				Tests/FlameworkerTests/UIStateManagementTests.swift,
				Tests/FlameworkerTests/UserImageRepositoryTests.swift,
				Tests/FlameworkerTests/UserNotesEditorTests.swift,
				Tests/FlameworkerTests/UserSettingsTests.swift,
				Tests/FlameworkerTests/UserTagsIntegrationTests.swift,
				Tests/FlameworkerTests/ValidationUtilitiesTests.swift,
				Tests/FlameworkerTests/ViewRepositoryIntegrationTests.swift,
				Tests/FlameworkerTests/ViewStateManagementTests.swift,
				Tests/FlameworkerTests/ViewUtilitiesTests.swift,
				Tests/FlameworkerTests/WeightUnitTests.swift,
				Tests/FlameworkerUITests/FlameworkerUITests.swift,
				Tests/FlameworkerUITests/FlameworkerUITestsLaunchTests.swift,
				Tests/PerformanceTests/PerformanceTests.swift,
				Tests/PerformanceTests/RealisticLoadTests.swift,
				Tests/PerformanceTests/ResourceManagementTests.swift,
				Tests/RepositoryTests/CatalogRepositoryTests.swift,
				Tests/RepositoryTests/CatalogViewDataLoadingTests.swift,
				Tests/RepositoryTests/CoreDataDiagnosticTest.swift,
				Tests/RepositoryTests/CoreDataHelpersTests.swift,
				Tests/RepositoryTests/CoreDataInventoryRepositoryTests.swift,
				Tests/RepositoryTests/CoreDataItemTagsRepositoryTests.swift,
				Tests/RepositoryTests/CoreDataProjectLogRepositoryTests.swift,
				Tests/RepositoryTests/CoreDataRecoveryUtilityTests.swift,
				Tests/RepositoryTests/CoreDataRepositoryTests.swift,
				Tests/RepositoryTests/CoreDataUserTagsRepositoryTests.swift,
				Tests/RepositoryTests/FileSystemUserImageRepositoryTests.swift,
				Tests/RepositoryTests/GlassItemDataLoadingServiceTests.swift,
				Tests/RepositoryTests/GlassItemRepositoryTests.swift,
				Tests/RepositoryTests/InventoryRepositoryTests.swift,
				Tests/RepositoryTests/ItemMinimumRepositoryIntegrationTests.swift,
				Tests/RepositoryTests/JSONDataLoaderCoreDataTests.swift,
				Tests/RepositoryTests/LocationRepositoryCompilationTest.swift,
				Tests/RepositoryTests/ProjectLogRepositoryTests.swift,
				Tests/RepositoryTests/ProjectPlanRepositoryTests.swift,
				Tests/RepositoryTests/PurchaseRecordRepositoryTests.swift,
				Tests/RepositoryTests/RepositoryFactoryDataLoadingTests.swift,
				Tests/RepositoryTests/RepositoryFactoryTests.swift,
				Tests/RepositoryTests/RepositoryTests.swift,
				Tests/RepositoryTests/UserImageRepositoryTests.swift,
				Tests/RepositoryTests/UserNotesRepositoryTests.swift,
				Tools/Documentation/check_core_data_violations.sh,
				Tools/Documentation/CORE_DATA_CLEANUP_SUMMARY.md,
				Tools/Documentation/CORE_DATA_PREVENTION_GUIDE.md,
				Tools/Documentation/detect_all_coredata.sh,
				Tools/Documentation/RELEASE_STRATEGY_UPDATED.md,
				Tools/Documentation/TODO.txt,
				"Tools/Scraping Tools/boro_batch_scraper.py",
				"Tools/Scraping Tools/cim_scraper.py",
				"Tools/Scraping Tools/color_extractor.py",
				"Tools/Scraping Tools/csv_to_json_converter.py",
				"Tools/Scraping Tools/double_helix_scraper.py",
				"Tools/Scraping Tools/glass_alchemy_scraper.py",
				"Tools/Scraping Tools/glass_scraper.py",
				"Tools/Scraping Tools/image_downloader.py",
				"Tools/Scraping Tools/tag_scraper.py",
			);
			target = F5A13C4A2E890146002C0F7A /* Flameworker */;
		};
		F5D352FB2E9F3D5300EE1EDF /* Exceptions for "Flameworker" folder in "PerformanceTests" target */ = {
			isa = PBXFileSystemSynchronizedBuildFileExceptionSet;
			membershipExceptions = (
				Tests/PerformanceTests/PerformanceTests.swift,
				Tests/PerformanceTests/RealisticLoadTests.swift,
			);
			target = F5D3D6362E9DCB0100DAA195 /* PerformanceTests */;
		};
		F5D3D6A42E9DCCC200DAA195 /* Exceptions for "Flameworker" folder in "FlameworkerUITests" target */ = {
			isa = PBXFileSystemSynchronizedBuildFileExceptionSet;
			membershipExceptions = (
				Tests/FlameworkerUITests/FlameworkerUITests.swift,
				Tests/FlameworkerUITests/FlameworkerUITestsLaunchTests.swift,
			);
			target = F551A4262E9DAA1A00C9C2F1 /* FlameworkerUITests */;
		};
		F5FACB172EA0B4A10084A6D0 /* Exceptions for "Flameworker" folder in "RepositoryTests" target */ = {
			isa = PBXFileSystemSynchronizedBuildFileExceptionSet;
			membershipExceptions = (
				Tests/RepositoryTests/CatalogRepositoryTests.swift,
				Tests/RepositoryTests/CatalogViewDataLoadingTests.swift,
				Tests/RepositoryTests/CoreDataDiagnosticTest.swift,
				Tests/RepositoryTests/CoreDataHelpersTests.swift,
				Tests/RepositoryTests/CoreDataInventoryRepositoryTests.swift,
				Tests/RepositoryTests/CoreDataItemTagsRepositoryTests.swift,
				Tests/RepositoryTests/CoreDataProjectLogRepositoryTests.swift,
				Tests/RepositoryTests/CoreDataRecoveryUtilityTests.swift,
				Tests/RepositoryTests/CoreDataRepositoryTests.swift,
				Tests/RepositoryTests/CoreDataUserTagsRepositoryTests.swift,
				Tests/RepositoryTests/FileSystemUserImageRepositoryTests.swift,
				Tests/RepositoryTests/GlassItemDataLoadingServiceTests.swift,
				Tests/RepositoryTests/GlassItemRepositoryTests.swift,
				Tests/RepositoryTests/InventoryRepositoryTests.swift,
				Tests/RepositoryTests/ItemMinimumRepositoryIntegrationTests.swift,
				Tests/RepositoryTests/JSONDataLoaderCoreDataTests.swift,
				Tests/RepositoryTests/LocationRepositoryCompilationTest.swift,
				Tests/RepositoryTests/ProjectLogRepositoryTests.swift,
				Tests/RepositoryTests/ProjectPlanRepositoryTests.swift,
				Tests/RepositoryTests/PurchaseRecordRepositoryTests.swift,
				Tests/RepositoryTests/RepositoryFactoryDataLoadingTests.swift,
				Tests/RepositoryTests/RepositoryFactoryTests.swift,
				Tests/RepositoryTests/RepositoryTests.swift,
				Tests/RepositoryTests/UserImageRepositoryTests.swift,
				Tests/RepositoryTests/UserNotesRepositoryTests.swift,
			);
			target = F5FACB0A2EA0B4830084A6D0 /* RepositoryTests */;
		};
/* End PBXFileSystemSynchronizedBuildFileExceptionSet section */

/* Begin PBXFileSystemSynchronizedRootGroup section */
		F5A13C4D2E890146002C0F7A /* Flameworker */ = {
			isa = PBXFileSystemSynchronizedRootGroup;
			exceptions = (
				F58D50C22E8B91F1005B18B3 /* Exceptions for "Flameworker" folder in "Flameworker" target */,
				F58C7A602E90AE620052C821 /* Exceptions for "Flameworker" folder in "FlameworkerTests" target */,
				F5D3D6A42E9DCCC200DAA195 /* Exceptions for "Flameworker" folder in "FlameworkerUITests" target */,
				F5D352FB2E9F3D5300EE1EDF /* Exceptions for "Flameworker" folder in "PerformanceTests" target */,
				F5FACB172EA0B4A10084A6D0 /* Exceptions for "Flameworker" folder in "RepositoryTests" target */,
			);
			path = Flameworker;
			sourceTree = "<group>";
		};
/* End PBXFileSystemSynchronizedRootGroup section */

/* Begin PBXFrameworksBuildPhase section */
		F551A4242E9DAA1A00C9C2F1 /* Frameworks */ = {
			isa = PBXFrameworksBuildPhase;
			buildActionMask = 2147483647;
			files = (
			);
			runOnlyForDeploymentPostprocessing = 0;
		};
		F55B2F422E8F335D00C8059F /* Frameworks */ = {
			isa = PBXFrameworksBuildPhase;
			buildActionMask = 2147483647;
			files = (
			);
			runOnlyForDeploymentPostprocessing = 0;
		};
		F5A13C482E890146002C0F7A /* Frameworks */ = {
			isa = PBXFrameworksBuildPhase;
			buildActionMask = 2147483647;
			files = (
			);
			runOnlyForDeploymentPostprocessing = 0;
		};
		F5D3D6342E9DCB0100DAA195 /* Frameworks */ = {
			isa = PBXFrameworksBuildPhase;
			buildActionMask = 2147483647;
			files = (
			);
			runOnlyForDeploymentPostprocessing = 0;
		};
		F5FACB082EA0B4830084A6D0 /* Frameworks */ = {
			isa = PBXFrameworksBuildPhase;
			buildActionMask = 2147483647;
			files = (
			);
			runOnlyForDeploymentPostprocessing = 0;
		};
/* End PBXFrameworksBuildPhase section */

/* Begin PBXGroup section */
		F50904EC2E8B5D30003C65AB /* Frameworks */ = {
			isa = PBXGroup;
			children = (
				F50904ED2E8B5D30003C65AB /* Testing.framework */,
			);
			name = Frameworks;
			sourceTree = "<group>";
		};
		F5A13C422E890146002C0F7A = {
			isa = PBXGroup;
			children = (
				F5044B4C2EA1A47E00375368 /* AppTests.xctestplan */,
				F5FACB512EA0C9590084A6D0 /* RepositoryTests.xctestplan */,
				F5D3D6CC2E9DE21600DAA195 /* UITests.xctestplan */,
				F5EA291C2E9F4ACA00DB21AD /* AppTests.xctestplan */,
				F565A1BF2E906F6A00A7F490 /* Flameworker.xctestplan */,
				F5D3D6A72E9DCDE600DAA195 /* UnitTestsOnly.xctestplan */,
				F5A13C4D2E890146002C0F7A /* Flameworker */,
				F5A13C4C2E890146002C0F7A /* Products */,
				F50904EC2E8B5D30003C65AB /* Frameworks */,
				F5D3E3512E9EAB2000DAA195 /* core-data-verification.md */,
				F5EA3BDA2E9FF29700DB21AD /* DELETED_TESTS.md */,
				F5FACAF82EA0AE170084A6D0 /* TEST_FIXES_SUMMARY.md */,
				F5FACB412EA0BE1E0084A6D0 /* MockRepositoryDebugTest.swift */,
				F50466F72EA4333C00375368 /* DESIGN_PROJECT_ENTITIES.md */,
			);
			sourceTree = "<group>";
		};
		F5A13C4C2E890146002C0F7A /* Products */ = {
			isa = PBXGroup;
			children = (
				F5A13C4B2E890146002C0F7A /* Flameworker.app */,
				F55B2F452E8F335D00C8059F /* FlameworkerTests.xctest */,
				F551A4272E9DAA1A00C9C2F1 /* FlameworkerUITests.xctest */,
				F5D3D6372E9DCB0100DAA195 /* PerformanceTests.xctest */,
				F5FACB0B2EA0B4830084A6D0 /* RepositoryTests.xctest */,
			);
			name = Products;
			sourceTree = "<group>";
		};
/* End PBXGroup section */

/* Begin PBXNativeTarget section */
		F551A4262E9DAA1A00C9C2F1 /* FlameworkerUITests */ = {
			isa = PBXNativeTarget;
			buildConfigurationList = F551A42F2E9DAA1A00C9C2F1 /* Build configuration list for PBXNativeTarget "FlameworkerUITests" */;
			buildPhases = (
				F551A4232E9DAA1A00C9C2F1 /* Sources */,
				F551A4242E9DAA1A00C9C2F1 /* Frameworks */,
				F551A4252E9DAA1A00C9C2F1 /* Resources */,
			);
			buildRules = (
			);
			dependencies = (
				F551A42E2E9DAA1A00C9C2F1 /* PBXTargetDependency */,
			);
			name = FlameworkerUITests;
			packageProductDependencies = (
			);
			productName = FlameworkerUITests;
			productReference = F551A4272E9DAA1A00C9C2F1 /* FlameworkerUITests.xctest */;
			productType = "com.apple.product-type.bundle.ui-testing";
		};
		F55B2F442E8F335D00C8059F /* FlameworkerTests */ = {
			isa = PBXNativeTarget;
			buildConfigurationList = F55B2F4B2E8F335D00C8059F /* Build configuration list for PBXNativeTarget "FlameworkerTests" */;
			buildPhases = (
				F55B2F412E8F335D00C8059F /* Sources */,
				F55B2F422E8F335D00C8059F /* Frameworks */,
				F55B2F432E8F335D00C8059F /* Resources */,
			);
			buildRules = (
			);
			dependencies = (
				F55B2F4A2E8F335D00C8059F /* PBXTargetDependency */,
			);
			name = FlameworkerTests;
			packageProductDependencies = (
			);
			productName = FlameworkerTests;
			productReference = F55B2F452E8F335D00C8059F /* FlameworkerTests.xctest */;
			productType = "com.apple.product-type.bundle.unit-test";
		};
		F5A13C4A2E890146002C0F7A /* Flameworker */ = {
			isa = PBXNativeTarget;
			buildConfigurationList = F5A13C722E890147002C0F7A /* Build configuration list for PBXNativeTarget "Flameworker" */;
			buildPhases = (
				F5A13C472E890146002C0F7A /* Sources */,
				F5A13C482E890146002C0F7A /* Frameworks */,
				F5A13C492E890146002C0F7A /* Resources */,
			);
			buildRules = (
			);
			dependencies = (
			);
			fileSystemSynchronizedGroups = (
				F5A13C4D2E890146002C0F7A /* Flameworker */,
			);
			name = Flameworker;
			packageProductDependencies = (
			);
			productName = Flameworker;
			productReference = F5A13C4B2E890146002C0F7A /* Flameworker.app */;
			productType = "com.apple.product-type.application";
		};
		F5D3D6362E9DCB0100DAA195 /* PerformanceTests */ = {
			isa = PBXNativeTarget;
			buildConfigurationList = F5D3D63D2E9DCB0100DAA195 /* Build configuration list for PBXNativeTarget "PerformanceTests" */;
			buildPhases = (
				F5D3D6332E9DCB0100DAA195 /* Sources */,
				F5D3D6342E9DCB0100DAA195 /* Frameworks */,
				F5D3D6352E9DCB0100DAA195 /* Resources */,
			);
			buildRules = (
			);
			dependencies = (
				F5D3D63C2E9DCB0100DAA195 /* PBXTargetDependency */,
			);
			name = PerformanceTests;
			packageProductDependencies = (
			);
			productName = PerformanceTests;
			productReference = F5D3D6372E9DCB0100DAA195 /* PerformanceTests.xctest */;
			productType = "com.apple.product-type.bundle.unit-test";
		};
		F5FACB0A2EA0B4830084A6D0 /* RepositoryTests */ = {
			isa = PBXNativeTarget;
			buildConfigurationList = F5FACB112EA0B4830084A6D0 /* Build configuration list for PBXNativeTarget "RepositoryTests" */;
			buildPhases = (
				F5FACB072EA0B4830084A6D0 /* Sources */,
				F5FACB082EA0B4830084A6D0 /* Frameworks */,
				F5FACB092EA0B4830084A6D0 /* Resources */,
			);
			buildRules = (
			);
			dependencies = (
				F5FACB102EA0B4830084A6D0 /* PBXTargetDependency */,
			);
			name = RepositoryTests;
			packageProductDependencies = (
			);
			productName = RepositoryTests;
			productReference = F5FACB0B2EA0B4830084A6D0 /* RepositoryTests.xctest */;
			productType = "com.apple.product-type.bundle.unit-test";
		};
/* End PBXNativeTarget section */

/* Begin PBXProject section */
		F5A13C432E890146002C0F7A /* Project object */ = {
			isa = PBXProject;
			attributes = {
				BuildIndependentTargetsInParallel = 1;
				LastSwiftUpdateCheck = 2600;
				LastUpgradeCheck = 2600;
				ORGANIZATIONNAME = "Motley Woods";
				TargetAttributes = {
					F551A4262E9DAA1A00C9C2F1 = {
						CreatedOnToolsVersion = 26.0.1;
						TestTargetID = F5A13C4A2E890146002C0F7A;
					};
					F55B2F442E8F335D00C8059F = {
						CreatedOnToolsVersion = 26.0.1;
						TestTargetID = F5A13C4A2E890146002C0F7A;
					};
					F5A13C4A2E890146002C0F7A = {
						CreatedOnToolsVersion = 26.0.1;
					};
					F5D3D6362E9DCB0100DAA195 = {
						CreatedOnToolsVersion = 26.0.1;
						TestTargetID = F5A13C4A2E890146002C0F7A;
					};
					F5FACB0A2EA0B4830084A6D0 = {
						CreatedOnToolsVersion = 26.0.1;
						TestTargetID = F5A13C4A2E890146002C0F7A;
					};
				};
			};
			buildConfigurationList = F5A13C462E890146002C0F7A /* Build configuration list for PBXProject "Flameworker" */;
			developmentRegion = en;
			hasScannedForEncodings = 0;
			knownRegions = (
				en,
				Base,
			);
			mainGroup = F5A13C422E890146002C0F7A;
			minimizedProjectReferenceProxies = 1;
			preferredProjectObjectVersion = 77;
			productRefGroup = F5A13C4C2E890146002C0F7A /* Products */;
			projectDirPath = "";
			projectRoot = "";
			targets = (
				F5A13C4A2E890146002C0F7A /* Flameworker */,
				F55B2F442E8F335D00C8059F /* FlameworkerTests */,
				F551A4262E9DAA1A00C9C2F1 /* FlameworkerUITests */,
				F5D3D6362E9DCB0100DAA195 /* PerformanceTests */,
				F5FACB0A2EA0B4830084A6D0 /* RepositoryTests */,
			);
		};
/* End PBXProject section */

/* Begin PBXResourcesBuildPhase section */
		F551A4252E9DAA1A00C9C2F1 /* Resources */ = {
			isa = PBXResourcesBuildPhase;
			buildActionMask = 2147483647;
			files = (
			);
			runOnlyForDeploymentPostprocessing = 0;
		};
		F55B2F432E8F335D00C8059F /* Resources */ = {
			isa = PBXResourcesBuildPhase;
			buildActionMask = 2147483647;
			files = (
				F5EA2FB92E9F4ACA00DB21AD /* AppTests.xctestplan in Resources */,
			);
			runOnlyForDeploymentPostprocessing = 0;
		};
		F5A13C492E890146002C0F7A /* Resources */ = {
			isa = PBXResourcesBuildPhase;
			buildActionMask = 2147483647;
			files = (
				F5EA3BDB2E9FF29700DB21AD /* DELETED_TESTS.md in Resources */,
				F5D3E3522E9EAB2000DAA195 /* core-data-verification.md in Resources */,
				F50466F82EA4333C00375368 /* DESIGN_PROJECT_ENTITIES.md in Resources */,
				F5D3D6A82E9DCDE600DAA195 /* UnitTestsOnly.xctestplan in Resources */,
				F5FACAF92EA0AE170084A6D0 /* TEST_FIXES_SUMMARY.md in Resources */,
				F5D3D6CD2E9DE21600DAA195 /* UITests.xctestplan in Resources */,
			);
			runOnlyForDeploymentPostprocessing = 0;
		};
		F5D3D6352E9DCB0100DAA195 /* Resources */ = {
			isa = PBXResourcesBuildPhase;
			buildActionMask = 2147483647;
			files = (
			);
			runOnlyForDeploymentPostprocessing = 0;
		};
		F5FACB092EA0B4830084A6D0 /* Resources */ = {
			isa = PBXResourcesBuildPhase;
			buildActionMask = 2147483647;
			files = (
			);
			runOnlyForDeploymentPostprocessing = 0;
		};
/* End PBXResourcesBuildPhase section */

/* Begin PBXSourcesBuildPhase section */
		F551A4232E9DAA1A00C9C2F1 /* Sources */ = {
			isa = PBXSourcesBuildPhase;
			buildActionMask = 2147483647;
			files = (
			);
			runOnlyForDeploymentPostprocessing = 0;
		};
		F55B2F412E8F335D00C8059F /* Sources */ = {
			isa = PBXSourcesBuildPhase;
			buildActionMask = 2147483647;
			files = (
				F5FACB432EA0BE410084A6D0 /* MockRepositoryDebugTest.swift in Sources */,
			);
			runOnlyForDeploymentPostprocessing = 0;
		};
		F5A13C472E890146002C0F7A /* Sources */ = {
			isa = PBXSourcesBuildPhase;
			buildActionMask = 2147483647;
			files = (
			);
			runOnlyForDeploymentPostprocessing = 0;
		};
		F5D3D6332E9DCB0100DAA195 /* Sources */ = {
			isa = PBXSourcesBuildPhase;
			buildActionMask = 2147483647;
			files = (
			);
			runOnlyForDeploymentPostprocessing = 0;
		};
		F5FACB072EA0B4830084A6D0 /* Sources */ = {
			isa = PBXSourcesBuildPhase;
			buildActionMask = 2147483647;
			files = (
			);
			runOnlyForDeploymentPostprocessing = 0;
		};
/* End PBXSourcesBuildPhase section */

/* Begin PBXTargetDependency section */
		F551A42E2E9DAA1A00C9C2F1 /* PBXTargetDependency */ = {
			isa = PBXTargetDependency;
			target = F5A13C4A2E890146002C0F7A /* Flameworker */;
			targetProxy = F551A42D2E9DAA1A00C9C2F1 /* PBXContainerItemProxy */;
		};
		F55B2F4A2E8F335D00C8059F /* PBXTargetDependency */ = {
			isa = PBXTargetDependency;
			target = F5A13C4A2E890146002C0F7A /* Flameworker */;
			targetProxy = F55B2F492E8F335D00C8059F /* PBXContainerItemProxy */;
		};
		F5D3D63C2E9DCB0100DAA195 /* PBXTargetDependency */ = {
			isa = PBXTargetDependency;
			target = F5A13C4A2E890146002C0F7A /* Flameworker */;
			targetProxy = F5D3D63B2E9DCB0100DAA195 /* PBXContainerItemProxy */;
		};
		F5FACB102EA0B4830084A6D0 /* PBXTargetDependency */ = {
			isa = PBXTargetDependency;
			target = F5A13C4A2E890146002C0F7A /* Flameworker */;
			targetProxy = F5FACB0F2EA0B4830084A6D0 /* PBXContainerItemProxy */;
		};
/* End PBXTargetDependency section */

/* Begin XCBuildConfiguration section */
		F551A4302E9DAA1A00C9C2F1 /* Debug */ = {
			isa = XCBuildConfiguration;
			buildSettings = {
				CODE_SIGN_STYLE = Automatic;
				CURRENT_PROJECT_VERSION = 1;
				GENERATE_INFOPLIST_FILE = YES;
				IPHONEOS_DEPLOYMENT_TARGET = 26.0;
				MARKETING_VERSION = 1.0;
				PRODUCT_BUNDLE_IDENTIFIER = motleywoods.FlameworkerUITests;
				PRODUCT_NAME = "$(TARGET_NAME)";
				SDKROOT = iphoneos;
				STRING_CATALOG_GENERATE_SYMBOLS = NO;
				SWIFT_APPROACHABLE_CONCURRENCY = YES;
				SWIFT_EMIT_LOC_STRINGS = NO;
				SWIFT_UPCOMING_FEATURE_MEMBER_IMPORT_VISIBILITY = YES;
				SWIFT_VERSION = 5.0;
				TARGETED_DEVICE_FAMILY = "1,2";
				TEST_TARGET_NAME = Flameworker;
			};
			name = Debug;
		};
		F551A4312E9DAA1A00C9C2F1 /* Release */ = {
			isa = XCBuildConfiguration;
			buildSettings = {
				CODE_SIGN_STYLE = Automatic;
				CURRENT_PROJECT_VERSION = 1;
				GENERATE_INFOPLIST_FILE = YES;
				IPHONEOS_DEPLOYMENT_TARGET = 26.0;
				MARKETING_VERSION = 1.0;
				PRODUCT_BUNDLE_IDENTIFIER = motleywoods.FlameworkerUITests;
				PRODUCT_NAME = "$(TARGET_NAME)";
				SDKROOT = iphoneos;
				STRING_CATALOG_GENERATE_SYMBOLS = NO;
				SWIFT_APPROACHABLE_CONCURRENCY = YES;
				SWIFT_EMIT_LOC_STRINGS = NO;
				SWIFT_UPCOMING_FEATURE_MEMBER_IMPORT_VISIBILITY = YES;
				SWIFT_VERSION = 5.0;
				TARGETED_DEVICE_FAMILY = "1,2";
				TEST_TARGET_NAME = Flameworker;
				VALIDATE_PRODUCT = YES;
			};
			name = Release;
		};
		F55B2F4C2E8F335D00C8059F /* Debug */ = {
			isa = XCBuildConfiguration;
			buildSettings = {
				BUNDLE_LOADER = "$(TEST_HOST)";
				CODE_SIGN_STYLE = Automatic;
				CURRENT_PROJECT_VERSION = 1;
				DEVELOPMENT_TEAM = 755FYD4YJY;
				GENERATE_INFOPLIST_FILE = YES;
				IPHONEOS_DEPLOYMENT_TARGET = 26.0;
				MARKETING_VERSION = 1.0;
				PRODUCT_BUNDLE_IDENTIFIER = motleywoods.FlameworkerTests;
				PRODUCT_NAME = "$(TARGET_NAME)";
				SDKROOT = iphoneos;
				STRING_CATALOG_GENERATE_SYMBOLS = NO;
				SWIFT_APPROACHABLE_CONCURRENCY = YES;
				SWIFT_EMIT_LOC_STRINGS = NO;
				SWIFT_UPCOMING_FEATURE_MEMBER_IMPORT_VISIBILITY = YES;
				SWIFT_VERSION = 5.0;
				TARGETED_DEVICE_FAMILY = "1,2";
				TEST_HOST = "$(BUILT_PRODUCTS_DIR)/Flameworker.app/$(BUNDLE_EXECUTABLE_FOLDER_PATH)/Flameworker";
			};
			name = Debug;
		};
		F55B2F4D2E8F335D00C8059F /* Release */ = {
			isa = XCBuildConfiguration;
			buildSettings = {
				BUNDLE_LOADER = "$(TEST_HOST)";
				CODE_SIGN_STYLE = Automatic;
				CURRENT_PROJECT_VERSION = 1;
				DEVELOPMENT_TEAM = 755FYD4YJY;
				GENERATE_INFOPLIST_FILE = YES;
				IPHONEOS_DEPLOYMENT_TARGET = 26.0;
				MARKETING_VERSION = 1.0;
				PRODUCT_BUNDLE_IDENTIFIER = motleywoods.FlameworkerTests;
				PRODUCT_NAME = "$(TARGET_NAME)";
				SDKROOT = iphoneos;
				STRING_CATALOG_GENERATE_SYMBOLS = NO;
				SWIFT_APPROACHABLE_CONCURRENCY = YES;
				SWIFT_EMIT_LOC_STRINGS = NO;
				SWIFT_UPCOMING_FEATURE_MEMBER_IMPORT_VISIBILITY = YES;
				SWIFT_VERSION = 5.0;
				TARGETED_DEVICE_FAMILY = "1,2";
				TEST_HOST = "$(BUILT_PRODUCTS_DIR)/Flameworker.app/$(BUNDLE_EXECUTABLE_FOLDER_PATH)/Flameworker";
				VALIDATE_PRODUCT = YES;
			};
			name = Release;
		};
		F5A13C732E890147002C0F7A /* Debug */ = {
			isa = XCBuildConfiguration;
			buildSettings = {
				ASSETCATALOG_COMPILER_APPICON_NAME = AppIcon;
				ASSETCATALOG_COMPILER_GLOBAL_ACCENT_COLOR_NAME = AccentColor;
				"CODE_SIGN_IDENTITY[sdk=macosx*]" = "-";
				CODE_SIGN_STYLE = Automatic;
				CURRENT_PROJECT_VERSION = 0.1;
				DEVELOPMENT_TEAM = 755FYD4YJY;
				ENABLE_APP_SANDBOX = YES;
				ENABLE_PREVIEWS = YES;
				ENABLE_USER_SELECTED_FILES = readonly;
				GENERATE_INFOPLIST_FILE = YES;
				INFOPLIST_FILE = Flameworker/Info.plist;
				INFOPLIST_KEY_CFBundleDisplayName = Molten;
				"INFOPLIST_KEY_UIApplicationSceneManifest_Generation[sdk=iphoneos*]" = YES;
				"INFOPLIST_KEY_UIApplicationSceneManifest_Generation[sdk=iphonesimulator*]" = YES;
				"INFOPLIST_KEY_UIApplicationSupportsIndirectInputEvents[sdk=iphoneos*]" = YES;
				"INFOPLIST_KEY_UIApplicationSupportsIndirectInputEvents[sdk=iphonesimulator*]" = YES;
				"INFOPLIST_KEY_UILaunchScreen_Generation[sdk=iphoneos*]" = YES;
				"INFOPLIST_KEY_UILaunchScreen_Generation[sdk=iphonesimulator*]" = YES;
				"INFOPLIST_KEY_UIStatusBarStyle[sdk=iphoneos*]" = UIStatusBarStyleDefault;
				"INFOPLIST_KEY_UIStatusBarStyle[sdk=iphonesimulator*]" = UIStatusBarStyleDefault;
				INFOPLIST_KEY_UISupportedInterfaceOrientations_iPad = "UIInterfaceOrientationPortrait UIInterfaceOrientationPortraitUpsideDown UIInterfaceOrientationLandscapeLeft UIInterfaceOrientationLandscapeRight";
				INFOPLIST_KEY_UISupportedInterfaceOrientations_iPhone = "UIInterfaceOrientationPortrait UIInterfaceOrientationLandscapeLeft UIInterfaceOrientationLandscapeRight";
				IPHONEOS_DEPLOYMENT_TARGET = 26.0;
				LD_RUNPATH_SEARCH_PATHS = "@executable_path/Frameworks";
				"LD_RUNPATH_SEARCH_PATHS[sdk=macosx*]" = "@executable_path/../Frameworks";
				MACOSX_DEPLOYMENT_TARGET = 26.0;
				MARKETING_VERSION = 0.1;
				PRODUCT_BUNDLE_IDENTIFIER = motleywoods.Flameworker;
				PRODUCT_NAME = "$(TARGET_NAME)";
				REGISTER_APP_GROUPS = YES;
				SDKROOT = auto;
				STRING_CATALOG_GENERATE_SYMBOLS = YES;
				SUPPORTED_PLATFORMS = "iphoneos iphonesimulator macosx";
				SUPPORTS_MACCATALYST = NO;
				SWIFT_APPROACHABLE_CONCURRENCY = YES;
				SWIFT_DEFAULT_ACTOR_ISOLATION = MainActor;
				SWIFT_EMIT_LOC_STRINGS = YES;
				SWIFT_UPCOMING_FEATURE_MEMBER_IMPORT_VISIBILITY = YES;
				SWIFT_VERSION = 5.0;
				TARGETED_DEVICE_FAMILY = "1,2";
				XROS_DEPLOYMENT_TARGET = 26.0;
			};
			name = Debug;
		};
		F5A13C742E890147002C0F7A /* Release */ = {
			isa = XCBuildConfiguration;
			buildSettings = {
				ASSETCATALOG_COMPILER_APPICON_NAME = AppIcon;
				ASSETCATALOG_COMPILER_GLOBAL_ACCENT_COLOR_NAME = AccentColor;
				"CODE_SIGN_IDENTITY[sdk=macosx*]" = "-";
				CODE_SIGN_STYLE = Automatic;
				CURRENT_PROJECT_VERSION = 0.1;
				DEVELOPMENT_TEAM = 755FYD4YJY;
				ENABLE_APP_SANDBOX = YES;
				ENABLE_PREVIEWS = YES;
				ENABLE_USER_SELECTED_FILES = readonly;
				GENERATE_INFOPLIST_FILE = YES;
				INFOPLIST_FILE = Flameworker/Info.plist;
				INFOPLIST_KEY_CFBundleDisplayName = Molten;
				"INFOPLIST_KEY_UIApplicationSceneManifest_Generation[sdk=iphoneos*]" = YES;
				"INFOPLIST_KEY_UIApplicationSceneManifest_Generation[sdk=iphonesimulator*]" = YES;
				"INFOPLIST_KEY_UIApplicationSupportsIndirectInputEvents[sdk=iphoneos*]" = YES;
				"INFOPLIST_KEY_UIApplicationSupportsIndirectInputEvents[sdk=iphonesimulator*]" = YES;
				"INFOPLIST_KEY_UILaunchScreen_Generation[sdk=iphoneos*]" = YES;
				"INFOPLIST_KEY_UILaunchScreen_Generation[sdk=iphonesimulator*]" = YES;
				"INFOPLIST_KEY_UIStatusBarStyle[sdk=iphoneos*]" = UIStatusBarStyleDefault;
				"INFOPLIST_KEY_UIStatusBarStyle[sdk=iphonesimulator*]" = UIStatusBarStyleDefault;
				INFOPLIST_KEY_UISupportedInterfaceOrientations_iPad = "UIInterfaceOrientationPortrait UIInterfaceOrientationPortraitUpsideDown UIInterfaceOrientationLandscapeLeft UIInterfaceOrientationLandscapeRight";
				INFOPLIST_KEY_UISupportedInterfaceOrientations_iPhone = "UIInterfaceOrientationPortrait UIInterfaceOrientationLandscapeLeft UIInterfaceOrientationLandscapeRight";
				IPHONEOS_DEPLOYMENT_TARGET = 26.0;
				LD_RUNPATH_SEARCH_PATHS = "@executable_path/Frameworks";
				"LD_RUNPATH_SEARCH_PATHS[sdk=macosx*]" = "@executable_path/../Frameworks";
				MACOSX_DEPLOYMENT_TARGET = 26.0;
				MARKETING_VERSION = 0.1;
				PRODUCT_BUNDLE_IDENTIFIER = motleywoods.Flameworker;
				PRODUCT_NAME = "$(TARGET_NAME)";
				REGISTER_APP_GROUPS = YES;
				SDKROOT = auto;
				STRING_CATALOG_GENERATE_SYMBOLS = YES;
				SUPPORTED_PLATFORMS = "iphoneos iphonesimulator macosx";
				SUPPORTS_MACCATALYST = NO;
				SWIFT_APPROACHABLE_CONCURRENCY = YES;
				SWIFT_DEFAULT_ACTOR_ISOLATION = MainActor;
				SWIFT_EMIT_LOC_STRINGS = YES;
				SWIFT_UPCOMING_FEATURE_MEMBER_IMPORT_VISIBILITY = YES;
				SWIFT_VERSION = 5.0;
				TARGETED_DEVICE_FAMILY = "1,2";
				XROS_DEPLOYMENT_TARGET = 26.0;
			};
			name = Release;
		};
		F5A13C752E890147002C0F7A /* Debug */ = {
			isa = XCBuildConfiguration;
			buildSettings = {
				ALWAYS_SEARCH_USER_PATHS = NO;
				ASSETCATALOG_COMPILER_GENERATE_SWIFT_ASSET_SYMBOL_EXTENSIONS = YES;
				CLANG_ANALYZER_NONNULL = YES;
				CLANG_ANALYZER_NUMBER_OBJECT_CONVERSION = YES_AGGRESSIVE;
				CLANG_CXX_LANGUAGE_STANDARD = "gnu++20";
				CLANG_ENABLE_MODULES = YES;
				CLANG_ENABLE_OBJC_ARC = YES;
				CLANG_ENABLE_OBJC_WEAK = YES;
				CLANG_WARN_BLOCK_CAPTURE_AUTORELEASING = YES;
				CLANG_WARN_BOOL_CONVERSION = YES;
				CLANG_WARN_COMMA = YES;
				CLANG_WARN_CONSTANT_CONVERSION = YES;
				CLANG_WARN_DEPRECATED_OBJC_IMPLEMENTATIONS = YES;
				CLANG_WARN_DIRECT_OBJC_ISA_USAGE = YES_ERROR;
				CLANG_WARN_DOCUMENTATION_COMMENTS = YES;
				CLANG_WARN_EMPTY_BODY = YES;
				CLANG_WARN_ENUM_CONVERSION = YES;
				CLANG_WARN_INFINITE_RECURSION = YES;
				CLANG_WARN_INT_CONVERSION = YES;
				CLANG_WARN_NON_LITERAL_NULL_CONVERSION = YES;
				CLANG_WARN_OBJC_IMPLICIT_RETAIN_SELF = YES;
				CLANG_WARN_OBJC_LITERAL_CONVERSION = YES;
				CLANG_WARN_OBJC_ROOT_CLASS = YES_ERROR;
				CLANG_WARN_QUOTED_INCLUDE_IN_FRAMEWORK_HEADER = YES;
				CLANG_WARN_RANGE_LOOP_ANALYSIS = YES;
				CLANG_WARN_STRICT_PROTOTYPES = YES;
				CLANG_WARN_SUSPICIOUS_MOVE = YES;
				CLANG_WARN_UNGUARDED_AVAILABILITY = YES_AGGRESSIVE;
				CLANG_WARN_UNREACHABLE_CODE = YES;
				CLANG_WARN__DUPLICATE_METHOD_MATCH = YES;
				COPY_PHASE_STRIP = NO;
				DEBUG_INFORMATION_FORMAT = dwarf;
				ENABLE_STRICT_OBJC_MSGSEND = YES;
				ENABLE_TESTABILITY = YES;
				ENABLE_USER_SCRIPT_SANDBOXING = YES;
				GCC_C_LANGUAGE_STANDARD = gnu17;
				GCC_DYNAMIC_NO_PIC = NO;
				GCC_NO_COMMON_BLOCKS = YES;
				GCC_OPTIMIZATION_LEVEL = 0;
				GCC_PREPROCESSOR_DEFINITIONS = (
					"DEBUG=1",
					"$(inherited)",
				);
				GCC_WARN_64_TO_32_BIT_CONVERSION = YES;
				GCC_WARN_ABOUT_RETURN_TYPE = YES_ERROR;
				GCC_WARN_UNDECLARED_SELECTOR = YES;
				GCC_WARN_UNINITIALIZED_AUTOS = YES_AGGRESSIVE;
				GCC_WARN_UNUSED_FUNCTION = YES;
				GCC_WARN_UNUSED_VARIABLE = YES;
				LOCALIZATION_PREFERS_STRING_CATALOGS = YES;
				MTL_ENABLE_DEBUG_INFO = INCLUDE_SOURCE;
				MTL_FAST_MATH = YES;
				ONLY_ACTIVE_ARCH = YES;
				SWIFT_ACTIVE_COMPILATION_CONDITIONS = "DEBUG $(inherited)";
				SWIFT_OPTIMIZATION_LEVEL = "-Onone";
			};
			name = Debug;
		};
		F5A13C762E890147002C0F7A /* Release */ = {
			isa = XCBuildConfiguration;
			buildSettings = {
				ALWAYS_SEARCH_USER_PATHS = NO;
				ASSETCATALOG_COMPILER_GENERATE_SWIFT_ASSET_SYMBOL_EXTENSIONS = YES;
				CLANG_ANALYZER_NONNULL = YES;
				CLANG_ANALYZER_NUMBER_OBJECT_CONVERSION = YES_AGGRESSIVE;
				CLANG_CXX_LANGUAGE_STANDARD = "gnu++20";
				CLANG_ENABLE_MODULES = YES;
				CLANG_ENABLE_OBJC_ARC = YES;
				CLANG_ENABLE_OBJC_WEAK = YES;
				CLANG_WARN_BLOCK_CAPTURE_AUTORELEASING = YES;
				CLANG_WARN_BOOL_CONVERSION = YES;
				CLANG_WARN_COMMA = YES;
				CLANG_WARN_CONSTANT_CONVERSION = YES;
				CLANG_WARN_DEPRECATED_OBJC_IMPLEMENTATIONS = YES;
				CLANG_WARN_DIRECT_OBJC_ISA_USAGE = YES_ERROR;
				CLANG_WARN_DOCUMENTATION_COMMENTS = YES;
				CLANG_WARN_EMPTY_BODY = YES;
				CLANG_WARN_ENUM_CONVERSION = YES;
				CLANG_WARN_INFINITE_RECURSION = YES;
				CLANG_WARN_INT_CONVERSION = YES;
				CLANG_WARN_NON_LITERAL_NULL_CONVERSION = YES;
				CLANG_WARN_OBJC_IMPLICIT_RETAIN_SELF = YES;
				CLANG_WARN_OBJC_LITERAL_CONVERSION = YES;
				CLANG_WARN_OBJC_ROOT_CLASS = YES_ERROR;
				CLANG_WARN_QUOTED_INCLUDE_IN_FRAMEWORK_HEADER = YES;
				CLANG_WARN_RANGE_LOOP_ANALYSIS = YES;
				CLANG_WARN_STRICT_PROTOTYPES = YES;
				CLANG_WARN_SUSPICIOUS_MOVE = YES;
				CLANG_WARN_UNGUARDED_AVAILABILITY = YES_AGGRESSIVE;
				CLANG_WARN_UNREACHABLE_CODE = YES;
				CLANG_WARN__DUPLICATE_METHOD_MATCH = YES;
				COPY_PHASE_STRIP = NO;
				DEBUG_INFORMATION_FORMAT = "dwarf-with-dsym";
				ENABLE_NS_ASSERTIONS = NO;
				ENABLE_STRICT_OBJC_MSGSEND = YES;
				ENABLE_USER_SCRIPT_SANDBOXING = YES;
				GCC_C_LANGUAGE_STANDARD = gnu17;
				GCC_NO_COMMON_BLOCKS = YES;
				GCC_WARN_64_TO_32_BIT_CONVERSION = YES;
				GCC_WARN_ABOUT_RETURN_TYPE = YES_ERROR;
				GCC_WARN_UNDECLARED_SELECTOR = YES;
				GCC_WARN_UNINITIALIZED_AUTOS = YES_AGGRESSIVE;
				GCC_WARN_UNUSED_FUNCTION = YES;
				GCC_WARN_UNUSED_VARIABLE = YES;
				LOCALIZATION_PREFERS_STRING_CATALOGS = YES;
				MTL_ENABLE_DEBUG_INFO = NO;
				MTL_FAST_MATH = YES;
				SWIFT_COMPILATION_MODE = wholemodule;
			};
			name = Release;
		};
		F5D3D63E2E9DCB0100DAA195 /* Debug */ = {
			isa = XCBuildConfiguration;
			buildSettings = {
				BUNDLE_LOADER = "$(TEST_HOST)";
				CODE_SIGN_STYLE = Automatic;
				CURRENT_PROJECT_VERSION = 1;
				DEVELOPMENT_TEAM = 755FYD4YJY;
				GENERATE_INFOPLIST_FILE = YES;
				IPHONEOS_DEPLOYMENT_TARGET = 26.0;
				MARKETING_VERSION = 1.0;
				PRODUCT_BUNDLE_IDENTIFIER = motleywoods.PerformanceTests;
				PRODUCT_NAME = "$(TARGET_NAME)";
				SDKROOT = iphoneos;
				STRING_CATALOG_GENERATE_SYMBOLS = NO;
				SWIFT_APPROACHABLE_CONCURRENCY = YES;
				SWIFT_EMIT_LOC_STRINGS = NO;
				SWIFT_UPCOMING_FEATURE_MEMBER_IMPORT_VISIBILITY = YES;
				SWIFT_VERSION = 5.0;
				TARGETED_DEVICE_FAMILY = "1,2";
				TEST_HOST = "$(BUILT_PRODUCTS_DIR)/Flameworker.app/$(BUNDLE_EXECUTABLE_FOLDER_PATH)/Flameworker";
			};
			name = Debug;
		};
		F5D3D63F2E9DCB0100DAA195 /* Release */ = {
			isa = XCBuildConfiguration;
			buildSettings = {
				BUNDLE_LOADER = "$(TEST_HOST)";
				CODE_SIGN_STYLE = Automatic;
				CURRENT_PROJECT_VERSION = 1;
				DEVELOPMENT_TEAM = 755FYD4YJY;
				GENERATE_INFOPLIST_FILE = YES;
				IPHONEOS_DEPLOYMENT_TARGET = 26.0;
				MARKETING_VERSION = 1.0;
				PRODUCT_BUNDLE_IDENTIFIER = motleywoods.PerformanceTests;
				PRODUCT_NAME = "$(TARGET_NAME)";
				SDKROOT = iphoneos;
				STRING_CATALOG_GENERATE_SYMBOLS = NO;
				SWIFT_APPROACHABLE_CONCURRENCY = YES;
				SWIFT_EMIT_LOC_STRINGS = NO;
				SWIFT_UPCOMING_FEATURE_MEMBER_IMPORT_VISIBILITY = YES;
				SWIFT_VERSION = 5.0;
				TARGETED_DEVICE_FAMILY = "1,2";
				TEST_HOST = "$(BUILT_PRODUCTS_DIR)/Flameworker.app/$(BUNDLE_EXECUTABLE_FOLDER_PATH)/Flameworker";
				VALIDATE_PRODUCT = YES;
			};
			name = Release;
		};
		F5FACB122EA0B4830084A6D0 /* Debug */ = {
			isa = XCBuildConfiguration;
			buildSettings = {
				BUNDLE_LOADER = "$(TEST_HOST)";
				CODE_SIGN_STYLE = Automatic;
				CURRENT_PROJECT_VERSION = 1;
				DEVELOPMENT_TEAM = 755FYD4YJY;
				GENERATE_INFOPLIST_FILE = YES;
				IPHONEOS_DEPLOYMENT_TARGET = 26.0;
				MARKETING_VERSION = 1.0;
				PRODUCT_BUNDLE_IDENTIFIER = motleywoods.RepositoryTests;
				PRODUCT_NAME = "$(TARGET_NAME)";
				SDKROOT = iphoneos;
				STRING_CATALOG_GENERATE_SYMBOLS = NO;
				SWIFT_APPROACHABLE_CONCURRENCY = YES;
				SWIFT_EMIT_LOC_STRINGS = NO;
				SWIFT_UPCOMING_FEATURE_MEMBER_IMPORT_VISIBILITY = YES;
				SWIFT_VERSION = 5.0;
				TARGETED_DEVICE_FAMILY = "1,2";
				TEST_HOST = "$(BUILT_PRODUCTS_DIR)/Flameworker.app/$(BUNDLE_EXECUTABLE_FOLDER_PATH)/Flameworker";
			};
			name = Debug;
		};
		F5FACB132EA0B4830084A6D0 /* Release */ = {
			isa = XCBuildConfiguration;
			buildSettings = {
				BUNDLE_LOADER = "$(TEST_HOST)";
				CODE_SIGN_STYLE = Automatic;
				CURRENT_PROJECT_VERSION = 1;
				DEVELOPMENT_TEAM = 755FYD4YJY;
				GENERATE_INFOPLIST_FILE = YES;
				IPHONEOS_DEPLOYMENT_TARGET = 26.0;
				MARKETING_VERSION = 1.0;
				PRODUCT_BUNDLE_IDENTIFIER = motleywoods.RepositoryTests;
				PRODUCT_NAME = "$(TARGET_NAME)";
				SDKROOT = iphoneos;
				STRING_CATALOG_GENERATE_SYMBOLS = NO;
				SWIFT_APPROACHABLE_CONCURRENCY = YES;
				SWIFT_EMIT_LOC_STRINGS = NO;
				SWIFT_UPCOMING_FEATURE_MEMBER_IMPORT_VISIBILITY = YES;
				SWIFT_VERSION = 5.0;
				TARGETED_DEVICE_FAMILY = "1,2";
				TEST_HOST = "$(BUILT_PRODUCTS_DIR)/Flameworker.app/$(BUNDLE_EXECUTABLE_FOLDER_PATH)/Flameworker";
				VALIDATE_PRODUCT = YES;
			};
			name = Release;
		};
/* End XCBuildConfiguration section */

/* Begin XCConfigurationList section */
		F551A42F2E9DAA1A00C9C2F1 /* Build configuration list for PBXNativeTarget "FlameworkerUITests" */ = {
			isa = XCConfigurationList;
			buildConfigurations = (
				F551A4302E9DAA1A00C9C2F1 /* Debug */,
				F551A4312E9DAA1A00C9C2F1 /* Release */,
			);
			defaultConfigurationIsVisible = 0;
			defaultConfigurationName = Release;
		};
		F55B2F4B2E8F335D00C8059F /* Build configuration list for PBXNativeTarget "FlameworkerTests" */ = {
			isa = XCConfigurationList;
			buildConfigurations = (
				F55B2F4C2E8F335D00C8059F /* Debug */,
				F55B2F4D2E8F335D00C8059F /* Release */,
			);
			defaultConfigurationIsVisible = 0;
			defaultConfigurationName = Release;
		};
		F5A13C462E890146002C0F7A /* Build configuration list for PBXProject "Flameworker" */ = {
			isa = XCConfigurationList;
			buildConfigurations = (
				F5A13C752E890147002C0F7A /* Debug */,
				F5A13C762E890147002C0F7A /* Release */,
			);
			defaultConfigurationIsVisible = 0;
			defaultConfigurationName = Release;
		};
		F5A13C722E890147002C0F7A /* Build configuration list for PBXNativeTarget "Flameworker" */ = {
			isa = XCConfigurationList;
			buildConfigurations = (
				F5A13C732E890147002C0F7A /* Debug */,
				F5A13C742E890147002C0F7A /* Release */,
			);
			defaultConfigurationIsVisible = 0;
			defaultConfigurationName = Release;
		};
		F5D3D63D2E9DCB0100DAA195 /* Build configuration list for PBXNativeTarget "PerformanceTests" */ = {
			isa = XCConfigurationList;
			buildConfigurations = (
				F5D3D63E2E9DCB0100DAA195 /* Debug */,
				F5D3D63F2E9DCB0100DAA195 /* Release */,
			);
			defaultConfigurationIsVisible = 0;
			defaultConfigurationName = Release;
		};
		F5FACB112EA0B4830084A6D0 /* Build configuration list for PBXNativeTarget "RepositoryTests" */ = {
			isa = XCConfigurationList;
			buildConfigurations = (
				F5FACB122EA0B4830084A6D0 /* Debug */,
				F5FACB132EA0B4830084A6D0 /* Release */,
			);
			defaultConfigurationIsVisible = 0;
			defaultConfigurationName = Release;
		};
/* End XCConfigurationList section */
	};
	rootObject = F5A13C432E890146002C0F7A /* Project object */;
}
